// !$*UTF8*$!
{
	archiveVersion = 1;
	classes = {
	};
	objectVersion = 46;
	objects = {

/* Begin PBXBuildFile section */
		BC77C02B1C46017100C15349 /* NSArray+ZDExtend.m in Sources */ = {isa = PBXBuildFile; fileRef = BC77C0131C46017100C15349 /* NSArray+ZDExtend.m */; };
		BC77C02C1C46017100C15349 /* NSObject+DLIntrospection.m in Sources */ = {isa = PBXBuildFile; fileRef = BC77C0151C46017100C15349 /* NSObject+DLIntrospection.m */; };
		BC77C02D1C46017100C15349 /* NSObject+RZBlockKVO.m in Sources */ = {isa = PBXBuildFile; fileRef = BC77C0171C46017100C15349 /* NSObject+RZBlockKVO.m */; };
		BC77C02E1C46017100C15349 /* NSObject+ZDDealloc.m in Sources */ = {isa = PBXBuildFile; fileRef = BC77C0191C46017100C15349 /* NSObject+ZDDealloc.m */; };
		BC77C02F1C46017100C15349 /* NSString+ZDUtility.m in Sources */ = {isa = PBXBuildFile; fileRef = BC77C01B1C46017100C15349 /* NSString+ZDUtility.m */; };
		BC77C0301C46017100C15349 /* UIColor+ZDUtility.m in Sources */ = {isa = PBXBuildFile; fileRef = BC77C01E1C46017100C15349 /* UIColor+ZDUtility.m */; };
		BC77C0311C46017100C15349 /* UIImage+ZDUtility.m in Sources */ = {isa = PBXBuildFile; fileRef = BC77C0201C46017100C15349 /* UIImage+ZDUtility.m */; };
		BC77C0321C46017100C15349 /* UIImageView+FaceAwareFill.m in Sources */ = {isa = PBXBuildFile; fileRef = BC77C0221C46017100C15349 /* UIImageView+FaceAwareFill.m */; };
		BC77C0331C46017100C15349 /* UIImageView+ZDUtility.m in Sources */ = {isa = PBXBuildFile; fileRef = BC77C0241C46017100C15349 /* UIImageView+ZDUtility.m */; };
		BC77C0341C46017100C15349 /* UIView+ZDUtility.m in Sources */ = {isa = PBXBuildFile; fileRef = BC77C0261C46017100C15349 /* UIView+ZDUtility.m */; };
		BC77C0351C46017100C15349 /* UIViewController+ZDBackButtonHandler.m in Sources */ = {isa = PBXBuildFile; fileRef = BC77C0281C46017100C15349 /* UIViewController+ZDBackButtonHandler.m */; };
		BC77C0361C46017100C15349 /* UIWebView+ZDUtility.m in Sources */ = {isa = PBXBuildFile; fileRef = BC77C02A1C46017100C15349 /* UIWebView+ZDUtility.m */; };
		BC8A8F931BFD883200EBA9B7 /* MAKVONotificationCenter.m in Sources */ = {isa = PBXBuildFile; fileRef = BC8A8F921BFD883200EBA9B7 /* MAKVONotificationCenter.m */; };
		BC9B1D2B1B50FB8B002C6C5B /* main.m in Sources */ = {isa = PBXBuildFile; fileRef = BC9B1D2A1B50FB8B002C6C5B /* main.m */; };
		BC9B1D2E1B50FB8B002C6C5B /* AppDelegate.m in Sources */ = {isa = PBXBuildFile; fileRef = BC9B1D2D1B50FB8B002C6C5B /* AppDelegate.m */; };
		BC9B1D311B50FB8B002C6C5B /* ViewController.m in Sources */ = {isa = PBXBuildFile; fileRef = BC9B1D301B50FB8B002C6C5B /* ViewController.m */; };
		BC9B1D341B50FB8B002C6C5B /* Main.storyboard in Resources */ = {isa = PBXBuildFile; fileRef = BC9B1D321B50FB8B002C6C5B /* Main.storyboard */; };
		BC9B1D361B50FB8B002C6C5B /* Images.xcassets in Resources */ = {isa = PBXBuildFile; fileRef = BC9B1D351B50FB8B002C6C5B /* Images.xcassets */; };
		BC9B1D391B50FB8B002C6C5B /* LaunchScreen.xib in Resources */ = {isa = PBXBuildFile; fileRef = BC9B1D371B50FB8B002C6C5B /* LaunchScreen.xib */; };
		BC9B1D451B50FB8B002C6C5B /* ZDUtilityTests.m in Sources */ = {isa = PBXBuildFile; fileRef = BC9B1D441B50FB8B002C6C5B /* ZDUtilityTests.m */; };
		BCAD0E7F1C04442400A9CF03 /* ZDSafe.m in Sources */ = {isa = PBXBuildFile; fileRef = BCAD0E7C1C04442400A9CF03 /* ZDSafe.m */; settings = {COMPILER_FLAGS = "-fno-objc-arc"; }; };
		BCAD0E801C04442400A9CF03 /* ZDTools.m in Sources */ = {isa = PBXBuildFile; fileRef = BCAD0E7E1C04442400A9CF03 /* ZDTools.m */; };
		BCB96D891C3E2FE400D9BACA /* ZDWeakProxy.m in Sources */ = {isa = PBXBuildFile; fileRef = BCB96D881C3E2FE400D9BACA /* ZDWeakProxy.m */; };
		BCD0AB841BF9F05400815393 /* UIView+AutoFlowLayout.m in Sources */ = {isa = PBXBuildFile; fileRef = BCD0AB3C1BF9F05400815393 /* UIView+AutoFlowLayout.m */; };
		BCD0AB851BF9F05400815393 /* UIView+AutoLayout.m in Sources */ = {isa = PBXBuildFile; fileRef = BCD0AB3E1BF9F05400815393 /* UIView+AutoLayout.m */; };
		BCD0AB861BF9F05400815393 /* UIView+FDCollapsibleConstraints.m in Sources */ = {isa = PBXBuildFile; fileRef = BCD0AB401BF9F05400815393 /* UIView+FDCollapsibleConstraints.m */; };
		BCD0AB871BF9F05400815393 /* UIView+RZAutoLayoutHelpers.m in Sources */ = {isa = PBXBuildFile; fileRef = BCD0AB421BF9F05400815393 /* UIView+RZAutoLayoutHelpers.m */; };
		BCD0AB881BF9F05400815393 /* NSArray+BlocksKit.m in Sources */ = {isa = PBXBuildFile; fileRef = BCD0AB461BF9F05400815393 /* NSArray+BlocksKit.m */; };
		BCD0AB891BF9F05400815393 /* NSDictionary+BlocksKit.m in Sources */ = {isa = PBXBuildFile; fileRef = BCD0AB481BF9F05400815393 /* NSDictionary+BlocksKit.m */; };
		BCD0AB8A1BF9F05400815393 /* NSIndexSet+BlocksKit.m in Sources */ = {isa = PBXBuildFile; fileRef = BCD0AB4A1BF9F05400815393 /* NSIndexSet+BlocksKit.m */; };
		BCD0AB8B1BF9F05400815393 /* NSInvocation+BlocksKit.m in Sources */ = {isa = PBXBuildFile; fileRef = BCD0AB4C1BF9F05400815393 /* NSInvocation+BlocksKit.m */; };
		BCD0AB8C1BF9F05400815393 /* NSMapTable+BlocksKit.m in Sources */ = {isa = PBXBuildFile; fileRef = BCD0AB4E1BF9F05400815393 /* NSMapTable+BlocksKit.m */; };
		BCD0AB8D1BF9F05400815393 /* NSMutableArray+BlocksKit.m in Sources */ = {isa = PBXBuildFile; fileRef = BCD0AB501BF9F05400815393 /* NSMutableArray+BlocksKit.m */; };
		BCD0AB8E1BF9F05400815393 /* NSMutableDictionary+BlocksKit.m in Sources */ = {isa = PBXBuildFile; fileRef = BCD0AB521BF9F05400815393 /* NSMutableDictionary+BlocksKit.m */; };
		BCD0AB8F1BF9F05400815393 /* NSMutableIndexSet+BlocksKit.m in Sources */ = {isa = PBXBuildFile; fileRef = BCD0AB541BF9F05400815393 /* NSMutableIndexSet+BlocksKit.m */; };
		BCD0AB901BF9F05400815393 /* NSMutableOrderedSet+BlocksKit.m in Sources */ = {isa = PBXBuildFile; fileRef = BCD0AB561BF9F05400815393 /* NSMutableOrderedSet+BlocksKit.m */; };
		BCD0AB911BF9F05400815393 /* NSMutableSet+BlocksKit.m in Sources */ = {isa = PBXBuildFile; fileRef = BCD0AB581BF9F05400815393 /* NSMutableSet+BlocksKit.m */; };
		BCD0AB921BF9F05400815393 /* NSObject+BKAssociatedObjects.m in Sources */ = {isa = PBXBuildFile; fileRef = BCD0AB5A1BF9F05400815393 /* NSObject+BKAssociatedObjects.m */; };
		BCD0AB931BF9F05400815393 /* NSObject+BKBlockExecution.m in Sources */ = {isa = PBXBuildFile; fileRef = BCD0AB5C1BF9F05400815393 /* NSObject+BKBlockExecution.m */; };
		BCD0AB941BF9F05400815393 /* NSObject+BKBlockObservation.m in Sources */ = {isa = PBXBuildFile; fileRef = BCD0AB5E1BF9F05400815393 /* NSObject+BKBlockObservation.m */; };
		BCD0AB951BF9F05400815393 /* NSOrderedSet+BlocksKit.m in Sources */ = {isa = PBXBuildFile; fileRef = BCD0AB601BF9F05400815393 /* NSOrderedSet+BlocksKit.m */; };
		BCD0AB961BF9F05400815393 /* NSSet+BlocksKit.m in Sources */ = {isa = PBXBuildFile; fileRef = BCD0AB621BF9F05400815393 /* NSSet+BlocksKit.m */; };
		BCD0AB971BF9F05400815393 /* NSTimer+BlocksKit.m in Sources */ = {isa = PBXBuildFile; fileRef = BCD0AB641BF9F05400815393 /* NSTimer+BlocksKit.m */; };
		BCD0AB9B1BF9F05400815393 /* JRSwizzle.m in Sources */ = {isa = PBXBuildFile; fileRef = BCD0AB721BF9F05400815393 /* JRSwizzle.m */; };
		BCD0AB9C1BF9F05400815393 /* NOBRuntime.m in Sources */ = {isa = PBXBuildFile; fileRef = BCD0AB741BF9F05400815393 /* NOBRuntime.m */; };
		BCD0AB9D1BF9F05400815393 /* NSObject+ZDRuntime.m in Sources */ = {isa = PBXBuildFile; fileRef = BCD0AB761BF9F05400815393 /* NSObject+ZDRuntime.m */; };
		BCD0ABA11BF9F05400815393 /* OnePasswordExtension.m in Sources */ = {isa = PBXBuildFile; fileRef = BCD0AB7F1BF9F05400815393 /* OnePasswordExtension.m */; };
		BCD0ABA21BF9F05400815393 /* ZDFileManager.m in Sources */ = {isa = PBXBuildFile; fileRef = BCD0AB811BF9F05400815393 /* ZDFileManager.m */; };
		BCD0ABA31BF9F05400815393 /* ZDFunction.m in Sources */ = {isa = PBXBuildFile; fileRef = BCD0AB831BF9F05400815393 /* ZDFunction.m */; };
		BCF73A651C11B18E000FA0F8 /* RZAutolayoutLabel.m in Sources */ = {isa = PBXBuildFile; fileRef = BCF73A641C11B18E000FA0F8 /* RZAutolayoutLabel.m */; };
/* End PBXBuildFile section */

/* Begin PBXContainerItemProxy section */
		BC9B1D3F1B50FB8B002C6C5B /* PBXContainerItemProxy */ = {
			isa = PBXContainerItemProxy;
			containerPortal = BC9B1D1D1B50FB8B002C6C5B /* Project object */;
			proxyType = 1;
			remoteGlobalIDString = BC9B1D241B50FB8B002C6C5B;
			remoteInfo = ZDUtility;
		};
/* End PBXContainerItemProxy section */

/* Begin PBXFileReference section */
		BC77C0121C46017100C15349 /* NSArray+ZDExtend.h */ = {isa = PBXFileReference; fileEncoding = 4; lastKnownFileType = sourcecode.c.h; path = "NSArray+ZDExtend.h"; sourceTree = "<group>"; };
		BC77C0131C46017100C15349 /* NSArray+ZDExtend.m */ = {isa = PBXFileReference; fileEncoding = 4; lastKnownFileType = sourcecode.c.objc; path = "NSArray+ZDExtend.m"; sourceTree = "<group>"; };
		BC77C0141C46017100C15349 /* NSObject+DLIntrospection.h */ = {isa = PBXFileReference; fileEncoding = 4; lastKnownFileType = sourcecode.c.h; path = "NSObject+DLIntrospection.h"; sourceTree = "<group>"; };
		BC77C0151C46017100C15349 /* NSObject+DLIntrospection.m */ = {isa = PBXFileReference; fileEncoding = 4; lastKnownFileType = sourcecode.c.objc; path = "NSObject+DLIntrospection.m"; sourceTree = "<group>"; };
		BC77C0161C46017100C15349 /* NSObject+RZBlockKVO.h */ = {isa = PBXFileReference; fileEncoding = 4; lastKnownFileType = sourcecode.c.h; path = "NSObject+RZBlockKVO.h"; sourceTree = "<group>"; };
		BC77C0171C46017100C15349 /* NSObject+RZBlockKVO.m */ = {isa = PBXFileReference; fileEncoding = 4; lastKnownFileType = sourcecode.c.objc; path = "NSObject+RZBlockKVO.m"; sourceTree = "<group>"; };
		BC77C0181C46017100C15349 /* NSObject+ZDDealloc.h */ = {isa = PBXFileReference; fileEncoding = 4; lastKnownFileType = sourcecode.c.h; path = "NSObject+ZDDealloc.h"; sourceTree = "<group>"; };
		BC77C0191C46017100C15349 /* NSObject+ZDDealloc.m */ = {isa = PBXFileReference; fileEncoding = 4; lastKnownFileType = sourcecode.c.objc; path = "NSObject+ZDDealloc.m"; sourceTree = "<group>"; };
		BC77C01A1C46017100C15349 /* NSString+ZDUtility.h */ = {isa = PBXFileReference; fileEncoding = 4; lastKnownFileType = sourcecode.c.h; path = "NSString+ZDUtility.h"; sourceTree = "<group>"; };
		BC77C01B1C46017100C15349 /* NSString+ZDUtility.m */ = {isa = PBXFileReference; fileEncoding = 4; lastKnownFileType = sourcecode.c.objc; path = "NSString+ZDUtility.m"; sourceTree = "<group>"; };
		BC77C01D1C46017100C15349 /* UIColor+ZDUtility.h */ = {isa = PBXFileReference; fileEncoding = 4; lastKnownFileType = sourcecode.c.h; path = "UIColor+ZDUtility.h"; sourceTree = "<group>"; };
		BC77C01E1C46017100C15349 /* UIColor+ZDUtility.m */ = {isa = PBXFileReference; fileEncoding = 4; lastKnownFileType = sourcecode.c.objc; path = "UIColor+ZDUtility.m"; sourceTree = "<group>"; };
		BC77C01F1C46017100C15349 /* UIImage+ZDUtility.h */ = {isa = PBXFileReference; fileEncoding = 4; lastKnownFileType = sourcecode.c.h; path = "UIImage+ZDUtility.h"; sourceTree = "<group>"; };
		BC77C0201C46017100C15349 /* UIImage+ZDUtility.m */ = {isa = PBXFileReference; fileEncoding = 4; lastKnownFileType = sourcecode.c.objc; path = "UIImage+ZDUtility.m"; sourceTree = "<group>"; };
		BC77C0211C46017100C15349 /* UIImageView+FaceAwareFill.h */ = {isa = PBXFileReference; fileEncoding = 4; lastKnownFileType = sourcecode.c.h; path = "UIImageView+FaceAwareFill.h"; sourceTree = "<group>"; };
		BC77C0221C46017100C15349 /* UIImageView+FaceAwareFill.m */ = {isa = PBXFileReference; fileEncoding = 4; lastKnownFileType = sourcecode.c.objc; path = "UIImageView+FaceAwareFill.m"; sourceTree = "<group>"; };
		BC77C0231C46017100C15349 /* UIImageView+ZDUtility.h */ = {isa = PBXFileReference; fileEncoding = 4; lastKnownFileType = sourcecode.c.h; path = "UIImageView+ZDUtility.h"; sourceTree = "<group>"; };
		BC77C0241C46017100C15349 /* UIImageView+ZDUtility.m */ = {isa = PBXFileReference; fileEncoding = 4; lastKnownFileType = sourcecode.c.objc; path = "UIImageView+ZDUtility.m"; sourceTree = "<group>"; };
		BC77C0251C46017100C15349 /* UIView+ZDUtility.h */ = {isa = PBXFileReference; fileEncoding = 4; lastKnownFileType = sourcecode.c.h; path = "UIView+ZDUtility.h"; sourceTree = "<group>"; };
		BC77C0261C46017100C15349 /* UIView+ZDUtility.m */ = {isa = PBXFileReference; fileEncoding = 4; lastKnownFileType = sourcecode.c.objc; path = "UIView+ZDUtility.m"; sourceTree = "<group>"; };
		BC77C0271C46017100C15349 /* UIViewController+ZDBackButtonHandler.h */ = {isa = PBXFileReference; fileEncoding = 4; lastKnownFileType = sourcecode.c.h; path = "UIViewController+ZDBackButtonHandler.h"; sourceTree = "<group>"; };
		BC77C0281C46017100C15349 /* UIViewController+ZDBackButtonHandler.m */ = {isa = PBXFileReference; fileEncoding = 4; lastKnownFileType = sourcecode.c.objc; path = "UIViewController+ZDBackButtonHandler.m"; sourceTree = "<group>"; };
		BC77C0291C46017100C15349 /* UIWebView+ZDUtility.h */ = {isa = PBXFileReference; fileEncoding = 4; lastKnownFileType = sourcecode.c.h; path = "UIWebView+ZDUtility.h"; sourceTree = "<group>"; };
		BC77C02A1C46017100C15349 /* UIWebView+ZDUtility.m */ = {isa = PBXFileReference; fileEncoding = 4; lastKnownFileType = sourcecode.c.objc; path = "UIWebView+ZDUtility.m"; sourceTree = "<group>"; };
		BC8A8F911BFD883200EBA9B7 /* MAKVONotificationCenter.h */ = {isa = PBXFileReference; fileEncoding = 4; lastKnownFileType = sourcecode.c.h; path = MAKVONotificationCenter.h; sourceTree = "<group>"; };
		BC8A8F921BFD883200EBA9B7 /* MAKVONotificationCenter.m */ = {isa = PBXFileReference; fileEncoding = 4; lastKnownFileType = sourcecode.c.objc; path = MAKVONotificationCenter.m; sourceTree = "<group>"; };
		BC9B1D251B50FB8B002C6C5B /* ZDUtility.app */ = {isa = PBXFileReference; explicitFileType = wrapper.application; includeInIndex = 0; path = ZDUtility.app; sourceTree = BUILT_PRODUCTS_DIR; };
		BC9B1D291B50FB8B002C6C5B /* Info.plist */ = {isa = PBXFileReference; lastKnownFileType = text.plist.xml; path = Info.plist; sourceTree = "<group>"; };
		BC9B1D2A1B50FB8B002C6C5B /* main.m */ = {isa = PBXFileReference; lastKnownFileType = sourcecode.c.objc; path = main.m; sourceTree = "<group>"; };
		BC9B1D2C1B50FB8B002C6C5B /* AppDelegate.h */ = {isa = PBXFileReference; lastKnownFileType = sourcecode.c.h; path = AppDelegate.h; sourceTree = "<group>"; };
		BC9B1D2D1B50FB8B002C6C5B /* AppDelegate.m */ = {isa = PBXFileReference; lastKnownFileType = sourcecode.c.objc; path = AppDelegate.m; sourceTree = "<group>"; };
		BC9B1D2F1B50FB8B002C6C5B /* ViewController.h */ = {isa = PBXFileReference; lastKnownFileType = sourcecode.c.h; path = ViewController.h; sourceTree = "<group>"; };
		BC9B1D301B50FB8B002C6C5B /* ViewController.m */ = {isa = PBXFileReference; lastKnownFileType = sourcecode.c.objc; path = ViewController.m; sourceTree = "<group>"; };
		BC9B1D331B50FB8B002C6C5B /* Base */ = {isa = PBXFileReference; lastKnownFileType = file.storyboard; name = Base; path = Base.lproj/Main.storyboard; sourceTree = "<group>"; };
		BC9B1D351B50FB8B002C6C5B /* Images.xcassets */ = {isa = PBXFileReference; lastKnownFileType = folder.assetcatalog; path = Images.xcassets; sourceTree = "<group>"; };
		BC9B1D381B50FB8B002C6C5B /* Base */ = {isa = PBXFileReference; lastKnownFileType = file.xib; name = Base; path = Base.lproj/LaunchScreen.xib; sourceTree = "<group>"; };
		BC9B1D3E1B50FB8B002C6C5B /* ZDUtilityTests.xctest */ = {isa = PBXFileReference; explicitFileType = wrapper.cfbundle; includeInIndex = 0; path = ZDUtilityTests.xctest; sourceTree = BUILT_PRODUCTS_DIR; };
		BC9B1D431B50FB8B002C6C5B /* Info.plist */ = {isa = PBXFileReference; lastKnownFileType = text.plist.xml; path = Info.plist; sourceTree = "<group>"; };
		BC9B1D441B50FB8B002C6C5B /* ZDUtilityTests.m */ = {isa = PBXFileReference; lastKnownFileType = sourcecode.c.objc; path = ZDUtilityTests.m; sourceTree = "<group>"; };
		BCAD0E7B1C04442400A9CF03 /* ZDSafe.h */ = {isa = PBXFileReference; fileEncoding = 4; lastKnownFileType = sourcecode.c.h; path = ZDSafe.h; sourceTree = "<group>"; };
		BCAD0E7C1C04442400A9CF03 /* ZDSafe.m */ = {isa = PBXFileReference; fileEncoding = 4; lastKnownFileType = sourcecode.c.objc; path = ZDSafe.m; sourceTree = "<group>"; };
		BCAD0E7D1C04442400A9CF03 /* ZDTools.h */ = {isa = PBXFileReference; fileEncoding = 4; lastKnownFileType = sourcecode.c.h; path = ZDTools.h; sourceTree = "<group>"; };
		BCAD0E7E1C04442400A9CF03 /* ZDTools.m */ = {isa = PBXFileReference; fileEncoding = 4; lastKnownFileType = sourcecode.c.objc; path = ZDTools.m; sourceTree = "<group>"; };
		BCB96D871C3E2FE400D9BACA /* ZDWeakProxy.h */ = {isa = PBXFileReference; fileEncoding = 4; lastKnownFileType = sourcecode.c.h; path = ZDWeakProxy.h; sourceTree = "<group>"; };
		BCB96D881C3E2FE400D9BACA /* ZDWeakProxy.m */ = {isa = PBXFileReference; fileEncoding = 4; lastKnownFileType = sourcecode.c.objc; path = ZDWeakProxy.m; sourceTree = "<group>"; };
		BCD0AB3B1BF9F05400815393 /* UIView+AutoFlowLayout.h */ = {isa = PBXFileReference; fileEncoding = 4; lastKnownFileType = sourcecode.c.h; path = "UIView+AutoFlowLayout.h"; sourceTree = "<group>"; };
		BCD0AB3C1BF9F05400815393 /* UIView+AutoFlowLayout.m */ = {isa = PBXFileReference; fileEncoding = 4; lastKnownFileType = sourcecode.c.objc; path = "UIView+AutoFlowLayout.m"; sourceTree = "<group>"; };
		BCD0AB3D1BF9F05400815393 /* UIView+AutoLayout.h */ = {isa = PBXFileReference; fileEncoding = 4; lastKnownFileType = sourcecode.c.h; path = "UIView+AutoLayout.h"; sourceTree = "<group>"; };
		BCD0AB3E1BF9F05400815393 /* UIView+AutoLayout.m */ = {isa = PBXFileReference; fileEncoding = 4; lastKnownFileType = sourcecode.c.objc; path = "UIView+AutoLayout.m"; sourceTree = "<group>"; };
		BCD0AB3F1BF9F05400815393 /* UIView+FDCollapsibleConstraints.h */ = {isa = PBXFileReference; fileEncoding = 4; lastKnownFileType = sourcecode.c.h; path = "UIView+FDCollapsibleConstraints.h"; sourceTree = "<group>"; };
		BCD0AB401BF9F05400815393 /* UIView+FDCollapsibleConstraints.m */ = {isa = PBXFileReference; fileEncoding = 4; lastKnownFileType = sourcecode.c.objc; path = "UIView+FDCollapsibleConstraints.m"; sourceTree = "<group>"; };
		BCD0AB411BF9F05400815393 /* UIView+RZAutoLayoutHelpers.h */ = {isa = PBXFileReference; fileEncoding = 4; lastKnownFileType = sourcecode.c.h; path = "UIView+RZAutoLayoutHelpers.h"; sourceTree = "<group>"; };
		BCD0AB421BF9F05400815393 /* UIView+RZAutoLayoutHelpers.m */ = {isa = PBXFileReference; fileEncoding = 4; lastKnownFileType = sourcecode.c.objc; path = "UIView+RZAutoLayoutHelpers.m"; sourceTree = "<group>"; };
		BCD0AB441BF9F05400815393 /* BKMacros.h */ = {isa = PBXFileReference; fileEncoding = 4; lastKnownFileType = sourcecode.c.h; path = BKMacros.h; sourceTree = "<group>"; };
		BCD0AB451BF9F05400815393 /* NSArray+BlocksKit.h */ = {isa = PBXFileReference; fileEncoding = 4; lastKnownFileType = sourcecode.c.h; path = "NSArray+BlocksKit.h"; sourceTree = "<group>"; };
		BCD0AB461BF9F05400815393 /* NSArray+BlocksKit.m */ = {isa = PBXFileReference; fileEncoding = 4; lastKnownFileType = sourcecode.c.objc; path = "NSArray+BlocksKit.m"; sourceTree = "<group>"; };
		BCD0AB471BF9F05400815393 /* NSDictionary+BlocksKit.h */ = {isa = PBXFileReference; fileEncoding = 4; lastKnownFileType = sourcecode.c.h; path = "NSDictionary+BlocksKit.h"; sourceTree = "<group>"; };
		BCD0AB481BF9F05400815393 /* NSDictionary+BlocksKit.m */ = {isa = PBXFileReference; fileEncoding = 4; lastKnownFileType = sourcecode.c.objc; path = "NSDictionary+BlocksKit.m"; sourceTree = "<group>"; };
		BCD0AB491BF9F05400815393 /* NSIndexSet+BlocksKit.h */ = {isa = PBXFileReference; fileEncoding = 4; lastKnownFileType = sourcecode.c.h; path = "NSIndexSet+BlocksKit.h"; sourceTree = "<group>"; };
		BCD0AB4A1BF9F05400815393 /* NSIndexSet+BlocksKit.m */ = {isa = PBXFileReference; fileEncoding = 4; lastKnownFileType = sourcecode.c.objc; path = "NSIndexSet+BlocksKit.m"; sourceTree = "<group>"; };
		BCD0AB4B1BF9F05400815393 /* NSInvocation+BlocksKit.h */ = {isa = PBXFileReference; fileEncoding = 4; lastKnownFileType = sourcecode.c.h; path = "NSInvocation+BlocksKit.h"; sourceTree = "<group>"; };
		BCD0AB4C1BF9F05400815393 /* NSInvocation+BlocksKit.m */ = {isa = PBXFileReference; fileEncoding = 4; lastKnownFileType = sourcecode.c.objc; path = "NSInvocation+BlocksKit.m"; sourceTree = "<group>"; };
		BCD0AB4D1BF9F05400815393 /* NSMapTable+BlocksKit.h */ = {isa = PBXFileReference; fileEncoding = 4; lastKnownFileType = sourcecode.c.h; path = "NSMapTable+BlocksKit.h"; sourceTree = "<group>"; };
		BCD0AB4E1BF9F05400815393 /* NSMapTable+BlocksKit.m */ = {isa = PBXFileReference; fileEncoding = 4; lastKnownFileType = sourcecode.c.objc; path = "NSMapTable+BlocksKit.m"; sourceTree = "<group>"; };
		BCD0AB4F1BF9F05400815393 /* NSMutableArray+BlocksKit.h */ = {isa = PBXFileReference; fileEncoding = 4; lastKnownFileType = sourcecode.c.h; path = "NSMutableArray+BlocksKit.h"; sourceTree = "<group>"; };
		BCD0AB501BF9F05400815393 /* NSMutableArray+BlocksKit.m */ = {isa = PBXFileReference; fileEncoding = 4; lastKnownFileType = sourcecode.c.objc; path = "NSMutableArray+BlocksKit.m"; sourceTree = "<group>"; };
		BCD0AB511BF9F05400815393 /* NSMutableDictionary+BlocksKit.h */ = {isa = PBXFileReference; fileEncoding = 4; lastKnownFileType = sourcecode.c.h; path = "NSMutableDictionary+BlocksKit.h"; sourceTree = "<group>"; };
		BCD0AB521BF9F05400815393 /* NSMutableDictionary+BlocksKit.m */ = {isa = PBXFileReference; fileEncoding = 4; lastKnownFileType = sourcecode.c.objc; path = "NSMutableDictionary+BlocksKit.m"; sourceTree = "<group>"; };
		BCD0AB531BF9F05400815393 /* NSMutableIndexSet+BlocksKit.h */ = {isa = PBXFileReference; fileEncoding = 4; lastKnownFileType = sourcecode.c.h; path = "NSMutableIndexSet+BlocksKit.h"; sourceTree = "<group>"; };
		BCD0AB541BF9F05400815393 /* NSMutableIndexSet+BlocksKit.m */ = {isa = PBXFileReference; fileEncoding = 4; lastKnownFileType = sourcecode.c.objc; path = "NSMutableIndexSet+BlocksKit.m"; sourceTree = "<group>"; };
		BCD0AB551BF9F05400815393 /* NSMutableOrderedSet+BlocksKit.h */ = {isa = PBXFileReference; fileEncoding = 4; lastKnownFileType = sourcecode.c.h; path = "NSMutableOrderedSet+BlocksKit.h"; sourceTree = "<group>"; };
		BCD0AB561BF9F05400815393 /* NSMutableOrderedSet+BlocksKit.m */ = {isa = PBXFileReference; fileEncoding = 4; lastKnownFileType = sourcecode.c.objc; path = "NSMutableOrderedSet+BlocksKit.m"; sourceTree = "<group>"; };
		BCD0AB571BF9F05400815393 /* NSMutableSet+BlocksKit.h */ = {isa = PBXFileReference; fileEncoding = 4; lastKnownFileType = sourcecode.c.h; path = "NSMutableSet+BlocksKit.h"; sourceTree = "<group>"; };
		BCD0AB581BF9F05400815393 /* NSMutableSet+BlocksKit.m */ = {isa = PBXFileReference; fileEncoding = 4; lastKnownFileType = sourcecode.c.objc; path = "NSMutableSet+BlocksKit.m"; sourceTree = "<group>"; };
		BCD0AB591BF9F05400815393 /* NSObject+BKAssociatedObjects.h */ = {isa = PBXFileReference; fileEncoding = 4; lastKnownFileType = sourcecode.c.h; path = "NSObject+BKAssociatedObjects.h"; sourceTree = "<group>"; };
		BCD0AB5A1BF9F05400815393 /* NSObject+BKAssociatedObjects.m */ = {isa = PBXFileReference; fileEncoding = 4; lastKnownFileType = sourcecode.c.objc; path = "NSObject+BKAssociatedObjects.m"; sourceTree = "<group>"; };
		BCD0AB5B1BF9F05400815393 /* NSObject+BKBlockExecution.h */ = {isa = PBXFileReference; fileEncoding = 4; lastKnownFileType = sourcecode.c.h; path = "NSObject+BKBlockExecution.h"; sourceTree = "<group>"; };
		BCD0AB5C1BF9F05400815393 /* NSObject+BKBlockExecution.m */ = {isa = PBXFileReference; fileEncoding = 4; lastKnownFileType = sourcecode.c.objc; path = "NSObject+BKBlockExecution.m"; sourceTree = "<group>"; };
		BCD0AB5D1BF9F05400815393 /* NSObject+BKBlockObservation.h */ = {isa = PBXFileReference; fileEncoding = 4; lastKnownFileType = sourcecode.c.h; path = "NSObject+BKBlockObservation.h"; sourceTree = "<group>"; };
		BCD0AB5E1BF9F05400815393 /* NSObject+BKBlockObservation.m */ = {isa = PBXFileReference; fileEncoding = 4; lastKnownFileType = sourcecode.c.objc; path = "NSObject+BKBlockObservation.m"; sourceTree = "<group>"; };
		BCD0AB5F1BF9F05400815393 /* NSOrderedSet+BlocksKit.h */ = {isa = PBXFileReference; fileEncoding = 4; lastKnownFileType = sourcecode.c.h; path = "NSOrderedSet+BlocksKit.h"; sourceTree = "<group>"; };
		BCD0AB601BF9F05400815393 /* NSOrderedSet+BlocksKit.m */ = {isa = PBXFileReference; fileEncoding = 4; lastKnownFileType = sourcecode.c.objc; path = "NSOrderedSet+BlocksKit.m"; sourceTree = "<group>"; };
		BCD0AB611BF9F05400815393 /* NSSet+BlocksKit.h */ = {isa = PBXFileReference; fileEncoding = 4; lastKnownFileType = sourcecode.c.h; path = "NSSet+BlocksKit.h"; sourceTree = "<group>"; };
		BCD0AB621BF9F05400815393 /* NSSet+BlocksKit.m */ = {isa = PBXFileReference; fileEncoding = 4; lastKnownFileType = sourcecode.c.objc; path = "NSSet+BlocksKit.m"; sourceTree = "<group>"; };
		BCD0AB631BF9F05400815393 /* NSTimer+BlocksKit.h */ = {isa = PBXFileReference; fileEncoding = 4; lastKnownFileType = sourcecode.c.h; path = "NSTimer+BlocksKit.h"; sourceTree = "<group>"; };
		BCD0AB641BF9F05400815393 /* NSTimer+BlocksKit.m */ = {isa = PBXFileReference; fileEncoding = 4; lastKnownFileType = sourcecode.c.objc; path = "NSTimer+BlocksKit.m"; sourceTree = "<group>"; };
		BCD0AB6D1BF9F05400815393 /* RACEXTScope.h */ = {isa = PBXFileReference; fileEncoding = 4; lastKnownFileType = sourcecode.c.h; path = RACEXTScope.h; sourceTree = "<group>"; };
		BCD0AB6E1BF9F05400815393 /* RACmetamacros.h */ = {isa = PBXFileReference; fileEncoding = 4; lastKnownFileType = sourcecode.c.h; path = RACmetamacros.h; sourceTree = "<group>"; };
		BCD0AB6F1BF9F05400815393 /* ZDDefine.h */ = {isa = PBXFileReference; fileEncoding = 4; lastKnownFileType = sourcecode.c.h; path = ZDDefine.h; sourceTree = "<group>"; };
		BCD0AB711BF9F05400815393 /* JRSwizzle.h */ = {isa = PBXFileReference; fileEncoding = 4; lastKnownFileType = sourcecode.c.h; path = JRSwizzle.h; sourceTree = "<group>"; };
		BCD0AB721BF9F05400815393 /* JRSwizzle.m */ = {isa = PBXFileReference; fileEncoding = 4; lastKnownFileType = sourcecode.c.objc; path = JRSwizzle.m; sourceTree = "<group>"; };
		BCD0AB731BF9F05400815393 /* NOBRuntime.h */ = {isa = PBXFileReference; fileEncoding = 4; lastKnownFileType = sourcecode.c.h; path = NOBRuntime.h; sourceTree = "<group>"; };
		BCD0AB741BF9F05400815393 /* NOBRuntime.m */ = {isa = PBXFileReference; fileEncoding = 4; lastKnownFileType = sourcecode.c.objc; path = NOBRuntime.m; sourceTree = "<group>"; };
		BCD0AB751BF9F05400815393 /* NSObject+ZDRuntime.h */ = {isa = PBXFileReference; fileEncoding = 4; lastKnownFileType = sourcecode.c.h; path = "NSObject+ZDRuntime.h"; sourceTree = "<group>"; };
		BCD0AB761BF9F05400815393 /* NSObject+ZDRuntime.m */ = {isa = PBXFileReference; fileEncoding = 4; lastKnownFileType = sourcecode.c.objc; path = "NSObject+ZDRuntime.m"; sourceTree = "<group>"; };
		BCD0AB7E1BF9F05400815393 /* OnePasswordExtension.h */ = {isa = PBXFileReference; fileEncoding = 4; lastKnownFileType = sourcecode.c.h; path = OnePasswordExtension.h; sourceTree = "<group>"; };
		BCD0AB7F1BF9F05400815393 /* OnePasswordExtension.m */ = {isa = PBXFileReference; fileEncoding = 4; lastKnownFileType = sourcecode.c.objc; path = OnePasswordExtension.m; sourceTree = "<group>"; };
		BCD0AB801BF9F05400815393 /* ZDFileManager.h */ = {isa = PBXFileReference; fileEncoding = 4; lastKnownFileType = sourcecode.c.h; path = ZDFileManager.h; sourceTree = "<group>"; };
		BCD0AB811BF9F05400815393 /* ZDFileManager.m */ = {isa = PBXFileReference; fileEncoding = 4; lastKnownFileType = sourcecode.c.objc; path = ZDFileManager.m; sourceTree = "<group>"; };
		BCD0AB821BF9F05400815393 /* ZDFunction.h */ = {isa = PBXFileReference; fileEncoding = 4; lastKnownFileType = sourcecode.c.h; path = ZDFunction.h; sourceTree = "<group>"; };
		BCD0AB831BF9F05400815393 /* ZDFunction.m */ = {isa = PBXFileReference; fileEncoding = 4; lastKnownFileType = sourcecode.c.objc; path = ZDFunction.m; sourceTree = "<group>"; };
		BCF73A631C11B18E000FA0F8 /* RZAutolayoutLabel.h */ = {isa = PBXFileReference; fileEncoding = 4; lastKnownFileType = sourcecode.c.h; path = RZAutolayoutLabel.h; sourceTree = "<group>"; };
		BCF73A641C11B18E000FA0F8 /* RZAutolayoutLabel.m */ = {isa = PBXFileReference; fileEncoding = 4; lastKnownFileType = sourcecode.c.objc; path = RZAutolayoutLabel.m; sourceTree = "<group>"; };
/* End PBXFileReference section */

/* Begin PBXFrameworksBuildPhase section */
		BC9B1D221B50FB8B002C6C5B /* Frameworks */ = {
			isa = PBXFrameworksBuildPhase;
			buildActionMask = 2147483647;
			files = (
			);
			runOnlyForDeploymentPostprocessing = 0;
		};
		BC9B1D3B1B50FB8B002C6C5B /* Frameworks */ = {
			isa = PBXFrameworksBuildPhase;
			buildActionMask = 2147483647;
			files = (
			);
			runOnlyForDeploymentPostprocessing = 0;
		};
/* End PBXFrameworksBuildPhase section */

/* Begin PBXGroup section */
		BC77C0111C46017100C15349 /* Foundation */ = {
			isa = PBXGroup;
			children = (
				BC77C0141C46017100C15349 /* NSObject+DLIntrospection.h */,
				BC77C0151C46017100C15349 /* NSObject+DLIntrospection.m */,
				BC77C0161C46017100C15349 /* NSObject+RZBlockKVO.h */,
				BC77C0171C46017100C15349 /* NSObject+RZBlockKVO.m */,
				BC77C0181C46017100C15349 /* NSObject+ZDDealloc.h */,
				BC77C0191C46017100C15349 /* NSObject+ZDDealloc.m */,
				BC77C01A1C46017100C15349 /* NSString+ZDUtility.h */,
				BC77C01B1C46017100C15349 /* NSString+ZDUtility.m */,
				BC77C0121C46017100C15349 /* NSArray+ZDExtend.h */,
				BC77C0131C46017100C15349 /* NSArray+ZDExtend.m */,
			);
			path = Foundation;
			sourceTree = "<group>";
		};
		BC77C01C1C46017100C15349 /* UIKit */ = {
			isa = PBXGroup;
			children = (
				BC77C0251C46017100C15349 /* UIView+ZDUtility.h */,
				BC77C0261C46017100C15349 /* UIView+ZDUtility.m */,
				BC77C0271C46017100C15349 /* UIViewController+ZDBackButtonHandler.h */,
				BC77C0281C46017100C15349 /* UIViewController+ZDBackButtonHandler.m */,
				BC77C01D1C46017100C15349 /* UIColor+ZDUtility.h */,
				BC77C01E1C46017100C15349 /* UIColor+ZDUtility.m */,
				BC77C01F1C46017100C15349 /* UIImage+ZDUtility.h */,
				BC77C0201C46017100C15349 /* UIImage+ZDUtility.m */,
				BC77C0211C46017100C15349 /* UIImageView+FaceAwareFill.h */,
				BC77C0221C46017100C15349 /* UIImageView+FaceAwareFill.m */,
				BC77C0231C46017100C15349 /* UIImageView+ZDUtility.h */,
				BC77C0241C46017100C15349 /* UIImageView+ZDUtility.m */,
				BC77C0291C46017100C15349 /* UIWebView+ZDUtility.h */,
				BC77C02A1C46017100C15349 /* UIWebView+ZDUtility.m */,
			);
			path = UIKit;
			sourceTree = "<group>";
		};
		BC9B1D1C1B50FB8B002C6C5B = {
			isa = PBXGroup;
			children = (
				BCD0AB391BF9F05400815393 /* ZDUtilityLib */,
				BC9B1D271B50FB8B002C6C5B /* ZDUtilityDemo */,
				BC9B1D411B50FB8B002C6C5B /* ZDUtilityTests */,
				BC9B1D261B50FB8B002C6C5B /* Products */,
			);
			sourceTree = "<group>";
		};
		BC9B1D261B50FB8B002C6C5B /* Products */ = {
			isa = PBXGroup;
			children = (
				BC9B1D251B50FB8B002C6C5B /* ZDUtility.app */,
				BC9B1D3E1B50FB8B002C6C5B /* ZDUtilityTests.xctest */,
			);
			name = Products;
			sourceTree = "<group>";
		};
		BC9B1D271B50FB8B002C6C5B /* ZDUtilityDemo */ = {
			isa = PBXGroup;
			children = (
				BC9B1D2C1B50FB8B002C6C5B /* AppDelegate.h */,
				BC9B1D2D1B50FB8B002C6C5B /* AppDelegate.m */,
				BC9B1D2F1B50FB8B002C6C5B /* ViewController.h */,
				BC9B1D301B50FB8B002C6C5B /* ViewController.m */,
				BC9B1D321B50FB8B002C6C5B /* Main.storyboard */,
				BC9B1D351B50FB8B002C6C5B /* Images.xcassets */,
				BC9B1D371B50FB8B002C6C5B /* LaunchScreen.xib */,
				BC9B1D281B50FB8B002C6C5B /* Supporting Files */,
			);
			name = ZDUtilityDemo;
			path = ZDUtility;
			sourceTree = "<group>";
		};
		BC9B1D281B50FB8B002C6C5B /* Supporting Files */ = {
			isa = PBXGroup;
			children = (
				BC9B1D291B50FB8B002C6C5B /* Info.plist */,
				BC9B1D2A1B50FB8B002C6C5B /* main.m */,
			);
			name = "Supporting Files";
			sourceTree = "<group>";
		};
		BC9B1D411B50FB8B002C6C5B /* ZDUtilityTests */ = {
			isa = PBXGroup;
			children = (
				BC9B1D441B50FB8B002C6C5B /* ZDUtilityTests.m */,
				BC9B1D421B50FB8B002C6C5B /* Supporting Files */,
			);
			path = ZDUtilityTests;
			sourceTree = "<group>";
		};
		BC9B1D421B50FB8B002C6C5B /* Supporting Files */ = {
			isa = PBXGroup;
			children = (
				BC9B1D431B50FB8B002C6C5B /* Info.plist */,
			);
			name = "Supporting Files";
			sourceTree = "<group>";
		};
		BCD0AB391BF9F05400815393 /* ZDUtilityLib */ = {
			isa = PBXGroup;
			children = (
				BCD0AB3A1BF9F05400815393 /* ZDAutoLayout */,
				BCD0AB431BF9F05400815393 /* ZDBlock */,
				BCD0AB651BF9F05400815393 /* ZDCategory */,
				BCD0AB6C1BF9F05400815393 /* ZDMacros */,
				BCD0AB701BF9F05400815393 /* ZDRuntime */,
				BCD0AB7D1BF9F05400815393 /* ZDTools */,
			);
			name = ZDUtilityLib;
			path = ../ZDUtilityLib;
			sourceTree = "<group>";
		};
		BCD0AB3A1BF9F05400815393 /* ZDAutoLayout */ = {
			isa = PBXGroup;
			children = (
				BCD0AB3B1BF9F05400815393 /* UIView+AutoFlowLayout.h */,
				BCD0AB3C1BF9F05400815393 /* UIView+AutoFlowLayout.m */,
				BCD0AB3D1BF9F05400815393 /* UIView+AutoLayout.h */,
				BCD0AB3E1BF9F05400815393 /* UIView+AutoLayout.m */,
				BCD0AB3F1BF9F05400815393 /* UIView+FDCollapsibleConstraints.h */,
				BCD0AB401BF9F05400815393 /* UIView+FDCollapsibleConstraints.m */,
				BCD0AB411BF9F05400815393 /* UIView+RZAutoLayoutHelpers.h */,
				BCD0AB421BF9F05400815393 /* UIView+RZAutoLayoutHelpers.m */,
			);
			path = ZDAutoLayout;
			sourceTree = "<group>";
		};
		BCD0AB431BF9F05400815393 /* ZDBlock */ = {
			isa = PBXGroup;
			children = (
				BCD0AB441BF9F05400815393 /* BKMacros.h */,
				BCD0AB451BF9F05400815393 /* NSArray+BlocksKit.h */,
				BCD0AB461BF9F05400815393 /* NSArray+BlocksKit.m */,
				BCD0AB471BF9F05400815393 /* NSDictionary+BlocksKit.h */,
				BCD0AB481BF9F05400815393 /* NSDictionary+BlocksKit.m */,
				BCD0AB491BF9F05400815393 /* NSIndexSet+BlocksKit.h */,
				BCD0AB4A1BF9F05400815393 /* NSIndexSet+BlocksKit.m */,
				BCD0AB4B1BF9F05400815393 /* NSInvocation+BlocksKit.h */,
				BCD0AB4C1BF9F05400815393 /* NSInvocation+BlocksKit.m */,
				BCD0AB4D1BF9F05400815393 /* NSMapTable+BlocksKit.h */,
				BCD0AB4E1BF9F05400815393 /* NSMapTable+BlocksKit.m */,
				BCD0AB4F1BF9F05400815393 /* NSMutableArray+BlocksKit.h */,
				BCD0AB501BF9F05400815393 /* NSMutableArray+BlocksKit.m */,
				BCD0AB511BF9F05400815393 /* NSMutableDictionary+BlocksKit.h */,
				BCD0AB521BF9F05400815393 /* NSMutableDictionary+BlocksKit.m */,
				BCD0AB531BF9F05400815393 /* NSMutableIndexSet+BlocksKit.h */,
				BCD0AB541BF9F05400815393 /* NSMutableIndexSet+BlocksKit.m */,
				BCD0AB551BF9F05400815393 /* NSMutableOrderedSet+BlocksKit.h */,
				BCD0AB561BF9F05400815393 /* NSMutableOrderedSet+BlocksKit.m */,
				BCD0AB571BF9F05400815393 /* NSMutableSet+BlocksKit.h */,
				BCD0AB581BF9F05400815393 /* NSMutableSet+BlocksKit.m */,
				BCD0AB591BF9F05400815393 /* NSObject+BKAssociatedObjects.h */,
				BCD0AB5A1BF9F05400815393 /* NSObject+BKAssociatedObjects.m */,
				BCD0AB5B1BF9F05400815393 /* NSObject+BKBlockExecution.h */,
				BCD0AB5C1BF9F05400815393 /* NSObject+BKBlockExecution.m */,
				BCD0AB5D1BF9F05400815393 /* NSObject+BKBlockObservation.h */,
				BCD0AB5E1BF9F05400815393 /* NSObject+BKBlockObservation.m */,
				BCD0AB5F1BF9F05400815393 /* NSOrderedSet+BlocksKit.h */,
				BCD0AB601BF9F05400815393 /* NSOrderedSet+BlocksKit.m */,
				BCD0AB611BF9F05400815393 /* NSSet+BlocksKit.h */,
				BCD0AB621BF9F05400815393 /* NSSet+BlocksKit.m */,
				BCD0AB631BF9F05400815393 /* NSTimer+BlocksKit.h */,
				BCD0AB641BF9F05400815393 /* NSTimer+BlocksKit.m */,
			);
			path = ZDBlock;
			sourceTree = "<group>";
		};
		BCD0AB651BF9F05400815393 /* ZDCategory */ = {
			isa = PBXGroup;
			children = (
				BC77C0111C46017100C15349 /* Foundation */,
				BC77C01C1C46017100C15349 /* UIKit */,
			);
			path = ZDCategory;
			sourceTree = "<group>";
		};
		BCD0AB6C1BF9F05400815393 /* ZDMacros */ = {
			isa = PBXGroup;
			children = (
				BCD0AB6F1BF9F05400815393 /* ZDDefine.h */,
				BCD0AB6D1BF9F05400815393 /* RACEXTScope.h */,
				BCD0AB6E1BF9F05400815393 /* RACmetamacros.h */,
			);
			path = ZDMacros;
			sourceTree = "<group>";
		};
		BCD0AB701BF9F05400815393 /* ZDRuntime */ = {
			isa = PBXGroup;
			children = (
				BCD0AB711BF9F05400815393 /* JRSwizzle.h */,
				BCD0AB721BF9F05400815393 /* JRSwizzle.m */,
				BCD0AB731BF9F05400815393 /* NOBRuntime.h */,
				BCD0AB741BF9F05400815393 /* NOBRuntime.m */,
				BCD0AB751BF9F05400815393 /* NSObject+ZDRuntime.h */,
				BCD0AB761BF9F05400815393 /* NSObject+ZDRuntime.m */,
			);
			path = ZDRuntime;
			sourceTree = "<group>";
		};
		BCD0AB7D1BF9F05400815393 /* ZDTools */ = {
			isa = PBXGroup;
			children = (
				BCD0AB821BF9F05400815393 /* ZDFunction.h */,
				BCD0AB831BF9F05400815393 /* ZDFunction.m */,
				BCAD0E7B1C04442400A9CF03 /* ZDSafe.h */,
				BCAD0E7C1C04442400A9CF03 /* ZDSafe.m */,
				BCAD0E7D1C04442400A9CF03 /* ZDTools.h */,
				BCAD0E7E1C04442400A9CF03 /* ZDTools.m */,
				BCB96D871C3E2FE400D9BACA /* ZDWeakProxy.h */,
				BCB96D881C3E2FE400D9BACA /* ZDWeakProxy.m */,
				BCD0AB801BF9F05400815393 /* ZDFileManager.h */,
				BCD0AB811BF9F05400815393 /* ZDFileManager.m */,
				BC8A8F911BFD883200EBA9B7 /* MAKVONotificationCenter.h */,
				BC8A8F921BFD883200EBA9B7 /* MAKVONotificationCenter.m */,
				BCF73A631C11B18E000FA0F8 /* RZAutolayoutLabel.h */,
				BCF73A641C11B18E000FA0F8 /* RZAutolayoutLabel.m */,
				BCD0AB7E1BF9F05400815393 /* OnePasswordExtension.h */,
				BCD0AB7F1BF9F05400815393 /* OnePasswordExtension.m */,
			);
			path = ZDTools;
			sourceTree = "<group>";
		};
/* End PBXGroup section */

/* Begin PBXNativeTarget section */
		BC9B1D241B50FB8B002C6C5B /* ZDUtility */ = {
			isa = PBXNativeTarget;
			buildConfigurationList = BC9B1D481B50FB8B002C6C5B /* Build configuration list for PBXNativeTarget "ZDUtility" */;
			buildPhases = (
				BC9B1D211B50FB8B002C6C5B /* Sources */,
				BC9B1D221B50FB8B002C6C5B /* Frameworks */,
				BC9B1D231B50FB8B002C6C5B /* Resources */,
			);
			buildRules = (
			);
			dependencies = (
			);
			name = ZDUtility;
			productName = ZDUtility;
			productReference = BC9B1D251B50FB8B002C6C5B /* ZDUtility.app */;
			productType = "com.apple.product-type.application";
		};
		BC9B1D3D1B50FB8B002C6C5B /* ZDUtilityTests */ = {
			isa = PBXNativeTarget;
			buildConfigurationList = BC9B1D4B1B50FB8B002C6C5B /* Build configuration list for PBXNativeTarget "ZDUtilityTests" */;
			buildPhases = (
				BC9B1D3A1B50FB8B002C6C5B /* Sources */,
				BC9B1D3B1B50FB8B002C6C5B /* Frameworks */,
				BC9B1D3C1B50FB8B002C6C5B /* Resources */,
			);
			buildRules = (
			);
			dependencies = (
				BC9B1D401B50FB8B002C6C5B /* PBXTargetDependency */,
			);
			name = ZDUtilityTests;
			productName = ZDUtilityTests;
			productReference = BC9B1D3E1B50FB8B002C6C5B /* ZDUtilityTests.xctest */;
			productType = "com.apple.product-type.bundle.unit-test";
		};
/* End PBXNativeTarget section */

/* Begin PBXProject section */
		BC9B1D1D1B50FB8B002C6C5B /* Project object */ = {
			isa = PBXProject;
			attributes = {
				CLASSPREFIX = ZD;
				LastUpgradeCheck = 0710;
				ORGANIZATIONNAME = Fate.D.Bourne;
				TargetAttributes = {
					BC9B1D241B50FB8B002C6C5B = {
						CreatedOnToolsVersion = 6.4;
					};
					BC9B1D3D1B50FB8B002C6C5B = {
						CreatedOnToolsVersion = 6.4;
						TestTargetID = BC9B1D241B50FB8B002C6C5B;
					};
				};
			};
			buildConfigurationList = BC9B1D201B50FB8B002C6C5B /* Build configuration list for PBXProject "ZDUtility" */;
			compatibilityVersion = "Xcode 3.2";
			developmentRegion = English;
			hasScannedForEncodings = 0;
			knownRegions = (
				en,
				Base,
			);
			mainGroup = BC9B1D1C1B50FB8B002C6C5B;
			productRefGroup = BC9B1D261B50FB8B002C6C5B /* Products */;
			projectDirPath = "";
			projectRoot = "";
			targets = (
				BC9B1D241B50FB8B002C6C5B /* ZDUtility */,
				BC9B1D3D1B50FB8B002C6C5B /* ZDUtilityTests */,
			);
		};
/* End PBXProject section */

/* Begin PBXResourcesBuildPhase section */
		BC9B1D231B50FB8B002C6C5B /* Resources */ = {
			isa = PBXResourcesBuildPhase;
			buildActionMask = 2147483647;
			files = (
				BC9B1D341B50FB8B002C6C5B /* Main.storyboard in Resources */,
				BC9B1D391B50FB8B002C6C5B /* LaunchScreen.xib in Resources */,
				BC9B1D361B50FB8B002C6C5B /* Images.xcassets in Resources */,
			);
			runOnlyForDeploymentPostprocessing = 0;
		};
		BC9B1D3C1B50FB8B002C6C5B /* Resources */ = {
			isa = PBXResourcesBuildPhase;
			buildActionMask = 2147483647;
			files = (
			);
			runOnlyForDeploymentPostprocessing = 0;
		};
/* End PBXResourcesBuildPhase section */

/* Begin PBXSourcesBuildPhase section */
		BC9B1D211B50FB8B002C6C5B /* Sources */ = {
			isa = PBXSourcesBuildPhase;
			buildActionMask = 2147483647;
			files = (
				BC77C02D1C46017100C15349 /* NSObject+RZBlockKVO.m in Sources */,
				BCD0AB8B1BF9F05400815393 /* NSInvocation+BlocksKit.m in Sources */,
				BCD0AB871BF9F05400815393 /* UIView+RZAutoLayoutHelpers.m in Sources */,
				BCD0ABA31BF9F05400815393 /* ZDFunction.m in Sources */,
				BC77C0361C46017100C15349 /* UIWebView+ZDUtility.m in Sources */,
				BCD0AB8E1BF9F05400815393 /* NSMutableDictionary+BlocksKit.m in Sources */,
				BCD0AB851BF9F05400815393 /* UIView+AutoLayout.m in Sources */,
				BC77C0331C46017100C15349 /* UIImageView+ZDUtility.m in Sources */,
				BCF73A651C11B18E000FA0F8 /* RZAutolayoutLabel.m in Sources */,
				BCD0AB9D1BF9F05400815393 /* NSObject+ZDRuntime.m in Sources */,
				BCD0ABA21BF9F05400815393 /* ZDFileManager.m in Sources */,
				BC9B1D311B50FB8B002C6C5B /* ViewController.m in Sources */,
				BC77C02B1C46017100C15349 /* NSArray+ZDExtend.m in Sources */,
				BC8A8F931BFD883200EBA9B7 /* MAKVONotificationCenter.m in Sources */,
				BC77C02F1C46017100C15349 /* NSString+ZDUtility.m in Sources */,
				BC77C02E1C46017100C15349 /* NSObject+ZDDealloc.m in Sources */,
				BCD0ABA11BF9F05400815393 /* OnePasswordExtension.m in Sources */,
				BC77C02C1C46017100C15349 /* NSObject+DLIntrospection.m in Sources */,
				BCD0AB951BF9F05400815393 /* NSOrderedSet+BlocksKit.m in Sources */,
				BCD0AB961BF9F05400815393 /* NSSet+BlocksKit.m in Sources */,
				BCD0AB9B1BF9F05400815393 /* JRSwizzle.m in Sources */,
				BCD0AB861BF9F05400815393 /* UIView+FDCollapsibleConstraints.m in Sources */,
				BCD0AB841BF9F05400815393 /* UIView+AutoFlowLayout.m in Sources */,
				BC77C0311C46017100C15349 /* UIImage+ZDUtility.m in Sources */,
				BCD0AB9C1BF9F05400815393 /* NOBRuntime.m in Sources */,
				BCD0AB901BF9F05400815393 /* NSMutableOrderedSet+BlocksKit.m in Sources */,
				BCD0AB8F1BF9F05400815393 /* NSMutableIndexSet+BlocksKit.m in Sources */,
				BCAD0E7F1C04442400A9CF03 /* ZDSafe.m in Sources */,
				BC9B1D2E1B50FB8B002C6C5B /* AppDelegate.m in Sources */,
				BC77C0341C46017100C15349 /* UIView+ZDUtility.m in Sources */,
				BCD0AB8D1BF9F05400815393 /* NSMutableArray+BlocksKit.m in Sources */,
				BCD0AB891BF9F05400815393 /* NSDictionary+BlocksKit.m in Sources */,
				BCD0AB8A1BF9F05400815393 /* NSIndexSet+BlocksKit.m in Sources */,
				BCD0AB8C1BF9F05400815393 /* NSMapTable+BlocksKit.m in Sources */,
				BCD0AB971BF9F05400815393 /* NSTimer+BlocksKit.m in Sources */,
				BC9B1D2B1B50FB8B002C6C5B /* main.m in Sources */,
				BCD0AB941BF9F05400815393 /* NSObject+BKBlockObservation.m in Sources */,
				BCAD0E801C04442400A9CF03 /* ZDTools.m in Sources */,
				BCD0AB921BF9F05400815393 /* NSObject+BKAssociatedObjects.m in Sources */,
				BC77C0301C46017100C15349 /* UIColor+ZDUtility.m in Sources */,
				BCD0AB881BF9F05400815393 /* NSArray+BlocksKit.m in Sources */,
				BCB96D891C3E2FE400D9BACA /* ZDWeakProxy.m in Sources */,
				BCD0AB911BF9F05400815393 /* NSMutableSet+BlocksKit.m in Sources */,
				BCD0AB931BF9F05400815393 /* NSObject+BKBlockExecution.m in Sources */,
				BC77C0321C46017100C15349 /* UIImageView+FaceAwareFill.m in Sources */,
				BC77C0351C46017100C15349 /* UIViewController+ZDBackButtonHandler.m in Sources */,
			);
			runOnlyForDeploymentPostprocessing = 0;
		};
		BC9B1D3A1B50FB8B002C6C5B /* Sources */ = {
			isa = PBXSourcesBuildPhase;
			buildActionMask = 2147483647;
			files = (
				BC9B1D451B50FB8B002C6C5B /* ZDUtilityTests.m in Sources */,
			);
			runOnlyForDeploymentPostprocessing = 0;
		};
/* End PBXSourcesBuildPhase section */

/* Begin PBXTargetDependency section */
		BC9B1D401B50FB8B002C6C5B /* PBXTargetDependency */ = {
			isa = PBXTargetDependency;
			target = BC9B1D241B50FB8B002C6C5B /* ZDUtility */;
			targetProxy = BC9B1D3F1B50FB8B002C6C5B /* PBXContainerItemProxy */;
		};
/* End PBXTargetDependency section */

/* Begin PBXVariantGroup section */
		BC9B1D321B50FB8B002C6C5B /* Main.storyboard */ = {
			isa = PBXVariantGroup;
			children = (
				BC9B1D331B50FB8B002C6C5B /* Base */,
			);
			name = Main.storyboard;
			sourceTree = "<group>";
		};
		BC9B1D371B50FB8B002C6C5B /* LaunchScreen.xib */ = {
			isa = PBXVariantGroup;
			children = (
				BC9B1D381B50FB8B002C6C5B /* Base */,
			);
			name = LaunchScreen.xib;
			sourceTree = "<group>";
		};
/* End PBXVariantGroup section */

/* Begin XCBuildConfiguration section */
		BC9B1D461B50FB8B002C6C5B /* Debug */ = {
			isa = XCBuildConfiguration;
			buildSettings = {
				ALWAYS_SEARCH_USER_PATHS = NO;
				CLANG_CXX_LANGUAGE_STANDARD = "gnu++0x";
				CLANG_CXX_LIBRARY = "libc++";
				CLANG_ENABLE_MODULES = YES;
				CLANG_ENABLE_OBJC_ARC = YES;
				CLANG_WARN_BOOL_CONVERSION = YES;
				CLANG_WARN_CONSTANT_CONVERSION = YES;
				CLANG_WARN_DIRECT_OBJC_ISA_USAGE = YES_ERROR;
				CLANG_WARN_EMPTY_BODY = YES;
				CLANG_WARN_ENUM_CONVERSION = YES;
				CLANG_WARN_INT_CONVERSION = YES;
				CLANG_WARN_OBJC_ROOT_CLASS = YES_ERROR;
				CLANG_WARN_UNREACHABLE_CODE = YES;
				CLANG_WARN__DUPLICATE_METHOD_MATCH = YES;
				"CODE_SIGN_IDENTITY[sdk=iphoneos*]" = "iPhone Developer";
				COPY_PHASE_STRIP = NO;
				DEBUG_INFORMATION_FORMAT = "dwarf-with-dsym";
				ENABLE_STRICT_OBJC_MSGSEND = YES;
				ENABLE_TESTABILITY = YES;
				GCC_C_LANGUAGE_STANDARD = gnu99;
				GCC_DYNAMIC_NO_PIC = NO;
				GCC_NO_COMMON_BLOCKS = YES;
				GCC_OPTIMIZATION_LEVEL = 0;
				GCC_PREPROCESSOR_DEFINITIONS = (
					"DEBUG=1",
					"$(inherited)",
				);
				GCC_SYMBOLS_PRIVATE_EXTERN = NO;
				GCC_WARN_64_TO_32_BIT_CONVERSION = YES;
				GCC_WARN_ABOUT_RETURN_TYPE = YES_ERROR;
				GCC_WARN_UNDECLARED_SELECTOR = YES;
				GCC_WARN_UNINITIALIZED_AUTOS = YES_AGGRESSIVE;
				GCC_WARN_UNUSED_FUNCTION = YES;
				GCC_WARN_UNUSED_VARIABLE = YES;
				IPHONEOS_DEPLOYMENT_TARGET = 8.0;
				MTL_ENABLE_DEBUG_INFO = YES;
				ONLY_ACTIVE_ARCH = YES;
				SDKROOT = iphoneos;
				TARGETED_DEVICE_FAMILY = "1,2";
			};
			name = Debug;
		};
		BC9B1D471B50FB8B002C6C5B /* Release */ = {
			isa = XCBuildConfiguration;
			buildSettings = {
				ALWAYS_SEARCH_USER_PATHS = NO;
				CLANG_CXX_LANGUAGE_STANDARD = "gnu++0x";
				CLANG_CXX_LIBRARY = "libc++";
				CLANG_ENABLE_MODULES = YES;
				CLANG_ENABLE_OBJC_ARC = YES;
				CLANG_WARN_BOOL_CONVERSION = YES;
				CLANG_WARN_CONSTANT_CONVERSION = YES;
				CLANG_WARN_DIRECT_OBJC_ISA_USAGE = YES_ERROR;
				CLANG_WARN_EMPTY_BODY = YES;
				CLANG_WARN_ENUM_CONVERSION = YES;
				CLANG_WARN_INT_CONVERSION = YES;
				CLANG_WARN_OBJC_ROOT_CLASS = YES_ERROR;
				CLANG_WARN_UNREACHABLE_CODE = YES;
				CLANG_WARN__DUPLICATE_METHOD_MATCH = YES;
				"CODE_SIGN_IDENTITY[sdk=iphoneos*]" = "iPhone Developer";
				COPY_PHASE_STRIP = NO;
				DEBUG_INFORMATION_FORMAT = "dwarf-with-dsym";
				ENABLE_NS_ASSERTIONS = NO;
				ENABLE_STRICT_OBJC_MSGSEND = YES;
				GCC_C_LANGUAGE_STANDARD = gnu99;
				GCC_NO_COMMON_BLOCKS = YES;
				GCC_WARN_64_TO_32_BIT_CONVERSION = YES;
				GCC_WARN_ABOUT_RETURN_TYPE = YES_ERROR;
				GCC_WARN_UNDECLARED_SELECTOR = YES;
				GCC_WARN_UNINITIALIZED_AUTOS = YES_AGGRESSIVE;
				GCC_WARN_UNUSED_FUNCTION = YES;
				GCC_WARN_UNUSED_VARIABLE = YES;
				IPHONEOS_DEPLOYMENT_TARGET = 8.0;
				MTL_ENABLE_DEBUG_INFO = NO;
				SDKROOT = iphoneos;
				TARGETED_DEVICE_FAMILY = "1,2";
				VALIDATE_PRODUCT = YES;
			};
			name = Release;
		};
		BC9B1D491B50FB8B002C6C5B /* Debug */ = {
			isa = XCBuildConfiguration;
			buildSettings = {
				ASSETCATALOG_COMPILER_APPICON_NAME = AppIcon;
				INFOPLIST_FILE = ZDUtility/Info.plist;
				IPHONEOS_DEPLOYMENT_TARGET = 8.0;
				LD_RUNPATH_SEARCH_PATHS = "$(inherited) @executable_path/Frameworks";
				PRODUCT_BUNDLE_IDENTIFIER = "ZD.$(PRODUCT_NAME:rfc1034identifier)";
				PRODUCT_NAME = "$(TARGET_NAME)";
			};
			name = Debug;
		};
		BC9B1D4A1B50FB8B002C6C5B /* Release */ = {
			isa = XCBuildConfiguration;
			buildSettings = {
				ASSETCATALOG_COMPILER_APPICON_NAME = AppIcon;
				INFOPLIST_FILE = ZDUtility/Info.plist;
				IPHONEOS_DEPLOYMENT_TARGET = 8.0;
				LD_RUNPATH_SEARCH_PATHS = "$(inherited) @executable_path/Frameworks";
				PRODUCT_BUNDLE_IDENTIFIER = "ZD.$(PRODUCT_NAME:rfc1034identifier)";
				PRODUCT_NAME = "$(TARGET_NAME)";
			};
			name = Release;
		};
		BC9B1D4C1B50FB8B002C6C5B /* Debug */ = {
			isa = XCBuildConfiguration;
			buildSettings = {
				BUNDLE_LOADER = "$(TEST_HOST)";
				FRAMEWORK_SEARCH_PATHS = (
					"$(SDKROOT)/Developer/Library/Frameworks",
					"$(inherited)",
				);
				GCC_PREPROCESSOR_DEFINITIONS = (
					"DEBUG=1",
					"$(inherited)",
				);
				INFOPLIST_FILE = ZDUtilityTests/Info.plist;
				LD_RUNPATH_SEARCH_PATHS = "$(inherited) @executable_path/Frameworks @loader_path/Frameworks";
				PRODUCT_BUNDLE_IDENTIFIER = "ZD.$(PRODUCT_NAME:rfc1034identifier)";
				PRODUCT_NAME = "$(TARGET_NAME)";
				TEST_HOST = "$(BUILT_PRODUCTS_DIR)/ZDUtility.app/ZDUtility";
			};
			name = Debug;
		};
		BC9B1D4D1B50FB8B002C6C5B /* Release */ = {
			isa = XCBuildConfiguration;
			buildSettings = {
				BUNDLE_LOADER = "$(TEST_HOST)";
				FRAMEWORK_SEARCH_PATHS = (
					"$(SDKROOT)/Developer/Library/Frameworks",
					"$(inherited)",
				);
				INFOPLIST_FILE = ZDUtilityTests/Info.plist;
				LD_RUNPATH_SEARCH_PATHS = "$(inherited) @executable_path/Frameworks @loader_path/Frameworks";
				PRODUCT_BUNDLE_IDENTIFIER = "ZD.$(PRODUCT_NAME:rfc1034identifier)";
				PRODUCT_NAME = "$(TARGET_NAME)";
				TEST_HOST = "$(BUILT_PRODUCTS_DIR)/ZDUtility.app/ZDUtility";
			};
			name = Release;
		};
/* End XCBuildConfiguration section */

/* Begin XCConfigurationList section */
		BC9B1D201B50FB8B002C6C5B /* Build configuration list for PBXProject "ZDUtility" */ = {
			isa = XCConfigurationList;
			buildConfigurations = (
				BC9B1D461B50FB8B002C6C5B /* Debug */,
				BC9B1D471B50FB8B002C6C5B /* Release */,
			);
			defaultConfigurationIsVisible = 0;
			defaultConfigurationName = Release;
		};
		BC9B1D481B50FB8B002C6C5B /* Build configuration list for PBXNativeTarget "ZDUtility" */ = {
			isa = XCConfigurationList;
			buildConfigurations = (
				BC9B1D491B50FB8B002C6C5B /* Debug */,
				BC9B1D4A1B50FB8B002C6C5B /* Release */,
			);
			defaultConfigurationIsVisible = 0;
			defaultConfigurationName = Release;
		};
		BC9B1D4B1B50FB8B002C6C5B /* Build configuration list for PBXNativeTarget "ZDUtilityTests" */ = {
			isa = XCConfigurationList;
			buildConfigurations = (
				BC9B1D4C1B50FB8B002C6C5B /* Debug */,
				BC9B1D4D1B50FB8B002C6C5B /* Release */,
			);
			defaultConfigurationIsVisible = 0;
			defaultConfigurationName = Release;
		};
/* End XCConfigurationList section */
	};
	rootObject = BC9B1D1D1B50FB8B002C6C5B /* Project object */;
}
