// !$*UTF8*$!
{
	archiveVersion = 1;
	classes = {
	};
	objectVersion = 46;
	objects = {

/* Begin PBXBuildFile section */
		056F7F721BBA63A10000FB9C /* ZDSafe.m in Sources */ = {isa = PBXBuildFile; fileRef = 056F7F711BBA63A10000FB9C /* ZDSafe.m */; settings = {ASSET_TAGS = (); }; };
		056F7F751BBA66760000FB9C /* ZDSwizzle.m in Sources */ = {isa = PBXBuildFile; fileRef = 056F7F741BBA66760000FB9C /* ZDSwizzle.m */; settings = {ASSET_TAGS = (); }; };
		056F7F781BBA676B0000FB9C /* NSObject+ZDSwizzle.m in Sources */ = {isa = PBXBuildFile; fileRef = 056F7F771BBA676B0000FB9C /* NSObject+ZDSwizzle.m */; settings = {ASSET_TAGS = (); }; };
		BC1AD5F21BA669E4001A68F2 /* JRSwizzle.m in Sources */ = {isa = PBXBuildFile; fileRef = BC1AD5C81BA669E4001A68F2 /* JRSwizzle.m */; };
		BC1AD5F31BA669E4001A68F2 /* NSObject+Runtime.m in Sources */ = {isa = PBXBuildFile; fileRef = BC1AD5CA1BA669E4001A68F2 /* NSObject+Runtime.m */; };
		BC1AD5F61BA669E4001A68F2 /* NSArray+BlocksKit.m in Sources */ = {isa = PBXBuildFile; fileRef = BC1AD5D31BA669E4001A68F2 /* NSArray+BlocksKit.m */; };
		BC1AD5F71BA669E4001A68F2 /* NSDictionary+BlocksKit.m in Sources */ = {isa = PBXBuildFile; fileRef = BC1AD5D51BA669E4001A68F2 /* NSDictionary+BlocksKit.m */; };
		BC1AD5F81BA669E4001A68F2 /* NSIndexSet+BlocksKit.m in Sources */ = {isa = PBXBuildFile; fileRef = BC1AD5D71BA669E4001A68F2 /* NSIndexSet+BlocksKit.m */; };
		BC1AD5F91BA669E4001A68F2 /* NSInvocation+BlocksKit.m in Sources */ = {isa = PBXBuildFile; fileRef = BC1AD5D91BA669E4001A68F2 /* NSInvocation+BlocksKit.m */; };
		BC1AD5FA1BA669E4001A68F2 /* NSMapTable+BlocksKit.m in Sources */ = {isa = PBXBuildFile; fileRef = BC1AD5DB1BA669E4001A68F2 /* NSMapTable+BlocksKit.m */; };
		BC1AD5FB1BA669E4001A68F2 /* NSMutableArray+BlocksKit.m in Sources */ = {isa = PBXBuildFile; fileRef = BC1AD5DD1BA669E4001A68F2 /* NSMutableArray+BlocksKit.m */; };
		BC1AD5FC1BA669E4001A68F2 /* NSMutableDictionary+BlocksKit.m in Sources */ = {isa = PBXBuildFile; fileRef = BC1AD5DF1BA669E4001A68F2 /* NSMutableDictionary+BlocksKit.m */; };
		BC1AD5FD1BA669E4001A68F2 /* NSMutableIndexSet+BlocksKit.m in Sources */ = {isa = PBXBuildFile; fileRef = BC1AD5E11BA669E4001A68F2 /* NSMutableIndexSet+BlocksKit.m */; };
		BC1AD5FE1BA669E4001A68F2 /* NSMutableOrderedSet+BlocksKit.m in Sources */ = {isa = PBXBuildFile; fileRef = BC1AD5E31BA669E4001A68F2 /* NSMutableOrderedSet+BlocksKit.m */; };
		BC1AD5FF1BA669E4001A68F2 /* NSMutableSet+BlocksKit.m in Sources */ = {isa = PBXBuildFile; fileRef = BC1AD5E51BA669E4001A68F2 /* NSMutableSet+BlocksKit.m */; };
		BC1AD6001BA669E4001A68F2 /* NSObject+BKAssociatedObjects.m in Sources */ = {isa = PBXBuildFile; fileRef = BC1AD5E71BA669E4001A68F2 /* NSObject+BKAssociatedObjects.m */; };
		BC1AD6011BA669E4001A68F2 /* NSObject+BKBlockExecution.m in Sources */ = {isa = PBXBuildFile; fileRef = BC1AD5E91BA669E4001A68F2 /* NSObject+BKBlockExecution.m */; };
		BC1AD6021BA669E4001A68F2 /* NSObject+BKBlockObservation.m in Sources */ = {isa = PBXBuildFile; fileRef = BC1AD5EB1BA669E4001A68F2 /* NSObject+BKBlockObservation.m */; };
		BC1AD6031BA669E4001A68F2 /* NSOrderedSet+BlocksKit.m in Sources */ = {isa = PBXBuildFile; fileRef = BC1AD5ED1BA669E4001A68F2 /* NSOrderedSet+BlocksKit.m */; };
		BC1AD6041BA669E4001A68F2 /* NSSet+BlocksKit.m in Sources */ = {isa = PBXBuildFile; fileRef = BC1AD5EF1BA669E4001A68F2 /* NSSet+BlocksKit.m */; };
		BC1AD6051BA669E4001A68F2 /* NSTimer+BlocksKit.m in Sources */ = {isa = PBXBuildFile; fileRef = BC1AD5F11BA669E4001A68F2 /* NSTimer+BlocksKit.m */; };
		BC514C331BAFEC0A001B4D46 /* NOBRuntime.m in Sources */ = {isa = PBXBuildFile; fileRef = BC514C321BAFEC0A001B4D46 /* NOBRuntime.m */; settings = {ASSET_TAGS = (); }; };
		BC5299E51BD62E9900F2BA6C /* OnePasswordExtension.m in Sources */ = {isa = PBXBuildFile; fileRef = BC5299E41BD62E9900F2BA6C /* OnePasswordExtension.m */; settings = {ASSET_TAGS = (); }; };
		BC9B1D2B1B50FB8B002C6C5B /* main.m in Sources */ = {isa = PBXBuildFile; fileRef = BC9B1D2A1B50FB8B002C6C5B /* main.m */; };
		BC9B1D2E1B50FB8B002C6C5B /* AppDelegate.m in Sources */ = {isa = PBXBuildFile; fileRef = BC9B1D2D1B50FB8B002C6C5B /* AppDelegate.m */; };
		BC9B1D311B50FB8B002C6C5B /* ViewController.m in Sources */ = {isa = PBXBuildFile; fileRef = BC9B1D301B50FB8B002C6C5B /* ViewController.m */; };
		BC9B1D341B50FB8B002C6C5B /* Main.storyboard in Resources */ = {isa = PBXBuildFile; fileRef = BC9B1D321B50FB8B002C6C5B /* Main.storyboard */; };
		BC9B1D361B50FB8B002C6C5B /* Images.xcassets in Resources */ = {isa = PBXBuildFile; fileRef = BC9B1D351B50FB8B002C6C5B /* Images.xcassets */; };
		BC9B1D391B50FB8B002C6C5B /* LaunchScreen.xib in Resources */ = {isa = PBXBuildFile; fileRef = BC9B1D371B50FB8B002C6C5B /* LaunchScreen.xib */; };
		BC9B1D451B50FB8B002C6C5B /* ZDUtilityTests.m in Sources */ = {isa = PBXBuildFile; fileRef = BC9B1D441B50FB8B002C6C5B /* ZDUtilityTests.m */; };
		BC9B1D521B50FC35002C6C5B /* ZDFileManager.m in Sources */ = {isa = PBXBuildFile; fileRef = BC9B1D511B50FC35002C6C5B /* ZDFileManager.m */; };
		BCA031E71BA55D6B00CF1EA5 /* ZDFunction.m in Sources */ = {isa = PBXBuildFile; fileRef = BCA031E61BA55D6B00CF1EA5 /* ZDFunction.m */; };
		BCB773301B7088CA00B77BFE /* UIView+Utility.m in Sources */ = {isa = PBXBuildFile; fileRef = BCB7732F1B7088CA00B77BFE /* UIView+Utility.m */; };
		BCCE32931BAA925800FFD573 /* UIView+AutoFlowLayout.m in Sources */ = {isa = PBXBuildFile; fileRef = BCCE328C1BAA925800FFD573 /* UIView+AutoFlowLayout.m */; };
		BCCE32941BAA925800FFD573 /* UIView+AutoLayout.m in Sources */ = {isa = PBXBuildFile; fileRef = BCCE328E1BAA925800FFD573 /* UIView+AutoLayout.m */; };
		BCCE32951BAA925800FFD573 /* UIView+FDCollapsibleConstraints.m in Sources */ = {isa = PBXBuildFile; fileRef = BCCE32901BAA925800FFD573 /* UIView+FDCollapsibleConstraints.m */; };
		BCCE32961BAA925800FFD573 /* UIView+RZAutoLayoutHelpers.m in Sources */ = {isa = PBXBuildFile; fileRef = BCCE32921BAA925800FFD573 /* UIView+RZAutoLayoutHelpers.m */; };
/* End PBXBuildFile section */

/* Begin PBXContainerItemProxy section */
		BC9B1D3F1B50FB8B002C6C5B /* PBXContainerItemProxy */ = {
			isa = PBXContainerItemProxy;
			containerPortal = BC9B1D1D1B50FB8B002C6C5B /* Project object */;
			proxyType = 1;
			remoteGlobalIDString = BC9B1D241B50FB8B002C6C5B;
			remoteInfo = ZDUtility;
		};
/* End PBXContainerItemProxy section */

/* Begin PBXFileReference section */
		056F7F701BBA63A10000FB9C /* ZDSafe.h */ = {isa = PBXFileReference; fileEncoding = 4; lastKnownFileType = sourcecode.c.h; path = ZDSafe.h; sourceTree = "<group>"; };
		056F7F711BBA63A10000FB9C /* ZDSafe.m */ = {isa = PBXFileReference; fileEncoding = 4; lastKnownFileType = sourcecode.c.objc; path = ZDSafe.m; sourceTree = "<group>"; };
		056F7F731BBA66760000FB9C /* ZDSwizzle.h */ = {isa = PBXFileReference; fileEncoding = 4; lastKnownFileType = sourcecode.c.h; path = ZDSwizzle.h; sourceTree = "<group>"; };
		056F7F741BBA66760000FB9C /* ZDSwizzle.m */ = {isa = PBXFileReference; fileEncoding = 4; lastKnownFileType = sourcecode.c.objc; path = ZDSwizzle.m; sourceTree = "<group>"; };
		056F7F761BBA676B0000FB9C /* NSObject+ZDSwizzle.h */ = {isa = PBXFileReference; fileEncoding = 4; lastKnownFileType = sourcecode.c.h; path = "NSObject+ZDSwizzle.h"; sourceTree = "<group>"; };
		056F7F771BBA676B0000FB9C /* NSObject+ZDSwizzle.m */ = {isa = PBXFileReference; fileEncoding = 4; lastKnownFileType = sourcecode.c.objc; path = "NSObject+ZDSwizzle.m"; sourceTree = "<group>"; };
		BC13A5B91BCB5CB500615428 /* RACEXTScope.h */ = {isa = PBXFileReference; fileEncoding = 4; lastKnownFileType = sourcecode.c.h; path = RACEXTScope.h; sourceTree = "<group>"; };
		BC13A5BA1BCB5CB500615428 /* RACmetamacros.h */ = {isa = PBXFileReference; fileEncoding = 4; lastKnownFileType = sourcecode.c.h; path = RACmetamacros.h; sourceTree = "<group>"; };
		BC1AD5C71BA669E4001A68F2 /* JRSwizzle.h */ = {isa = PBXFileReference; fileEncoding = 4; lastKnownFileType = sourcecode.c.h; path = JRSwizzle.h; sourceTree = "<group>"; };
		BC1AD5C81BA669E4001A68F2 /* JRSwizzle.m */ = {isa = PBXFileReference; fileEncoding = 4; lastKnownFileType = sourcecode.c.objc; path = JRSwizzle.m; sourceTree = "<group>"; };
		BC1AD5C91BA669E4001A68F2 /* NSObject+Runtime.h */ = {isa = PBXFileReference; fileEncoding = 4; lastKnownFileType = sourcecode.c.h; path = "NSObject+Runtime.h"; sourceTree = "<group>"; };
		BC1AD5CA1BA669E4001A68F2 /* NSObject+Runtime.m */ = {isa = PBXFileReference; fileEncoding = 4; lastKnownFileType = sourcecode.c.objc; path = "NSObject+Runtime.m"; sourceTree = "<group>"; };
		BC1AD5D11BA669E4001A68F2 /* BKMacros.h */ = {isa = PBXFileReference; fileEncoding = 4; lastKnownFileType = sourcecode.c.h; path = BKMacros.h; sourceTree = "<group>"; };
		BC1AD5D21BA669E4001A68F2 /* NSArray+BlocksKit.h */ = {isa = PBXFileReference; fileEncoding = 4; lastKnownFileType = sourcecode.c.h; path = "NSArray+BlocksKit.h"; sourceTree = "<group>"; };
		BC1AD5D31BA669E4001A68F2 /* NSArray+BlocksKit.m */ = {isa = PBXFileReference; fileEncoding = 4; lastKnownFileType = sourcecode.c.objc; path = "NSArray+BlocksKit.m"; sourceTree = "<group>"; };
		BC1AD5D41BA669E4001A68F2 /* NSDictionary+BlocksKit.h */ = {isa = PBXFileReference; fileEncoding = 4; lastKnownFileType = sourcecode.c.h; path = "NSDictionary+BlocksKit.h"; sourceTree = "<group>"; };
		BC1AD5D51BA669E4001A68F2 /* NSDictionary+BlocksKit.m */ = {isa = PBXFileReference; fileEncoding = 4; lastKnownFileType = sourcecode.c.objc; path = "NSDictionary+BlocksKit.m"; sourceTree = "<group>"; };
		BC1AD5D61BA669E4001A68F2 /* NSIndexSet+BlocksKit.h */ = {isa = PBXFileReference; fileEncoding = 4; lastKnownFileType = sourcecode.c.h; path = "NSIndexSet+BlocksKit.h"; sourceTree = "<group>"; };
		BC1AD5D71BA669E4001A68F2 /* NSIndexSet+BlocksKit.m */ = {isa = PBXFileReference; fileEncoding = 4; lastKnownFileType = sourcecode.c.objc; path = "NSIndexSet+BlocksKit.m"; sourceTree = "<group>"; };
		BC1AD5D81BA669E4001A68F2 /* NSInvocation+BlocksKit.h */ = {isa = PBXFileReference; fileEncoding = 4; lastKnownFileType = sourcecode.c.h; path = "NSInvocation+BlocksKit.h"; sourceTree = "<group>"; };
		BC1AD5D91BA669E4001A68F2 /* NSInvocation+BlocksKit.m */ = {isa = PBXFileReference; fileEncoding = 4; lastKnownFileType = sourcecode.c.objc; path = "NSInvocation+BlocksKit.m"; sourceTree = "<group>"; };
		BC1AD5DA1BA669E4001A68F2 /* NSMapTable+BlocksKit.h */ = {isa = PBXFileReference; fileEncoding = 4; lastKnownFileType = sourcecode.c.h; path = "NSMapTable+BlocksKit.h"; sourceTree = "<group>"; };
		BC1AD5DB1BA669E4001A68F2 /* NSMapTable+BlocksKit.m */ = {isa = PBXFileReference; fileEncoding = 4; lastKnownFileType = sourcecode.c.objc; path = "NSMapTable+BlocksKit.m"; sourceTree = "<group>"; };
		BC1AD5DC1BA669E4001A68F2 /* NSMutableArray+BlocksKit.h */ = {isa = PBXFileReference; fileEncoding = 4; lastKnownFileType = sourcecode.c.h; path = "NSMutableArray+BlocksKit.h"; sourceTree = "<group>"; };
		BC1AD5DD1BA669E4001A68F2 /* NSMutableArray+BlocksKit.m */ = {isa = PBXFileReference; fileEncoding = 4; lastKnownFileType = sourcecode.c.objc; path = "NSMutableArray+BlocksKit.m"; sourceTree = "<group>"; };
		BC1AD5DE1BA669E4001A68F2 /* NSMutableDictionary+BlocksKit.h */ = {isa = PBXFileReference; fileEncoding = 4; lastKnownFileType = sourcecode.c.h; path = "NSMutableDictionary+BlocksKit.h"; sourceTree = "<group>"; };
		BC1AD5DF1BA669E4001A68F2 /* NSMutableDictionary+BlocksKit.m */ = {isa = PBXFileReference; fileEncoding = 4; lastKnownFileType = sourcecode.c.objc; path = "NSMutableDictionary+BlocksKit.m"; sourceTree = "<group>"; };
		BC1AD5E01BA669E4001A68F2 /* NSMutableIndexSet+BlocksKit.h */ = {isa = PBXFileReference; fileEncoding = 4; lastKnownFileType = sourcecode.c.h; path = "NSMutableIndexSet+BlocksKit.h"; sourceTree = "<group>"; };
		BC1AD5E11BA669E4001A68F2 /* NSMutableIndexSet+BlocksKit.m */ = {isa = PBXFileReference; fileEncoding = 4; lastKnownFileType = sourcecode.c.objc; path = "NSMutableIndexSet+BlocksKit.m"; sourceTree = "<group>"; };
		BC1AD5E21BA669E4001A68F2 /* NSMutableOrderedSet+BlocksKit.h */ = {isa = PBXFileReference; fileEncoding = 4; lastKnownFileType = sourcecode.c.h; path = "NSMutableOrderedSet+BlocksKit.h"; sourceTree = "<group>"; };
		BC1AD5E31BA669E4001A68F2 /* NSMutableOrderedSet+BlocksKit.m */ = {isa = PBXFileReference; fileEncoding = 4; lastKnownFileType = sourcecode.c.objc; path = "NSMutableOrderedSet+BlocksKit.m"; sourceTree = "<group>"; };
		BC1AD5E41BA669E4001A68F2 /* NSMutableSet+BlocksKit.h */ = {isa = PBXFileReference; fileEncoding = 4; lastKnownFileType = sourcecode.c.h; path = "NSMutableSet+BlocksKit.h"; sourceTree = "<group>"; };
		BC1AD5E51BA669E4001A68F2 /* NSMutableSet+BlocksKit.m */ = {isa = PBXFileReference; fileEncoding = 4; lastKnownFileType = sourcecode.c.objc; path = "NSMutableSet+BlocksKit.m"; sourceTree = "<group>"; };
		BC1AD5E61BA669E4001A68F2 /* NSObject+BKAssociatedObjects.h */ = {isa = PBXFileReference; fileEncoding = 4; lastKnownFileType = sourcecode.c.h; path = "NSObject+BKAssociatedObjects.h"; sourceTree = "<group>"; };
		BC1AD5E71BA669E4001A68F2 /* NSObject+BKAssociatedObjects.m */ = {isa = PBXFileReference; fileEncoding = 4; lastKnownFileType = sourcecode.c.objc; path = "NSObject+BKAssociatedObjects.m"; sourceTree = "<group>"; };
		BC1AD5E81BA669E4001A68F2 /* NSObject+BKBlockExecution.h */ = {isa = PBXFileReference; fileEncoding = 4; lastKnownFileType = sourcecode.c.h; path = "NSObject+BKBlockExecution.h"; sourceTree = "<group>"; };
		BC1AD5E91BA669E4001A68F2 /* NSObject+BKBlockExecution.m */ = {isa = PBXFileReference; fileEncoding = 4; lastKnownFileType = sourcecode.c.objc; path = "NSObject+BKBlockExecution.m"; sourceTree = "<group>"; };
		BC1AD5EA1BA669E4001A68F2 /* NSObject+BKBlockObservation.h */ = {isa = PBXFileReference; fileEncoding = 4; lastKnownFileType = sourcecode.c.h; path = "NSObject+BKBlockObservation.h"; sourceTree = "<group>"; };
		BC1AD5EB1BA669E4001A68F2 /* NSObject+BKBlockObservation.m */ = {isa = PBXFileReference; fileEncoding = 4; lastKnownFileType = sourcecode.c.objc; path = "NSObject+BKBlockObservation.m"; sourceTree = "<group>"; };
		BC1AD5EC1BA669E4001A68F2 /* NSOrderedSet+BlocksKit.h */ = {isa = PBXFileReference; fileEncoding = 4; lastKnownFileType = sourcecode.c.h; path = "NSOrderedSet+BlocksKit.h"; sourceTree = "<group>"; };
		BC1AD5ED1BA669E4001A68F2 /* NSOrderedSet+BlocksKit.m */ = {isa = PBXFileReference; fileEncoding = 4; lastKnownFileType = sourcecode.c.objc; path = "NSOrderedSet+BlocksKit.m"; sourceTree = "<group>"; };
		BC1AD5EE1BA669E4001A68F2 /* NSSet+BlocksKit.h */ = {isa = PBXFileReference; fileEncoding = 4; lastKnownFileType = sourcecode.c.h; path = "NSSet+BlocksKit.h"; sourceTree = "<group>"; };
		BC1AD5EF1BA669E4001A68F2 /* NSSet+BlocksKit.m */ = {isa = PBXFileReference; fileEncoding = 4; lastKnownFileType = sourcecode.c.objc; path = "NSSet+BlocksKit.m"; sourceTree = "<group>"; };
		BC1AD5F01BA669E4001A68F2 /* NSTimer+BlocksKit.h */ = {isa = PBXFileReference; fileEncoding = 4; lastKnownFileType = sourcecode.c.h; path = "NSTimer+BlocksKit.h"; sourceTree = "<group>"; };
		BC1AD5F11BA669E4001A68F2 /* NSTimer+BlocksKit.m */ = {isa = PBXFileReference; fileEncoding = 4; lastKnownFileType = sourcecode.c.objc; path = "NSTimer+BlocksKit.m"; sourceTree = "<group>"; };
		BC4647F01B8336D70014F730 /* ZDDefine.h */ = {isa = PBXFileReference; fileEncoding = 4; lastKnownFileType = sourcecode.c.h; path = ZDDefine.h; sourceTree = "<group>"; };
		BC514C311BAFEC0A001B4D46 /* NOBRuntime.h */ = {isa = PBXFileReference; fileEncoding = 4; lastKnownFileType = sourcecode.c.h; path = NOBRuntime.h; sourceTree = "<group>"; };
		BC514C321BAFEC0A001B4D46 /* NOBRuntime.m */ = {isa = PBXFileReference; fileEncoding = 4; lastKnownFileType = sourcecode.c.objc; path = NOBRuntime.m; sourceTree = "<group>"; };
		BC5299E31BD62E9900F2BA6C /* OnePasswordExtension.h */ = {isa = PBXFileReference; fileEncoding = 4; lastKnownFileType = sourcecode.c.h; path = OnePasswordExtension.h; sourceTree = "<group>"; };
		BC5299E41BD62E9900F2BA6C /* OnePasswordExtension.m */ = {isa = PBXFileReference; fileEncoding = 4; lastKnownFileType = sourcecode.c.objc; path = OnePasswordExtension.m; sourceTree = "<group>"; };
		BC9B1D251B50FB8B002C6C5B /* ZDUtility.app */ = {isa = PBXFileReference; explicitFileType = wrapper.application; includeInIndex = 0; path = ZDUtility.app; sourceTree = BUILT_PRODUCTS_DIR; };
		BC9B1D291B50FB8B002C6C5B /* Info.plist */ = {isa = PBXFileReference; lastKnownFileType = text.plist.xml; path = Info.plist; sourceTree = "<group>"; };
		BC9B1D2A1B50FB8B002C6C5B /* main.m */ = {isa = PBXFileReference; lastKnownFileType = sourcecode.c.objc; path = main.m; sourceTree = "<group>"; };
		BC9B1D2C1B50FB8B002C6C5B /* AppDelegate.h */ = {isa = PBXFileReference; lastKnownFileType = sourcecode.c.h; path = AppDelegate.h; sourceTree = "<group>"; };
		BC9B1D2D1B50FB8B002C6C5B /* AppDelegate.m */ = {isa = PBXFileReference; lastKnownFileType = sourcecode.c.objc; path = AppDelegate.m; sourceTree = "<group>"; };
		BC9B1D2F1B50FB8B002C6C5B /* ViewController.h */ = {isa = PBXFileReference; lastKnownFileType = sourcecode.c.h; path = ViewController.h; sourceTree = "<group>"; };
		BC9B1D301B50FB8B002C6C5B /* ViewController.m */ = {isa = PBXFileReference; lastKnownFileType = sourcecode.c.objc; path = ViewController.m; sourceTree = "<group>"; };
		BC9B1D331B50FB8B002C6C5B /* Base */ = {isa = PBXFileReference; lastKnownFileType = file.storyboard; name = Base; path = Base.lproj/Main.storyboard; sourceTree = "<group>"; };
		BC9B1D351B50FB8B002C6C5B /* Images.xcassets */ = {isa = PBXFileReference; lastKnownFileType = folder.assetcatalog; path = Images.xcassets; sourceTree = "<group>"; };
		BC9B1D381B50FB8B002C6C5B /* Base */ = {isa = PBXFileReference; lastKnownFileType = file.xib; name = Base; path = Base.lproj/LaunchScreen.xib; sourceTree = "<group>"; };
		BC9B1D3E1B50FB8B002C6C5B /* ZDUtilityTests.xctest */ = {isa = PBXFileReference; explicitFileType = wrapper.cfbundle; includeInIndex = 0; path = ZDUtilityTests.xctest; sourceTree = BUILT_PRODUCTS_DIR; };
		BC9B1D431B50FB8B002C6C5B /* Info.plist */ = {isa = PBXFileReference; lastKnownFileType = text.plist.xml; path = Info.plist; sourceTree = "<group>"; };
		BC9B1D441B50FB8B002C6C5B /* ZDUtilityTests.m */ = {isa = PBXFileReference; lastKnownFileType = sourcecode.c.objc; path = ZDUtilityTests.m; sourceTree = "<group>"; };
		BC9B1D501B50FC35002C6C5B /* ZDFileManager.h */ = {isa = PBXFileReference; fileEncoding = 4; lastKnownFileType = sourcecode.c.h; path = ZDFileManager.h; sourceTree = "<group>"; };
		BC9B1D511B50FC35002C6C5B /* ZDFileManager.m */ = {isa = PBXFileReference; fileEncoding = 4; lastKnownFileType = sourcecode.c.objc; path = ZDFileManager.m; sourceTree = "<group>"; };
		BCA031E51BA55D6B00CF1EA5 /* ZDFunction.h */ = {isa = PBXFileReference; fileEncoding = 4; lastKnownFileType = sourcecode.c.h; path = ZDFunction.h; sourceTree = "<group>"; };
		BCA031E61BA55D6B00CF1EA5 /* ZDFunction.m */ = {isa = PBXFileReference; fileEncoding = 4; lastKnownFileType = sourcecode.c.objc; path = ZDFunction.m; sourceTree = "<group>"; };
		BCB7732E1B7088CA00B77BFE /* UIView+Utility.h */ = {isa = PBXFileReference; fileEncoding = 4; lastKnownFileType = sourcecode.c.h; path = "UIView+Utility.h"; sourceTree = "<group>"; };
		BCB7732F1B7088CA00B77BFE /* UIView+Utility.m */ = {isa = PBXFileReference; fileEncoding = 4; lastKnownFileType = sourcecode.c.objc; path = "UIView+Utility.m"; sourceTree = "<group>"; };
		BCCE328B1BAA925800FFD573 /* UIView+AutoFlowLayout.h */ = {isa = PBXFileReference; fileEncoding = 4; lastKnownFileType = sourcecode.c.h; path = "UIView+AutoFlowLayout.h"; sourceTree = "<group>"; };
		BCCE328C1BAA925800FFD573 /* UIView+AutoFlowLayout.m */ = {isa = PBXFileReference; fileEncoding = 4; lastKnownFileType = sourcecode.c.objc; path = "UIView+AutoFlowLayout.m"; sourceTree = "<group>"; };
		BCCE328D1BAA925800FFD573 /* UIView+AutoLayout.h */ = {isa = PBXFileReference; fileEncoding = 4; lastKnownFileType = sourcecode.c.h; path = "UIView+AutoLayout.h"; sourceTree = "<group>"; };
		BCCE328E1BAA925800FFD573 /* UIView+AutoLayout.m */ = {isa = PBXFileReference; fileEncoding = 4; lastKnownFileType = sourcecode.c.objc; path = "UIView+AutoLayout.m"; sourceTree = "<group>"; };
		BCCE328F1BAA925800FFD573 /* UIView+FDCollapsibleConstraints.h */ = {isa = PBXFileReference; fileEncoding = 4; lastKnownFileType = sourcecode.c.h; path = "UIView+FDCollapsibleConstraints.h"; sourceTree = "<group>"; };
		BCCE32901BAA925800FFD573 /* UIView+FDCollapsibleConstraints.m */ = {isa = PBXFileReference; fileEncoding = 4; lastKnownFileType = sourcecode.c.objc; path = "UIView+FDCollapsibleConstraints.m"; sourceTree = "<group>"; };
		BCCE32911BAA925800FFD573 /* UIView+RZAutoLayoutHelpers.h */ = {isa = PBXFileReference; fileEncoding = 4; lastKnownFileType = sourcecode.c.h; path = "UIView+RZAutoLayoutHelpers.h"; sourceTree = "<group>"; };
		BCCE32921BAA925800FFD573 /* UIView+RZAutoLayoutHelpers.m */ = {isa = PBXFileReference; fileEncoding = 4; lastKnownFileType = sourcecode.c.objc; path = "UIView+RZAutoLayoutHelpers.m"; sourceTree = "<group>"; };
/* End PBXFileReference section */

/* Begin PBXFrameworksBuildPhase section */
		BC9B1D221B50FB8B002C6C5B /* Frameworks */ = {
			isa = PBXFrameworksBuildPhase;
			buildActionMask = 2147483647;
			files = (
			);
			runOnlyForDeploymentPostprocessing = 0;
		};
		BC9B1D3B1B50FB8B002C6C5B /* Frameworks */ = {
			isa = PBXFrameworksBuildPhase;
			buildActionMask = 2147483647;
			files = (
			);
			runOnlyForDeploymentPostprocessing = 0;
		};
/* End PBXFrameworksBuildPhase section */

/* Begin PBXGroup section */
		BC1AD5C61BA669E4001A68F2 /* Runtime */ = {
			isa = PBXGroup;
			children = (
				BC1AD5C71BA669E4001A68F2 /* JRSwizzle.h */,
				BC1AD5C81BA669E4001A68F2 /* JRSwizzle.m */,
				BC514C311BAFEC0A001B4D46 /* NOBRuntime.h */,
				BC514C321BAFEC0A001B4D46 /* NOBRuntime.m */,
				BC1AD5C91BA669E4001A68F2 /* NSObject+Runtime.h */,
				BC1AD5CA1BA669E4001A68F2 /* NSObject+Runtime.m */,
				056F7F731BBA66760000FB9C /* ZDSwizzle.h */,
				056F7F741BBA66760000FB9C /* ZDSwizzle.m */,
				056F7F761BBA676B0000FB9C /* NSObject+ZDSwizzle.h */,
				056F7F771BBA676B0000FB9C /* NSObject+ZDSwizzle.m */,
			);
			path = Runtime;
			sourceTree = "<group>";
		};
		BC1AD5D01BA669E4001A68F2 /* ZDBlock */ = {
			isa = PBXGroup;
			children = (
				BC1AD5D11BA669E4001A68F2 /* BKMacros.h */,
				BC1AD5D21BA669E4001A68F2 /* NSArray+BlocksKit.h */,
				BC1AD5D31BA669E4001A68F2 /* NSArray+BlocksKit.m */,
				BC1AD5D41BA669E4001A68F2 /* NSDictionary+BlocksKit.h */,
				BC1AD5D51BA669E4001A68F2 /* NSDictionary+BlocksKit.m */,
				BC1AD5D61BA669E4001A68F2 /* NSIndexSet+BlocksKit.h */,
				BC1AD5D71BA669E4001A68F2 /* NSIndexSet+BlocksKit.m */,
				BC1AD5D81BA669E4001A68F2 /* NSInvocation+BlocksKit.h */,
				BC1AD5D91BA669E4001A68F2 /* NSInvocation+BlocksKit.m */,
				BC1AD5DA1BA669E4001A68F2 /* NSMapTable+BlocksKit.h */,
				BC1AD5DB1BA669E4001A68F2 /* NSMapTable+BlocksKit.m */,
				BC1AD5DC1BA669E4001A68F2 /* NSMutableArray+BlocksKit.h */,
				BC1AD5DD1BA669E4001A68F2 /* NSMutableArray+BlocksKit.m */,
				BC1AD5DE1BA669E4001A68F2 /* NSMutableDictionary+BlocksKit.h */,
				BC1AD5DF1BA669E4001A68F2 /* NSMutableDictionary+BlocksKit.m */,
				BC1AD5E01BA669E4001A68F2 /* NSMutableIndexSet+BlocksKit.h */,
				BC1AD5E11BA669E4001A68F2 /* NSMutableIndexSet+BlocksKit.m */,
				BC1AD5E21BA669E4001A68F2 /* NSMutableOrderedSet+BlocksKit.h */,
				BC1AD5E31BA669E4001A68F2 /* NSMutableOrderedSet+BlocksKit.m */,
				BC1AD5E41BA669E4001A68F2 /* NSMutableSet+BlocksKit.h */,
				BC1AD5E51BA669E4001A68F2 /* NSMutableSet+BlocksKit.m */,
				BC1AD5E61BA669E4001A68F2 /* NSObject+BKAssociatedObjects.h */,
				BC1AD5E71BA669E4001A68F2 /* NSObject+BKAssociatedObjects.m */,
				BC1AD5E81BA669E4001A68F2 /* NSObject+BKBlockExecution.h */,
				BC1AD5E91BA669E4001A68F2 /* NSObject+BKBlockExecution.m */,
				BC1AD5EA1BA669E4001A68F2 /* NSObject+BKBlockObservation.h */,
				BC1AD5EB1BA669E4001A68F2 /* NSObject+BKBlockObservation.m */,
				BC1AD5EC1BA669E4001A68F2 /* NSOrderedSet+BlocksKit.h */,
				BC1AD5ED1BA669E4001A68F2 /* NSOrderedSet+BlocksKit.m */,
				BC1AD5EE1BA669E4001A68F2 /* NSSet+BlocksKit.h */,
				BC1AD5EF1BA669E4001A68F2 /* NSSet+BlocksKit.m */,
				BC1AD5F01BA669E4001A68F2 /* NSTimer+BlocksKit.h */,
				BC1AD5F11BA669E4001A68F2 /* NSTimer+BlocksKit.m */,
			);
			path = ZDBlock;
			sourceTree = "<group>";
		};
		BC9B1D1C1B50FB8B002C6C5B = {
			isa = PBXGroup;
			children = (
				BC9B1D4F1B50FC1B002C6C5B /* ZDUtilityTool */,
				BC9B1D271B50FB8B002C6C5B /* ZDUtility */,
				BC9B1D411B50FB8B002C6C5B /* ZDUtilityTests */,
				BC9B1D261B50FB8B002C6C5B /* Products */,
			);
			sourceTree = "<group>";
		};
		BC9B1D261B50FB8B002C6C5B /* Products */ = {
			isa = PBXGroup;
			children = (
				BC9B1D251B50FB8B002C6C5B /* ZDUtility.app */,
				BC9B1D3E1B50FB8B002C6C5B /* ZDUtilityTests.xctest */,
			);
			name = Products;
			sourceTree = "<group>";
		};
		BC9B1D271B50FB8B002C6C5B /* ZDUtility */ = {
			isa = PBXGroup;
			children = (
				BC9B1D2C1B50FB8B002C6C5B /* AppDelegate.h */,
				BC9B1D2D1B50FB8B002C6C5B /* AppDelegate.m */,
				BC9B1D2F1B50FB8B002C6C5B /* ViewController.h */,
				BC9B1D301B50FB8B002C6C5B /* ViewController.m */,
				BC9B1D321B50FB8B002C6C5B /* Main.storyboard */,
				BC9B1D351B50FB8B002C6C5B /* Images.xcassets */,
				BC9B1D371B50FB8B002C6C5B /* LaunchScreen.xib */,
				BC9B1D281B50FB8B002C6C5B /* Supporting Files */,
			);
			path = ZDUtility;
			sourceTree = "<group>";
		};
		BC9B1D281B50FB8B002C6C5B /* Supporting Files */ = {
			isa = PBXGroup;
			children = (
				BC9B1D291B50FB8B002C6C5B /* Info.plist */,
				BC9B1D2A1B50FB8B002C6C5B /* main.m */,
			);
			name = "Supporting Files";
			sourceTree = "<group>";
		};
		BC9B1D411B50FB8B002C6C5B /* ZDUtilityTests */ = {
			isa = PBXGroup;
			children = (
				BC9B1D441B50FB8B002C6C5B /* ZDUtilityTests.m */,
				BC9B1D421B50FB8B002C6C5B /* Supporting Files */,
			);
			path = ZDUtilityTests;
			sourceTree = "<group>";
		};
		BC9B1D421B50FB8B002C6C5B /* Supporting Files */ = {
			isa = PBXGroup;
			children = (
				BC9B1D431B50FB8B002C6C5B /* Info.plist */,
			);
			name = "Supporting Files";
			sourceTree = "<group>";
		};
		BC9B1D4F1B50FC1B002C6C5B /* ZDUtilityTool */ = {
			isa = PBXGroup;
			children = (
				BC4647F01B8336D70014F730 /* ZDDefine.h */,
				BCA031E51BA55D6B00CF1EA5 /* ZDFunction.h */,
				BCA031E61BA55D6B00CF1EA5 /* ZDFunction.m */,
				BC9B1D501B50FC35002C6C5B /* ZDFileManager.h */,
				BC9B1D511B50FC35002C6C5B /* ZDFileManager.m */,
				BCB7732E1B7088CA00B77BFE /* UIView+Utility.h */,
				BCB7732F1B7088CA00B77BFE /* UIView+Utility.m */,
				056F7F701BBA63A10000FB9C /* ZDSafe.h */,
				056F7F711BBA63A10000FB9C /* ZDSafe.m */,
				BC13A5B91BCB5CB500615428 /* RACEXTScope.h */,
				BC13A5BA1BCB5CB500615428 /* RACmetamacros.h */,
				BC5299E31BD62E9900F2BA6C /* OnePasswordExtension.h */,
				BC5299E41BD62E9900F2BA6C /* OnePasswordExtension.m */,
				BCCE328A1BAA925800FFD573 /* ZDAutoLayout */,
				BC1AD5C61BA669E4001A68F2 /* Runtime */,
				BC1AD5D01BA669E4001A68F2 /* ZDBlock */,
			);
			path = ZDUtilityTool;
			sourceTree = "<group>";
		};
		BCCE328A1BAA925800FFD573 /* ZDAutoLayout */ = {
			isa = PBXGroup;
			children = (
				BCCE328B1BAA925800FFD573 /* UIView+AutoFlowLayout.h */,
				BCCE328C1BAA925800FFD573 /* UIView+AutoFlowLayout.m */,
				BCCE328D1BAA925800FFD573 /* UIView+AutoLayout.h */,
				BCCE328E1BAA925800FFD573 /* UIView+AutoLayout.m */,
				BCCE328F1BAA925800FFD573 /* UIView+FDCollapsibleConstraints.h */,
				BCCE32901BAA925800FFD573 /* UIView+FDCollapsibleConstraints.m */,
				BCCE32911BAA925800FFD573 /* UIView+RZAutoLayoutHelpers.h */,
				BCCE32921BAA925800FFD573 /* UIView+RZAutoLayoutHelpers.m */,
			);
			path = ZDAutoLayout;
			sourceTree = "<group>";
		};
/* End PBXGroup section */

/* Begin PBXNativeTarget section */
		BC9B1D241B50FB8B002C6C5B /* ZDUtility */ = {
			isa = PBXNativeTarget;
			buildConfigurationList = BC9B1D481B50FB8B002C6C5B /* Build configuration list for PBXNativeTarget "ZDUtility" */;
			buildPhases = (
				BC9B1D211B50FB8B002C6C5B /* Sources */,
				BC9B1D221B50FB8B002C6C5B /* Frameworks */,
				BC9B1D231B50FB8B002C6C5B /* Resources */,
			);
			buildRules = (
			);
			dependencies = (
			);
			name = ZDUtility;
			productName = ZDUtility;
			productReference = BC9B1D251B50FB8B002C6C5B /* ZDUtility.app */;
			productType = "com.apple.product-type.application";
		};
		BC9B1D3D1B50FB8B002C6C5B /* ZDUtilityTests */ = {
			isa = PBXNativeTarget;
			buildConfigurationList = BC9B1D4B1B50FB8B002C6C5B /* Build configuration list for PBXNativeTarget "ZDUtilityTests" */;
			buildPhases = (
				BC9B1D3A1B50FB8B002C6C5B /* Sources */,
				BC9B1D3B1B50FB8B002C6C5B /* Frameworks */,
				BC9B1D3C1B50FB8B002C6C5B /* Resources */,
			);
			buildRules = (
			);
			dependencies = (
				BC9B1D401B50FB8B002C6C5B /* PBXTargetDependency */,
			);
			name = ZDUtilityTests;
			productName = ZDUtilityTests;
			productReference = BC9B1D3E1B50FB8B002C6C5B /* ZDUtilityTests.xctest */;
			productType = "com.apple.product-type.bundle.unit-test";
		};
/* End PBXNativeTarget section */

/* Begin PBXProject section */
		BC9B1D1D1B50FB8B002C6C5B /* Project object */ = {
			isa = PBXProject;
			attributes = {
				LastUpgradeCheck = 0640;
				ORGANIZATIONNAME = Fate.D.Saber;
				TargetAttributes = {
					BC9B1D241B50FB8B002C6C5B = {
						CreatedOnToolsVersion = 6.4;
					};
					BC9B1D3D1B50FB8B002C6C5B = {
						CreatedOnToolsVersion = 6.4;
						TestTargetID = BC9B1D241B50FB8B002C6C5B;
					};
				};
			};
			buildConfigurationList = BC9B1D201B50FB8B002C6C5B /* Build configuration list for PBXProject "ZDUtility" */;
			compatibilityVersion = "Xcode 3.2";
			developmentRegion = English;
			hasScannedForEncodings = 0;
			knownRegions = (
				en,
				Base,
			);
			mainGroup = BC9B1D1C1B50FB8B002C6C5B;
			productRefGroup = BC9B1D261B50FB8B002C6C5B /* Products */;
			projectDirPath = "";
			projectRoot = "";
			targets = (
				BC9B1D241B50FB8B002C6C5B /* ZDUtility */,
				BC9B1D3D1B50FB8B002C6C5B /* ZDUtilityTests */,
			);
		};
/* End PBXProject section */

/* Begin PBXResourcesBuildPhase section */
		BC9B1D231B50FB8B002C6C5B /* Resources */ = {
			isa = PBXResourcesBuildPhase;
			buildActionMask = 2147483647;
			files = (
				BC9B1D341B50FB8B002C6C5B /* Main.storyboard in Resources */,
				BC9B1D391B50FB8B002C6C5B /* LaunchScreen.xib in Resources */,
				BC9B1D361B50FB8B002C6C5B /* Images.xcassets in Resources */,
			);
			runOnlyForDeploymentPostprocessing = 0;
		};
		BC9B1D3C1B50FB8B002C6C5B /* Resources */ = {
			isa = PBXResourcesBuildPhase;
			buildActionMask = 2147483647;
			files = (
			);
			runOnlyForDeploymentPostprocessing = 0;
		};
/* End PBXResourcesBuildPhase section */

/* Begin PBXSourcesBuildPhase section */
		BC9B1D211B50FB8B002C6C5B /* Sources */ = {
			isa = PBXSourcesBuildPhase;
			buildActionMask = 2147483647;
			files = (
				056F7F721BBA63A10000FB9C /* ZDSafe.m in Sources */,
				BC1AD6031BA669E4001A68F2 /* NSOrderedSet+BlocksKit.m in Sources */,
				BC1AD6041BA669E4001A68F2 /* NSSet+BlocksKit.m in Sources */,
				BC1AD5F61BA669E4001A68F2 /* NSArray+BlocksKit.m in Sources */,
				BCCE32931BAA925800FFD573 /* UIView+AutoFlowLayout.m in Sources */,
				BC9B1D311B50FB8B002C6C5B /* ViewController.m in Sources */,
				BC5299E51BD62E9900F2BA6C /* OnePasswordExtension.m in Sources */,
				BC1AD5FE1BA669E4001A68F2 /* NSMutableOrderedSet+BlocksKit.m in Sources */,
				BC1AD6001BA669E4001A68F2 /* NSObject+BKAssociatedObjects.m in Sources */,
				BC9B1D2E1B50FB8B002C6C5B /* AppDelegate.m in Sources */,
				056F7F751BBA66760000FB9C /* ZDSwizzle.m in Sources */,
				BC1AD6021BA669E4001A68F2 /* NSObject+BKBlockObservation.m in Sources */,
				BC1AD6011BA669E4001A68F2 /* NSObject+BKBlockExecution.m in Sources */,
				BCB773301B7088CA00B77BFE /* UIView+Utility.m in Sources */,
				BC9B1D2B1B50FB8B002C6C5B /* main.m in Sources */,
				BC1AD5F31BA669E4001A68F2 /* NSObject+Runtime.m in Sources */,
				BC514C331BAFEC0A001B4D46 /* NOBRuntime.m in Sources */,
				BC9B1D521B50FC35002C6C5B /* ZDFileManager.m in Sources */,
				BCCE32961BAA925800FFD573 /* UIView+RZAutoLayoutHelpers.m in Sources */,
				BC1AD5FB1BA669E4001A68F2 /* NSMutableArray+BlocksKit.m in Sources */,
				BC1AD5F21BA669E4001A68F2 /* JRSwizzle.m in Sources */,
				BC1AD5FD1BA669E4001A68F2 /* NSMutableIndexSet+BlocksKit.m in Sources */,
				BCCE32951BAA925800FFD573 /* UIView+FDCollapsibleConstraints.m in Sources */,
				BCA031E71BA55D6B00CF1EA5 /* ZDFunction.m in Sources */,
				BC1AD5FF1BA669E4001A68F2 /* NSMutableSet+BlocksKit.m in Sources */,
				BC1AD5F81BA669E4001A68F2 /* NSIndexSet+BlocksKit.m in Sources */,
				056F7F781BBA676B0000FB9C /* NSObject+ZDSwizzle.m in Sources */,
				BC1AD5FA1BA669E4001A68F2 /* NSMapTable+BlocksKit.m in Sources */,
				BC1AD5FC1BA669E4001A68F2 /* NSMutableDictionary+BlocksKit.m in Sources */,
				BCCE32941BAA925800FFD573 /* UIView+AutoLayout.m in Sources */,
				BC1AD6051BA669E4001A68F2 /* NSTimer+BlocksKit.m in Sources */,
				BC1AD5F71BA669E4001A68F2 /* NSDictionary+BlocksKit.m in Sources */,
				BC1AD5F91BA669E4001A68F2 /* NSInvocation+BlocksKit.m in Sources */,
			);
			runOnlyForDeploymentPostprocessing = 0;
		};
		BC9B1D3A1B50FB8B002C6C5B /* Sources */ = {
			isa = PBXSourcesBuildPhase;
			buildActionMask = 2147483647;
			files = (
				BC9B1D451B50FB8B002C6C5B /* ZDUtilityTests.m in Sources */,
			);
			runOnlyForDeploymentPostprocessing = 0;
		};
/* End PBXSourcesBuildPhase section */

/* Begin PBXTargetDependency section */
		BC9B1D401B50FB8B002C6C5B /* PBXTargetDependency */ = {
			isa = PBXTargetDependency;
			target = BC9B1D241B50FB8B002C6C5B /* ZDUtility */;
			targetProxy = BC9B1D3F1B50FB8B002C6C5B /* PBXContainerItemProxy */;
		};
/* End PBXTargetDependency section */

/* Begin PBXVariantGroup section */
		BC9B1D321B50FB8B002C6C5B /* Main.storyboard */ = {
			isa = PBXVariantGroup;
			children = (
				BC9B1D331B50FB8B002C6C5B /* Base */,
			);
			name = Main.storyboard;
			sourceTree = "<group>";
		};
		BC9B1D371B50FB8B002C6C5B /* LaunchScreen.xib */ = {
			isa = PBXVariantGroup;
			children = (
				BC9B1D381B50FB8B002C6C5B /* Base */,
			);
			name = LaunchScreen.xib;
			sourceTree = "<group>";
		};
/* End PBXVariantGroup section */

/* Begin XCBuildConfiguration section */
		BC9B1D461B50FB8B002C6C5B /* Debug */ = {
			isa = XCBuildConfiguration;
			buildSettings = {
				ALWAYS_SEARCH_USER_PATHS = NO;
				CLANG_CXX_LANGUAGE_STANDARD = "gnu++0x";
				CLANG_CXX_LIBRARY = "libc++";
				CLANG_ENABLE_MODULES = YES;
				CLANG_ENABLE_OBJC_ARC = YES;
				CLANG_WARN_BOOL_CONVERSION = YES;
				CLANG_WARN_CONSTANT_CONVERSION = YES;
				CLANG_WARN_DIRECT_OBJC_ISA_USAGE = YES_ERROR;
				CLANG_WARN_EMPTY_BODY = YES;
				CLANG_WARN_ENUM_CONVERSION = YES;
				CLANG_WARN_INT_CONVERSION = YES;
				CLANG_WARN_OBJC_ROOT_CLASS = YES_ERROR;
				CLANG_WARN_UNREACHABLE_CODE = YES;
				CLANG_WARN__DUPLICATE_METHOD_MATCH = YES;
				"CODE_SIGN_IDENTITY[sdk=iphoneos*]" = "iPhone Developer";
				COPY_PHASE_STRIP = NO;
				DEBUG_INFORMATION_FORMAT = "dwarf-with-dsym";
				ENABLE_STRICT_OBJC_MSGSEND = YES;
				GCC_C_LANGUAGE_STANDARD = gnu99;
				GCC_DYNAMIC_NO_PIC = NO;
				GCC_NO_COMMON_BLOCKS = YES;
				GCC_OPTIMIZATION_LEVEL = 0;
				GCC_PREPROCESSOR_DEFINITIONS = (
					"DEBUG=1",
					"$(inherited)",
				);
				GCC_SYMBOLS_PRIVATE_EXTERN = NO;
				GCC_WARN_64_TO_32_BIT_CONVERSION = YES;
				GCC_WARN_ABOUT_RETURN_TYPE = YES_ERROR;
				GCC_WARN_UNDECLARED_SELECTOR = YES;
				GCC_WARN_UNINITIALIZED_AUTOS = YES_AGGRESSIVE;
				GCC_WARN_UNUSED_FUNCTION = YES;
				GCC_WARN_UNUSED_VARIABLE = YES;
				IPHONEOS_DEPLOYMENT_TARGET = 8.4;
				MTL_ENABLE_DEBUG_INFO = YES;
				ONLY_ACTIVE_ARCH = YES;
				SDKROOT = iphoneos;
				TARGETED_DEVICE_FAMILY = "1,2";
			};
			name = Debug;
		};
		BC9B1D471B50FB8B002C6C5B /* Release */ = {
			isa = XCBuildConfiguration;
			buildSettings = {
				ALWAYS_SEARCH_USER_PATHS = NO;
				CLANG_CXX_LANGUAGE_STANDARD = "gnu++0x";
				CLANG_CXX_LIBRARY = "libc++";
				CLANG_ENABLE_MODULES = YES;
				CLANG_ENABLE_OBJC_ARC = YES;
				CLANG_WARN_BOOL_CONVERSION = YES;
				CLANG_WARN_CONSTANT_CONVERSION = YES;
				CLANG_WARN_DIRECT_OBJC_ISA_USAGE = YES_ERROR;
				CLANG_WARN_EMPTY_BODY = YES;
				CLANG_WARN_ENUM_CONVERSION = YES;
				CLANG_WARN_INT_CONVERSION = YES;
				CLANG_WARN_OBJC_ROOT_CLASS = YES_ERROR;
				CLANG_WARN_UNREACHABLE_CODE = YES;
				CLANG_WARN__DUPLICATE_METHOD_MATCH = YES;
				"CODE_SIGN_IDENTITY[sdk=iphoneos*]" = "iPhone Developer";
				COPY_PHASE_STRIP = NO;
				DEBUG_INFORMATION_FORMAT = "dwarf-with-dsym";
				ENABLE_NS_ASSERTIONS = NO;
				ENABLE_STRICT_OBJC_MSGSEND = YES;
				GCC_C_LANGUAGE_STANDARD = gnu99;
				GCC_NO_COMMON_BLOCKS = YES;
				GCC_WARN_64_TO_32_BIT_CONVERSION = YES;
				GCC_WARN_ABOUT_RETURN_TYPE = YES_ERROR;
				GCC_WARN_UNDECLARED_SELECTOR = YES;
				GCC_WARN_UNINITIALIZED_AUTOS = YES_AGGRESSIVE;
				GCC_WARN_UNUSED_FUNCTION = YES;
				GCC_WARN_UNUSED_VARIABLE = YES;
				IPHONEOS_DEPLOYMENT_TARGET = 8.4;
				MTL_ENABLE_DEBUG_INFO = NO;
				SDKROOT = iphoneos;
				TARGETED_DEVICE_FAMILY = "1,2";
				VALIDATE_PRODUCT = YES;
			};
			name = Release;
		};
		BC9B1D491B50FB8B002C6C5B /* Debug */ = {
			isa = XCBuildConfiguration;
			buildSettings = {
				ASSETCATALOG_COMPILER_APPICON_NAME = AppIcon;
				INFOPLIST_FILE = ZDUtility/Info.plist;
				LD_RUNPATH_SEARCH_PATHS = "$(inherited) @executable_path/Frameworks";
				PRODUCT_NAME = "$(TARGET_NAME)";
			};
			name = Debug;
		};
		BC9B1D4A1B50FB8B002C6C5B /* Release */ = {
			isa = XCBuildConfiguration;
			buildSettings = {
				ASSETCATALOG_COMPILER_APPICON_NAME = AppIcon;
				INFOPLIST_FILE = ZDUtility/Info.plist;
				LD_RUNPATH_SEARCH_PATHS = "$(inherited) @executable_path/Frameworks";
				PRODUCT_NAME = "$(TARGET_NAME)";
			};
			name = Release;
		};
		BC9B1D4C1B50FB8B002C6C5B /* Debug */ = {
			isa = XCBuildConfiguration;
			buildSettings = {
				BUNDLE_LOADER = "$(TEST_HOST)";
				FRAMEWORK_SEARCH_PATHS = (
					"$(SDKROOT)/Developer/Library/Frameworks",
					"$(inherited)",
				);
				GCC_PREPROCESSOR_DEFINITIONS = (
					"DEBUG=1",
					"$(inherited)",
				);
				INFOPLIST_FILE = ZDUtilityTests/Info.plist;
				LD_RUNPATH_SEARCH_PATHS = "$(inherited) @executable_path/Frameworks @loader_path/Frameworks";
				PRODUCT_NAME = "$(TARGET_NAME)";
				TEST_HOST = "$(BUILT_PRODUCTS_DIR)/ZDUtility.app/ZDUtility";
			};
			name = Debug;
		};
		BC9B1D4D1B50FB8B002C6C5B /* Release */ = {
			isa = XCBuildConfiguration;
			buildSettings = {
				BUNDLE_LOADER = "$(TEST_HOST)";
				FRAMEWORK_SEARCH_PATHS = (
					"$(SDKROOT)/Developer/Library/Frameworks",
					"$(inherited)",
				);
				INFOPLIST_FILE = ZDUtilityTests/Info.plist;
				LD_RUNPATH_SEARCH_PATHS = "$(inherited) @executable_path/Frameworks @loader_path/Frameworks";
				PRODUCT_NAME = "$(TARGET_NAME)";
				TEST_HOST = "$(BUILT_PRODUCTS_DIR)/ZDUtility.app/ZDUtility";
			};
			name = Release;
		};
/* End XCBuildConfiguration section */

/* Begin XCConfigurationList section */
		BC9B1D201B50FB8B002C6C5B /* Build configuration list for PBXProject "ZDUtility" */ = {
			isa = XCConfigurationList;
			buildConfigurations = (
				BC9B1D461B50FB8B002C6C5B /* Debug */,
				BC9B1D471B50FB8B002C6C5B /* Release */,
			);
			defaultConfigurationIsVisible = 0;
			defaultConfigurationName = Release;
		};
		BC9B1D481B50FB8B002C6C5B /* Build configuration list for PBXNativeTarget "ZDUtility" */ = {
			isa = XCConfigurationList;
			buildConfigurations = (
				BC9B1D491B50FB8B002C6C5B /* Debug */,
				BC9B1D4A1B50FB8B002C6C5B /* Release */,
			);
			defaultConfigurationIsVisible = 0;
			defaultConfigurationName = Release;
		};
		BC9B1D4B1B50FB8B002C6C5B /* Build configuration list for PBXNativeTarget "ZDUtilityTests" */ = {
			isa = XCConfigurationList;
			buildConfigurations = (
				BC9B1D4C1B50FB8B002C6C5B /* Debug */,
				BC9B1D4D1B50FB8B002C6C5B /* Release */,
			);
			defaultConfigurationIsVisible = 0;
			defaultConfigurationName = Release;
		};
/* End XCConfigurationList section */
	};
	rootObject = BC9B1D1D1B50FB8B002C6C5B /* Project object */;
}
