// !$*UTF8*$!
{
	archiveVersion = 1;
	classes = {
	};
	objectVersion = 46;
	objects = {

/* Begin PBXBuildFile section */
		055A578E1D430A1F00E52C7C /* UIView+draggable.m in Sources */ = {isa = PBXBuildFile; fileRef = 055A578D1D430A1F00E52C7C /* UIView+draggable.m */; };
		05B5D1B01CECC9F7000CC089 /* UIControl+ZDUtility.m in Sources */ = {isa = PBXBuildFile; fileRef = 05B5D1AF1CECC9F7000CC089 /* UIControl+ZDUtility.m */; };
		05B5D1B31CEE1153000CC089 /* TwoViewController.m in Sources */ = {isa = PBXBuildFile; fileRef = 05B5D1B21CEE1153000CC089 /* TwoViewController.m */; };
		05DA93931CDCF62600DEE384 /* UITextView+ZDUtility.m in Sources */ = {isa = PBXBuildFile; fileRef = 05DA93921CDCF62600DEE384 /* UITextView+ZDUtility.m */; };
		05EC9C6B1C53CDC300BACFE9 /* main.m in Sources */ = {isa = PBXBuildFile; fileRef = 05EC9C6A1C53CDC300BACFE9 /* main.m */; };
		05EC9C6E1C53CDC300BACFE9 /* AppDelegate.m in Sources */ = {isa = PBXBuildFile; fileRef = 05EC9C6D1C53CDC300BACFE9 /* AppDelegate.m */; };
		05EC9C711C53CDC300BACFE9 /* ViewController.m in Sources */ = {isa = PBXBuildFile; fileRef = 05EC9C701C53CDC300BACFE9 /* ViewController.m */; };
		05EC9C741C53CDC300BACFE9 /* Main.storyboard in Resources */ = {isa = PBXBuildFile; fileRef = 05EC9C721C53CDC300BACFE9 /* Main.storyboard */; };
		05EC9C761C53CDC300BACFE9 /* Assets.xcassets in Resources */ = {isa = PBXBuildFile; fileRef = 05EC9C751C53CDC300BACFE9 /* Assets.xcassets */; };
		05EC9C791C53CDC300BACFE9 /* LaunchScreen.storyboard in Resources */ = {isa = PBXBuildFile; fileRef = 05EC9C771C53CDC300BACFE9 /* LaunchScreen.storyboard */; };
		05EC9C841C53CDC300BACFE9 /* ZDToolKitDemoTests.m in Sources */ = {isa = PBXBuildFile; fileRef = 05EC9C831C53CDC300BACFE9 /* ZDToolKitDemoTests.m */; };
		05EC9C8F1C53CDC300BACFE9 /* ZDToolKitDemoUITests.m in Sources */ = {isa = PBXBuildFile; fileRef = 05EC9C8E1C53CDC300BACFE9 /* ZDToolKitDemoUITests.m */; };
		BC002CF71CFE842900292CCC /* NSObject+JKAutoCoding.m in Sources */ = {isa = PBXBuildFile; fileRef = BC002CF61CFE842900292CCC /* NSObject+JKAutoCoding.m */; };
		BC10BEC91C8EA127006D4C17 /* ZDNavigationController.m in Sources */ = {isa = PBXBuildFile; fileRef = BC10BEC81C8EA127006D4C17 /* ZDNavigationController.m */; };
		BC1349A01C60E26000BEB91D /* UIView+AutoFlowLayout.m in Sources */ = {isa = PBXBuildFile; fileRef = BC1349291C60E26000BEB91D /* UIView+AutoFlowLayout.m */; };
		BC1349A11C60E26000BEB91D /* UIView+AutoLayout.m in Sources */ = {isa = PBXBuildFile; fileRef = BC13492B1C60E26000BEB91D /* UIView+AutoLayout.m */; };
		BC1349A21C60E26000BEB91D /* UIView+FDCollapsibleConstraints.m in Sources */ = {isa = PBXBuildFile; fileRef = BC13492D1C60E26000BEB91D /* UIView+FDCollapsibleConstraints.m */; };
		BC1349A31C60E26000BEB91D /* UIView+RZAutoLayoutHelpers.m in Sources */ = {isa = PBXBuildFile; fileRef = BC13492F1C60E26000BEB91D /* UIView+RZAutoLayoutHelpers.m */; };
		BC1349B41C60E26000BEB91D /* NSArray+ZDExtend.m in Sources */ = {isa = PBXBuildFile; fileRef = BC1349551C60E26000BEB91D /* NSArray+ZDExtend.m */; };
		BC1349B51C60E26000BEB91D /* NSObject+DLIntrospection.m in Sources */ = {isa = PBXBuildFile; fileRef = BC1349571C60E26000BEB91D /* NSObject+DLIntrospection.m */; };
		BC1349B61C60E26000BEB91D /* NSObject+RZBlockKVO.m in Sources */ = {isa = PBXBuildFile; fileRef = BC1349591C60E26000BEB91D /* NSObject+RZBlockKVO.m */; };
		BC1349B81C60E26000BEB91D /* NSString+ZDUtility.m in Sources */ = {isa = PBXBuildFile; fileRef = BC13495D1C60E26000BEB91D /* NSString+ZDUtility.m */; };
		BC1349B91C60E26000BEB91D /* UIButton+ZDUtility.m in Sources */ = {isa = PBXBuildFile; fileRef = BC1349601C60E26000BEB91D /* UIButton+ZDUtility.m */; };
		BC1349BA1C60E26000BEB91D /* UIColor+ZDUtility.m in Sources */ = {isa = PBXBuildFile; fileRef = BC1349621C60E26000BEB91D /* UIColor+ZDUtility.m */; };
		BC1349BB1C60E26000BEB91D /* UIImage+ZDUtility.m in Sources */ = {isa = PBXBuildFile; fileRef = BC1349641C60E26000BEB91D /* UIImage+ZDUtility.m */; };
		BC1349BC1C60E26000BEB91D /* UIImageView+FaceAwareFill.m in Sources */ = {isa = PBXBuildFile; fileRef = BC1349661C60E26000BEB91D /* UIImageView+FaceAwareFill.m */; };
		BC1349BD1C60E26000BEB91D /* UIImageView+ZDUtility.m in Sources */ = {isa = PBXBuildFile; fileRef = BC1349681C60E26000BEB91D /* UIImageView+ZDUtility.m */; };
		BC1349BE1C60E26000BEB91D /* UIView+RZBorders.m in Sources */ = {isa = PBXBuildFile; fileRef = BC13496A1C60E26000BEB91D /* UIView+RZBorders.m */; };
		BC1349BF1C60E26000BEB91D /* UIView+ZDUtility.m in Sources */ = {isa = PBXBuildFile; fileRef = BC13496C1C60E26000BEB91D /* UIView+ZDUtility.m */; };
		BC1349C01C60E26000BEB91D /* UIViewController+ZDUtility.m in Sources */ = {isa = PBXBuildFile; fileRef = BC13496E1C60E26000BEB91D /* UIViewController+ZDUtility.m */; };
		BC1349C11C60E26000BEB91D /* UIWebView+ZDExtend.m in Sources */ = {isa = PBXBuildFile; fileRef = BC1349701C60E26000BEB91D /* UIWebView+ZDExtend.m */; };
		BC1349C21C60E26000BEB91D /* JRSwizzle.m in Sources */ = {isa = PBXBuildFile; fileRef = BC1349771C60E26000BEB91D /* JRSwizzle.m */; };
		BC1349C31C60E26000BEB91D /* NOBRuntime.m in Sources */ = {isa = PBXBuildFile; fileRef = BC1349791C60E26000BEB91D /* NOBRuntime.m */; };
		BC1349C51C60E26000BEB91D /* MAKVONotificationCenter.m in Sources */ = {isa = PBXBuildFile; fileRef = BC13497E1C60E26000BEB91D /* MAKVONotificationCenter.m */; };
		BC1349C61C60E26000BEB91D /* UINavigationController+ZDPop.m in Sources */ = {isa = PBXBuildFile; fileRef = BC1349821C60E26000BEB91D /* UINavigationController+ZDPop.m */; };
		BC1349C71C60E26000BEB91D /* UIViewController+ZDBackButtonHandler.m in Sources */ = {isa = PBXBuildFile; fileRef = BC1349841C60E26000BEB91D /* UIViewController+ZDBackButtonHandler.m */; };
		BC1349C81C60E26000BEB91D /* UIViewController+ZDPop.m in Sources */ = {isa = PBXBuildFile; fileRef = BC1349861C60E26000BEB91D /* UIViewController+ZDPop.m */; };
		BC1349C91C60E26000BEB91D /* UINavigationController+KMNavigationBarTransition.m in Sources */ = {isa = PBXBuildFile; fileRef = BC1349891C60E26000BEB91D /* UINavigationController+KMNavigationBarTransition.m */; };
		BC1349CA1C60E26000BEB91D /* UIViewController+KMNavigationBarTransition.m in Sources */ = {isa = PBXBuildFile; fileRef = BC13498B1C60E26000BEB91D /* UIViewController+KMNavigationBarTransition.m */; };
		BC1349CB1C60E26000BEB91D /* OnePasswordExtension.m in Sources */ = {isa = PBXBuildFile; fileRef = BC13498D1C60E26000BEB91D /* OnePasswordExtension.m */; };
		BC1349CC1C60E26000BEB91D /* RZAutolayoutLabel.m in Sources */ = {isa = PBXBuildFile; fileRef = BC13498F1C60E26000BEB91D /* RZAutolayoutLabel.m */; };
		BC1349CD1C60E26000BEB91D /* RZCollectionTableView.m in Sources */ = {isa = PBXBuildFile; fileRef = BC1349921C60E26000BEB91D /* RZCollectionTableView.m */; };
		BC1349CE1C60E26000BEB91D /* RZCollectionTableViewCell.m in Sources */ = {isa = PBXBuildFile; fileRef = BC1349951C60E26000BEB91D /* RZCollectionTableViewCell.m */; };
		BC1349CF1C60E26000BEB91D /* ZDFileManager.m in Sources */ = {isa = PBXBuildFile; fileRef = BC1349971C60E26000BEB91D /* ZDFileManager.m */; };
		BC1349D01C60E26000BEB91D /* ZDFunction.m in Sources */ = {isa = PBXBuildFile; fileRef = BC1349991C60E26000BEB91D /* ZDFunction.m */; };
		BC1349D11C60E26000BEB91D /* ZDSafe.m in Sources */ = {isa = PBXBuildFile; fileRef = BC13499B1C60E26000BEB91D /* ZDSafe.m */; settings = {COMPILER_FLAGS = "-fno-objc-arc"; }; };
		BC1349D21C60E26000BEB91D /* ZDTools.m in Sources */ = {isa = PBXBuildFile; fileRef = BC13499D1C60E26000BEB91D /* ZDTools.m */; };
		BC1349D31C60E26000BEB91D /* ZDProxy.m in Sources */ = {isa = PBXBuildFile; fileRef = BC13499F1C60E26000BEB91D /* ZDProxy.m */; };
		BC3A9A921D544D5800F446EE /* NSInvocation+Block.m in Sources */ = {isa = PBXBuildFile; fileRef = BC3A9A911D544D5800F446EE /* NSInvocation+Block.m */; };
		BC5877881CBD073A00466FB8 /* NSArray+BlocksKit.m in Sources */ = {isa = PBXBuildFile; fileRef = BC5877631CBD073A00466FB8 /* NSArray+BlocksKit.m */; };
		BC5877891CBD073A00466FB8 /* NSDictionary+BlocksKit.m in Sources */ = {isa = PBXBuildFile; fileRef = BC5877651CBD073A00466FB8 /* NSDictionary+BlocksKit.m */; };
		BC58778A1CBD073A00466FB8 /* NSIndexSet+BlocksKit.m in Sources */ = {isa = PBXBuildFile; fileRef = BC5877671CBD073A00466FB8 /* NSIndexSet+BlocksKit.m */; };
		BC58778B1CBD073A00466FB8 /* NSInvocation+BlocksKit.m in Sources */ = {isa = PBXBuildFile; fileRef = BC5877691CBD073A00466FB8 /* NSInvocation+BlocksKit.m */; };
		BC58778C1CBD073A00466FB8 /* NSMapTable+BlocksKit.m in Sources */ = {isa = PBXBuildFile; fileRef = BC58776B1CBD073A00466FB8 /* NSMapTable+BlocksKit.m */; };
		BC58778D1CBD073A00466FB8 /* NSMutableArray+BlocksKit.m in Sources */ = {isa = PBXBuildFile; fileRef = BC58776D1CBD073A00466FB8 /* NSMutableArray+BlocksKit.m */; };
		BC58778E1CBD073A00466FB8 /* NSMutableDictionary+BlocksKit.m in Sources */ = {isa = PBXBuildFile; fileRef = BC58776F1CBD073A00466FB8 /* NSMutableDictionary+BlocksKit.m */; };
		BC58778F1CBD073A00466FB8 /* NSMutableIndexSet+BlocksKit.m in Sources */ = {isa = PBXBuildFile; fileRef = BC5877711CBD073A00466FB8 /* NSMutableIndexSet+BlocksKit.m */; };
		BC5877901CBD073A00466FB8 /* NSMutableOrderedSet+BlocksKit.m in Sources */ = {isa = PBXBuildFile; fileRef = BC5877731CBD073A00466FB8 /* NSMutableOrderedSet+BlocksKit.m */; };
		BC5877911CBD073A00466FB8 /* NSMutableSet+BlocksKit.m in Sources */ = {isa = PBXBuildFile; fileRef = BC5877751CBD073A00466FB8 /* NSMutableSet+BlocksKit.m */; };
		BC5877921CBD073A00466FB8 /* NSNumber+BlocksKit.m in Sources */ = {isa = PBXBuildFile; fileRef = BC5877771CBD073A00466FB8 /* NSNumber+BlocksKit.m */; };
		BC5877931CBD073A00466FB8 /* NSObject+BKAssociatedObjects.m in Sources */ = {isa = PBXBuildFile; fileRef = BC5877791CBD073A00466FB8 /* NSObject+BKAssociatedObjects.m */; };
		BC5877941CBD073A00466FB8 /* NSObject+BKBlockExecution.m in Sources */ = {isa = PBXBuildFile; fileRef = BC58777B1CBD073A00466FB8 /* NSObject+BKBlockExecution.m */; };
		BC5877951CBD073A00466FB8 /* NSObject+BKBlockObservation.m in Sources */ = {isa = PBXBuildFile; fileRef = BC58777D1CBD073A00466FB8 /* NSObject+BKBlockObservation.m */; };
		BC5877961CBD073A00466FB8 /* NSOrderedSet+BlocksKit.m in Sources */ = {isa = PBXBuildFile; fileRef = BC58777F1CBD073A00466FB8 /* NSOrderedSet+BlocksKit.m */; };
		BC5877971CBD073A00466FB8 /* NSSet+BlocksKit.m in Sources */ = {isa = PBXBuildFile; fileRef = BC5877811CBD073A00466FB8 /* NSSet+BlocksKit.m */; };
		BC5877981CBD073A00466FB8 /* NSTimer+BlocksKit.m in Sources */ = {isa = PBXBuildFile; fileRef = BC5877831CBD073A00466FB8 /* NSTimer+BlocksKit.m */; };
		BC5877991CBD073A00466FB8 /* UIControl+BlocksKit.m in Sources */ = {isa = PBXBuildFile; fileRef = BC5877851CBD073A00466FB8 /* UIControl+BlocksKit.m */; };
		BC58779A1CBD073A00466FB8 /* UIGestureRecognizer+BlocksKit.m in Sources */ = {isa = PBXBuildFile; fileRef = BC5877871CBD073A00466FB8 /* UIGestureRecognizer+BlocksKit.m */; };
		BC5A641A1D6AF9EC004D8E3E /* uncrustify.cfg in Resources */ = {isa = PBXBuildFile; fileRef = BC5A64191D6AF9EC004D8E3E /* uncrustify.cfg */; };
		BCA675A61D7ED4C2009A3B49 /* ZDEdgeLabel.m in Sources */ = {isa = PBXBuildFile; fileRef = BCA675A51D7ED4C2009A3B49 /* ZDEdgeLabel.m */; };
		BCB0AB411CEDC50B00268D2A /* ZDActionLabel.m in Sources */ = {isa = PBXBuildFile; fileRef = BCB0AB401CEDC50B00268D2A /* ZDActionLabel.m */; };
		BCC003AA1D6D4AD4008971F6 /* WKWebView+ZDExtend.m in Sources */ = {isa = PBXBuildFile; fileRef = BCC003A91D6D4AD4008971F6 /* WKWebView+ZDExtend.m */; };
		BCCE43B61D13B36600EAE5E3 /* ZDTextView.m in Sources */ = {isa = PBXBuildFile; fileRef = BCCE43B51D13B36600EAE5E3 /* ZDTextView.m */; };
		BCE9474F1CA2A3E9006A4AAE /* NSObject+ZDUtility.m in Sources */ = {isa = PBXBuildFile; fileRef = BCE9474E1CA2A3E9006A4AAE /* NSObject+ZDUtility.m */; };
		BCFAB7AF1C9CFDE800E453DC /* UILabel+ZDUtility.m in Sources */ = {isa = PBXBuildFile; fileRef = BCFAB7AE1C9CFDE800E453DC /* UILabel+ZDUtility.m */; };
		BCFAB7B21C9D129500E453DC /* NSObject+ZDRuntime.m in Sources */ = {isa = PBXBuildFile; fileRef = BCFAB7B11C9D129500E453DC /* NSObject+ZDRuntime.m */; };
		CF1AB9A7B60713D931FE3A7D /* libPods.a in Frameworks */ = {isa = PBXBuildFile; fileRef = EA6C3C8909FFEC439DF6DC53 /* libPods.a */; };
/* End PBXBuildFile section */

/* Begin PBXContainerItemProxy section */
		05EC9C801C53CDC300BACFE9 /* PBXContainerItemProxy */ = {
			isa = PBXContainerItemProxy;
			containerPortal = 05EC9C5E1C53CDC300BACFE9 /* Project object */;
			proxyType = 1;
			remoteGlobalIDString = 05EC9C651C53CDC300BACFE9;
			remoteInfo = ZDToolKitDemo;
		};
		05EC9C8B1C53CDC300BACFE9 /* PBXContainerItemProxy */ = {
			isa = PBXContainerItemProxy;
			containerPortal = 05EC9C5E1C53CDC300BACFE9 /* Project object */;
			proxyType = 1;
			remoteGlobalIDString = 05EC9C651C53CDC300BACFE9;
			remoteInfo = ZDToolKitDemo;
		};
/* End PBXContainerItemProxy section */

/* Begin PBXFileReference section */
		055A578C1D430A1F00E52C7C /* UIView+draggable.h */ = {isa = PBXFileReference; fileEncoding = 4; lastKnownFileType = sourcecode.c.h; path = "UIView+draggable.h"; sourceTree = "<group>"; };
		055A578D1D430A1F00E52C7C /* UIView+draggable.m */ = {isa = PBXFileReference; fileEncoding = 4; lastKnownFileType = sourcecode.c.objc; path = "UIView+draggable.m"; sourceTree = "<group>"; };
		05B5D1AE1CECC9F7000CC089 /* UIControl+ZDUtility.h */ = {isa = PBXFileReference; fileEncoding = 4; lastKnownFileType = sourcecode.c.h; path = "UIControl+ZDUtility.h"; sourceTree = "<group>"; };
		05B5D1AF1CECC9F7000CC089 /* UIControl+ZDUtility.m */ = {isa = PBXFileReference; fileEncoding = 4; lastKnownFileType = sourcecode.c.objc; path = "UIControl+ZDUtility.m"; sourceTree = "<group>"; };
		05B5D1B11CEE1153000CC089 /* TwoViewController.h */ = {isa = PBXFileReference; fileEncoding = 4; lastKnownFileType = sourcecode.c.h; path = TwoViewController.h; sourceTree = "<group>"; };
		05B5D1B21CEE1153000CC089 /* TwoViewController.m */ = {isa = PBXFileReference; fileEncoding = 4; lastKnownFileType = sourcecode.c.objc; path = TwoViewController.m; sourceTree = "<group>"; };
		05DA93911CDCF62600DEE384 /* UITextView+ZDUtility.h */ = {isa = PBXFileReference; fileEncoding = 4; lastKnownFileType = sourcecode.c.h; path = "UITextView+ZDUtility.h"; sourceTree = "<group>"; };
		05DA93921CDCF62600DEE384 /* UITextView+ZDUtility.m */ = {isa = PBXFileReference; fileEncoding = 4; lastKnownFileType = sourcecode.c.objc; path = "UITextView+ZDUtility.m"; sourceTree = "<group>"; };
		05EC9C661C53CDC300BACFE9 /* ZDToolKitDemo.app */ = {isa = PBXFileReference; explicitFileType = wrapper.application; includeInIndex = 0; path = ZDToolKitDemo.app; sourceTree = BUILT_PRODUCTS_DIR; };
		05EC9C6A1C53CDC300BACFE9 /* main.m */ = {isa = PBXFileReference; lastKnownFileType = sourcecode.c.objc; path = main.m; sourceTree = "<group>"; };
		05EC9C6C1C53CDC300BACFE9 /* AppDelegate.h */ = {isa = PBXFileReference; lastKnownFileType = sourcecode.c.h; path = AppDelegate.h; sourceTree = "<group>"; };
		05EC9C6D1C53CDC300BACFE9 /* AppDelegate.m */ = {isa = PBXFileReference; lastKnownFileType = sourcecode.c.objc; path = AppDelegate.m; sourceTree = "<group>"; };
		05EC9C6F1C53CDC300BACFE9 /* ViewController.h */ = {isa = PBXFileReference; lastKnownFileType = sourcecode.c.h; path = ViewController.h; sourceTree = "<group>"; };
		05EC9C701C53CDC300BACFE9 /* ViewController.m */ = {isa = PBXFileReference; lastKnownFileType = sourcecode.c.objc; path = ViewController.m; sourceTree = "<group>"; };
		05EC9C731C53CDC300BACFE9 /* Base */ = {isa = PBXFileReference; lastKnownFileType = file.storyboard; name = Base; path = Base.lproj/Main.storyboard; sourceTree = "<group>"; };
		05EC9C751C53CDC300BACFE9 /* Assets.xcassets */ = {isa = PBXFileReference; lastKnownFileType = folder.assetcatalog; path = Assets.xcassets; sourceTree = "<group>"; };
		05EC9C781C53CDC300BACFE9 /* Base */ = {isa = PBXFileReference; lastKnownFileType = file.storyboard; name = Base; path = Base.lproj/LaunchScreen.storyboard; sourceTree = "<group>"; };
		05EC9C7A1C53CDC300BACFE9 /* Info.plist */ = {isa = PBXFileReference; lastKnownFileType = text.plist.xml; path = Info.plist; sourceTree = "<group>"; };
		05EC9C7F1C53CDC300BACFE9 /* ZDToolKitDemoTests.xctest */ = {isa = PBXFileReference; explicitFileType = wrapper.cfbundle; includeInIndex = 0; path = ZDToolKitDemoTests.xctest; sourceTree = BUILT_PRODUCTS_DIR; };
		05EC9C831C53CDC300BACFE9 /* ZDToolKitDemoTests.m */ = {isa = PBXFileReference; lastKnownFileType = sourcecode.c.objc; path = ZDToolKitDemoTests.m; sourceTree = "<group>"; };
		05EC9C851C53CDC300BACFE9 /* Info.plist */ = {isa = PBXFileReference; lastKnownFileType = text.plist.xml; path = Info.plist; sourceTree = "<group>"; };
		05EC9C8A1C53CDC300BACFE9 /* ZDToolKitDemoUITests.xctest */ = {isa = PBXFileReference; explicitFileType = wrapper.cfbundle; includeInIndex = 0; path = ZDToolKitDemoUITests.xctest; sourceTree = BUILT_PRODUCTS_DIR; };
		05EC9C8E1C53CDC300BACFE9 /* ZDToolKitDemoUITests.m */ = {isa = PBXFileReference; lastKnownFileType = sourcecode.c.objc; path = ZDToolKitDemoUITests.m; sourceTree = "<group>"; };
		05EC9C901C53CDC300BACFE9 /* Info.plist */ = {isa = PBXFileReference; lastKnownFileType = text.plist.xml; path = Info.plist; sourceTree = "<group>"; };
		0BB03F39B2E15BAA99ED0C8B /* Pods.release.xcconfig */ = {isa = PBXFileReference; includeInIndex = 1; lastKnownFileType = text.xcconfig; name = Pods.release.xcconfig; path = "Pods/Target Support Files/Pods/Pods.release.xcconfig"; sourceTree = "<group>"; };
		BC002CF51CFE842900292CCC /* NSObject+JKAutoCoding.h */ = {isa = PBXFileReference; fileEncoding = 4; lastKnownFileType = sourcecode.c.h; path = "NSObject+JKAutoCoding.h"; sourceTree = "<group>"; };
		BC002CF61CFE842900292CCC /* NSObject+JKAutoCoding.m */ = {isa = PBXFileReference; fileEncoding = 4; lastKnownFileType = sourcecode.c.objc; path = "NSObject+JKAutoCoding.m"; sourceTree = "<group>"; };
		BC10BEC71C8EA127006D4C17 /* ZDNavigationController.h */ = {isa = PBXFileReference; fileEncoding = 4; lastKnownFileType = sourcecode.c.h; path = ZDNavigationController.h; sourceTree = "<group>"; };
		BC10BEC81C8EA127006D4C17 /* ZDNavigationController.m */ = {isa = PBXFileReference; fileEncoding = 4; lastKnownFileType = sourcecode.c.objc; path = ZDNavigationController.m; sourceTree = "<group>"; };
		BC1349281C60E26000BEB91D /* UIView+AutoFlowLayout.h */ = {isa = PBXFileReference; fileEncoding = 4; lastKnownFileType = sourcecode.c.h; path = "UIView+AutoFlowLayout.h"; sourceTree = "<group>"; };
		BC1349291C60E26000BEB91D /* UIView+AutoFlowLayout.m */ = {isa = PBXFileReference; fileEncoding = 4; lastKnownFileType = sourcecode.c.objc; path = "UIView+AutoFlowLayout.m"; sourceTree = "<group>"; };
		BC13492A1C60E26000BEB91D /* UIView+AutoLayout.h */ = {isa = PBXFileReference; fileEncoding = 4; lastKnownFileType = sourcecode.c.h; path = "UIView+AutoLayout.h"; sourceTree = "<group>"; };
		BC13492B1C60E26000BEB91D /* UIView+AutoLayout.m */ = {isa = PBXFileReference; fileEncoding = 4; lastKnownFileType = sourcecode.c.objc; path = "UIView+AutoLayout.m"; sourceTree = "<group>"; };
		BC13492C1C60E26000BEB91D /* UIView+FDCollapsibleConstraints.h */ = {isa = PBXFileReference; fileEncoding = 4; lastKnownFileType = sourcecode.c.h; path = "UIView+FDCollapsibleConstraints.h"; sourceTree = "<group>"; };
		BC13492D1C60E26000BEB91D /* UIView+FDCollapsibleConstraints.m */ = {isa = PBXFileReference; fileEncoding = 4; lastKnownFileType = sourcecode.c.objc; path = "UIView+FDCollapsibleConstraints.m"; sourceTree = "<group>"; };
		BC13492E1C60E26000BEB91D /* UIView+RZAutoLayoutHelpers.h */ = {isa = PBXFileReference; fileEncoding = 4; lastKnownFileType = sourcecode.c.h; path = "UIView+RZAutoLayoutHelpers.h"; sourceTree = "<group>"; };
		BC13492F1C60E26000BEB91D /* UIView+RZAutoLayoutHelpers.m */ = {isa = PBXFileReference; fileEncoding = 4; lastKnownFileType = sourcecode.c.objc; path = "UIView+RZAutoLayoutHelpers.m"; sourceTree = "<group>"; };
		BC1349541C60E26000BEB91D /* NSArray+ZDExtend.h */ = {isa = PBXFileReference; fileEncoding = 4; lastKnownFileType = sourcecode.c.h; path = "NSArray+ZDExtend.h"; sourceTree = "<group>"; };
		BC1349551C60E26000BEB91D /* NSArray+ZDExtend.m */ = {isa = PBXFileReference; fileEncoding = 4; lastKnownFileType = sourcecode.c.objc; path = "NSArray+ZDExtend.m"; sourceTree = "<group>"; };
		BC1349561C60E26000BEB91D /* NSObject+DLIntrospection.h */ = {isa = PBXFileReference; fileEncoding = 4; lastKnownFileType = sourcecode.c.h; path = "NSObject+DLIntrospection.h"; sourceTree = "<group>"; };
		BC1349571C60E26000BEB91D /* NSObject+DLIntrospection.m */ = {isa = PBXFileReference; fileEncoding = 4; lastKnownFileType = sourcecode.c.objc; path = "NSObject+DLIntrospection.m"; sourceTree = "<group>"; };
		BC1349581C60E26000BEB91D /* NSObject+RZBlockKVO.h */ = {isa = PBXFileReference; fileEncoding = 4; lastKnownFileType = sourcecode.c.h; path = "NSObject+RZBlockKVO.h"; sourceTree = "<group>"; };
		BC1349591C60E26000BEB91D /* NSObject+RZBlockKVO.m */ = {isa = PBXFileReference; fileEncoding = 4; lastKnownFileType = sourcecode.c.objc; path = "NSObject+RZBlockKVO.m"; sourceTree = "<group>"; };
		BC13495C1C60E26000BEB91D /* NSString+ZDUtility.h */ = {isa = PBXFileReference; fileEncoding = 4; lastKnownFileType = sourcecode.c.h; path = "NSString+ZDUtility.h"; sourceTree = "<group>"; };
		BC13495D1C60E26000BEB91D /* NSString+ZDUtility.m */ = {isa = PBXFileReference; fileEncoding = 4; lastKnownFileType = sourcecode.c.objc; path = "NSString+ZDUtility.m"; sourceTree = "<group>"; };
		BC13495F1C60E26000BEB91D /* UIButton+ZDUtility.h */ = {isa = PBXFileReference; fileEncoding = 4; lastKnownFileType = sourcecode.c.h; path = "UIButton+ZDUtility.h"; sourceTree = "<group>"; };
		BC1349601C60E26000BEB91D /* UIButton+ZDUtility.m */ = {isa = PBXFileReference; fileEncoding = 4; lastKnownFileType = sourcecode.c.objc; path = "UIButton+ZDUtility.m"; sourceTree = "<group>"; };
		BC1349611C60E26000BEB91D /* UIColor+ZDUtility.h */ = {isa = PBXFileReference; fileEncoding = 4; lastKnownFileType = sourcecode.c.h; path = "UIColor+ZDUtility.h"; sourceTree = "<group>"; };
		BC1349621C60E26000BEB91D /* UIColor+ZDUtility.m */ = {isa = PBXFileReference; fileEncoding = 4; lastKnownFileType = sourcecode.c.objc; path = "UIColor+ZDUtility.m"; sourceTree = "<group>"; };
		BC1349631C60E26000BEB91D /* UIImage+ZDUtility.h */ = {isa = PBXFileReference; fileEncoding = 4; lastKnownFileType = sourcecode.c.h; path = "UIImage+ZDUtility.h"; sourceTree = "<group>"; };
		BC1349641C60E26000BEB91D /* UIImage+ZDUtility.m */ = {isa = PBXFileReference; fileEncoding = 4; lastKnownFileType = sourcecode.c.objc; path = "UIImage+ZDUtility.m"; sourceTree = "<group>"; };
		BC1349651C60E26000BEB91D /* UIImageView+FaceAwareFill.h */ = {isa = PBXFileReference; fileEncoding = 4; lastKnownFileType = sourcecode.c.h; path = "UIImageView+FaceAwareFill.h"; sourceTree = "<group>"; };
		BC1349661C60E26000BEB91D /* UIImageView+FaceAwareFill.m */ = {isa = PBXFileReference; fileEncoding = 4; lastKnownFileType = sourcecode.c.objc; path = "UIImageView+FaceAwareFill.m"; sourceTree = "<group>"; };
		BC1349671C60E26000BEB91D /* UIImageView+ZDUtility.h */ = {isa = PBXFileReference; fileEncoding = 4; lastKnownFileType = sourcecode.c.h; path = "UIImageView+ZDUtility.h"; sourceTree = "<group>"; };
		BC1349681C60E26000BEB91D /* UIImageView+ZDUtility.m */ = {isa = PBXFileReference; fileEncoding = 4; lastKnownFileType = sourcecode.c.objc; path = "UIImageView+ZDUtility.m"; sourceTree = "<group>"; };
		BC1349691C60E26000BEB91D /* UIView+RZBorders.h */ = {isa = PBXFileReference; fileEncoding = 4; lastKnownFileType = sourcecode.c.h; path = "UIView+RZBorders.h"; sourceTree = "<group>"; };
		BC13496A1C60E26000BEB91D /* UIView+RZBorders.m */ = {isa = PBXFileReference; fileEncoding = 4; lastKnownFileType = sourcecode.c.objc; path = "UIView+RZBorders.m"; sourceTree = "<group>"; };
		BC13496B1C60E26000BEB91D /* UIView+ZDUtility.h */ = {isa = PBXFileReference; fileEncoding = 4; lastKnownFileType = sourcecode.c.h; path = "UIView+ZDUtility.h"; sourceTree = "<group>"; };
		BC13496C1C60E26000BEB91D /* UIView+ZDUtility.m */ = {isa = PBXFileReference; fileEncoding = 4; lastKnownFileType = sourcecode.c.objc; path = "UIView+ZDUtility.m"; sourceTree = "<group>"; };
		BC13496D1C60E26000BEB91D /* UIViewController+ZDUtility.h */ = {isa = PBXFileReference; fileEncoding = 4; lastKnownFileType = sourcecode.c.h; path = "UIViewController+ZDUtility.h"; sourceTree = "<group>"; };
		BC13496E1C60E26000BEB91D /* UIViewController+ZDUtility.m */ = {isa = PBXFileReference; fileEncoding = 4; lastKnownFileType = sourcecode.c.objc; path = "UIViewController+ZDUtility.m"; sourceTree = "<group>"; };
		BC13496F1C60E26000BEB91D /* UIWebView+ZDExtend.h */ = {isa = PBXFileReference; fileEncoding = 4; lastKnownFileType = sourcecode.c.h; path = "UIWebView+ZDExtend.h"; sourceTree = "<group>"; };
		BC1349701C60E26000BEB91D /* UIWebView+ZDExtend.m */ = {isa = PBXFileReference; fileEncoding = 4; lastKnownFileType = sourcecode.c.objc; path = "UIWebView+ZDExtend.m"; sourceTree = "<group>"; };
		BC1349721C60E26000BEB91D /* EXTScope.h */ = {isa = PBXFileReference; fileEncoding = 4; lastKnownFileType = sourcecode.c.h; path = EXTScope.h; sourceTree = "<group>"; };
		BC1349731C60E26000BEB91D /* metamacros.h */ = {isa = PBXFileReference; fileEncoding = 4; lastKnownFileType = sourcecode.c.h; path = metamacros.h; sourceTree = "<group>"; };
		BC1349741C60E26000BEB91D /* ZDDefine.h */ = {isa = PBXFileReference; fileEncoding = 4; lastKnownFileType = sourcecode.c.h; path = ZDDefine.h; sourceTree = "<group>"; };
		BC1349761C60E26000BEB91D /* JRSwizzle.h */ = {isa = PBXFileReference; fileEncoding = 4; lastKnownFileType = sourcecode.c.h; path = JRSwizzle.h; sourceTree = "<group>"; };
		BC1349771C60E26000BEB91D /* JRSwizzle.m */ = {isa = PBXFileReference; fileEncoding = 4; lastKnownFileType = sourcecode.c.objc; path = JRSwizzle.m; sourceTree = "<group>"; };
		BC1349781C60E26000BEB91D /* NOBRuntime.h */ = {isa = PBXFileReference; fileEncoding = 4; lastKnownFileType = sourcecode.c.h; path = NOBRuntime.h; sourceTree = "<group>"; };
		BC1349791C60E26000BEB91D /* NOBRuntime.m */ = {isa = PBXFileReference; fileEncoding = 4; lastKnownFileType = sourcecode.c.objc; path = NOBRuntime.m; sourceTree = "<group>"; };
		BC13497D1C60E26000BEB91D /* MAKVONotificationCenter.h */ = {isa = PBXFileReference; fileEncoding = 4; lastKnownFileType = sourcecode.c.h; path = MAKVONotificationCenter.h; sourceTree = "<group>"; };
		BC13497E1C60E26000BEB91D /* MAKVONotificationCenter.m */ = {isa = PBXFileReference; fileEncoding = 4; lastKnownFileType = sourcecode.c.objc; path = MAKVONotificationCenter.m; sourceTree = "<group>"; };
		BC1349811C60E26000BEB91D /* UINavigationController+ZDPop.h */ = {isa = PBXFileReference; fileEncoding = 4; lastKnownFileType = sourcecode.c.h; path = "UINavigationController+ZDPop.h"; sourceTree = "<group>"; };
		BC1349821C60E26000BEB91D /* UINavigationController+ZDPop.m */ = {isa = PBXFileReference; fileEncoding = 4; lastKnownFileType = sourcecode.c.objc; path = "UINavigationController+ZDPop.m"; sourceTree = "<group>"; };
		BC1349831C60E26000BEB91D /* UIViewController+ZDBackButtonHandler.h */ = {isa = PBXFileReference; fileEncoding = 4; lastKnownFileType = sourcecode.c.h; path = "UIViewController+ZDBackButtonHandler.h"; sourceTree = "<group>"; };
		BC1349841C60E26000BEB91D /* UIViewController+ZDBackButtonHandler.m */ = {isa = PBXFileReference; fileEncoding = 4; lastKnownFileType = sourcecode.c.objc; path = "UIViewController+ZDBackButtonHandler.m"; sourceTree = "<group>"; };
		BC1349851C60E26000BEB91D /* UIViewController+ZDPop.h */ = {isa = PBXFileReference; fileEncoding = 4; lastKnownFileType = sourcecode.c.h; path = "UIViewController+ZDPop.h"; sourceTree = "<group>"; };
		BC1349861C60E26000BEB91D /* UIViewController+ZDPop.m */ = {isa = PBXFileReference; fileEncoding = 4; lastKnownFileType = sourcecode.c.objc; path = "UIViewController+ZDPop.m"; sourceTree = "<group>"; };
		BC1349881C60E26000BEB91D /* UINavigationController+KMNavigationBarTransition.h */ = {isa = PBXFileReference; fileEncoding = 4; lastKnownFileType = sourcecode.c.h; path = "UINavigationController+KMNavigationBarTransition.h"; sourceTree = "<group>"; };
		BC1349891C60E26000BEB91D /* UINavigationController+KMNavigationBarTransition.m */ = {isa = PBXFileReference; fileEncoding = 4; lastKnownFileType = sourcecode.c.objc; path = "UINavigationController+KMNavigationBarTransition.m"; sourceTree = "<group>"; };
		BC13498A1C60E26000BEB91D /* UIViewController+KMNavigationBarTransition.h */ = {isa = PBXFileReference; fileEncoding = 4; lastKnownFileType = sourcecode.c.h; path = "UIViewController+KMNavigationBarTransition.h"; sourceTree = "<group>"; };
		BC13498B1C60E26000BEB91D /* UIViewController+KMNavigationBarTransition.m */ = {isa = PBXFileReference; fileEncoding = 4; lastKnownFileType = sourcecode.c.objc; path = "UIViewController+KMNavigationBarTransition.m"; sourceTree = "<group>"; };
		BC13498C1C60E26000BEB91D /* OnePasswordExtension.h */ = {isa = PBXFileReference; fileEncoding = 4; lastKnownFileType = sourcecode.c.h; path = OnePasswordExtension.h; sourceTree = "<group>"; };
		BC13498D1C60E26000BEB91D /* OnePasswordExtension.m */ = {isa = PBXFileReference; fileEncoding = 4; lastKnownFileType = sourcecode.c.objc; path = OnePasswordExtension.m; sourceTree = "<group>"; };
		BC13498E1C60E26000BEB91D /* RZAutolayoutLabel.h */ = {isa = PBXFileReference; fileEncoding = 4; lastKnownFileType = sourcecode.c.h; path = RZAutolayoutLabel.h; sourceTree = "<group>"; };
		BC13498F1C60E26000BEB91D /* RZAutolayoutLabel.m */ = {isa = PBXFileReference; fileEncoding = 4; lastKnownFileType = sourcecode.c.objc; path = RZAutolayoutLabel.m; sourceTree = "<group>"; };
		BC1349911C60E26000BEB91D /* RZCollectionTableView.h */ = {isa = PBXFileReference; fileEncoding = 4; lastKnownFileType = sourcecode.c.h; path = RZCollectionTableView.h; sourceTree = "<group>"; };
		BC1349921C60E26000BEB91D /* RZCollectionTableView.m */ = {isa = PBXFileReference; fileEncoding = 4; lastKnownFileType = sourcecode.c.objc; path = RZCollectionTableView.m; sourceTree = "<group>"; };
		BC1349931C60E26000BEB91D /* RZCollectionTableView_Private.h */ = {isa = PBXFileReference; fileEncoding = 4; lastKnownFileType = sourcecode.c.h; path = RZCollectionTableView_Private.h; sourceTree = "<group>"; };
		BC1349941C60E26000BEB91D /* RZCollectionTableViewCell.h */ = {isa = PBXFileReference; fileEncoding = 4; lastKnownFileType = sourcecode.c.h; path = RZCollectionTableViewCell.h; sourceTree = "<group>"; };
		BC1349951C60E26000BEB91D /* RZCollectionTableViewCell.m */ = {isa = PBXFileReference; fileEncoding = 4; lastKnownFileType = sourcecode.c.objc; path = RZCollectionTableViewCell.m; sourceTree = "<group>"; };
		BC1349961C60E26000BEB91D /* ZDFileManager.h */ = {isa = PBXFileReference; fileEncoding = 4; lastKnownFileType = sourcecode.c.h; path = ZDFileManager.h; sourceTree = "<group>"; };
		BC1349971C60E26000BEB91D /* ZDFileManager.m */ = {isa = PBXFileReference; fileEncoding = 4; lastKnownFileType = sourcecode.c.objc; path = ZDFileManager.m; sourceTree = "<group>"; };
		BC1349981C60E26000BEB91D /* ZDFunction.h */ = {isa = PBXFileReference; fileEncoding = 4; lastKnownFileType = sourcecode.c.h; path = ZDFunction.h; sourceTree = "<group>"; };
		BC1349991C60E26000BEB91D /* ZDFunction.m */ = {isa = PBXFileReference; fileEncoding = 4; lastKnownFileType = sourcecode.c.objc; path = ZDFunction.m; sourceTree = "<group>"; };
		BC13499A1C60E26000BEB91D /* ZDSafe.h */ = {isa = PBXFileReference; fileEncoding = 4; lastKnownFileType = sourcecode.c.h; path = ZDSafe.h; sourceTree = "<group>"; };
		BC13499B1C60E26000BEB91D /* ZDSafe.m */ = {isa = PBXFileReference; fileEncoding = 4; lastKnownFileType = sourcecode.c.objc; path = ZDSafe.m; sourceTree = "<group>"; };
		BC13499C1C60E26000BEB91D /* ZDTools.h */ = {isa = PBXFileReference; fileEncoding = 4; lastKnownFileType = sourcecode.c.h; path = ZDTools.h; sourceTree = "<group>"; };
		BC13499D1C60E26000BEB91D /* ZDTools.m */ = {isa = PBXFileReference; fileEncoding = 4; lastKnownFileType = sourcecode.c.objc; path = ZDTools.m; sourceTree = "<group>"; };
		BC13499E1C60E26000BEB91D /* ZDProxy.h */ = {isa = PBXFileReference; fileEncoding = 4; lastKnownFileType = sourcecode.c.h; path = ZDProxy.h; sourceTree = "<group>"; };
		BC13499F1C60E26000BEB91D /* ZDProxy.m */ = {isa = PBXFileReference; fileEncoding = 4; lastKnownFileType = sourcecode.c.objc; path = ZDProxy.m; sourceTree = "<group>"; };
		BC3A9A901D544D5800F446EE /* NSInvocation+Block.h */ = {isa = PBXFileReference; fileEncoding = 4; lastKnownFileType = sourcecode.c.h; path = "NSInvocation+Block.h"; sourceTree = "<group>"; };
		BC3A9A911D544D5800F446EE /* NSInvocation+Block.m */ = {isa = PBXFileReference; fileEncoding = 4; lastKnownFileType = sourcecode.c.objc; path = "NSInvocation+Block.m"; sourceTree = "<group>"; };
		BC5877611CBD073A00466FB8 /* BKMacros.h */ = {isa = PBXFileReference; fileEncoding = 4; lastKnownFileType = sourcecode.c.h; path = BKMacros.h; sourceTree = "<group>"; };
		BC5877621CBD073A00466FB8 /* NSArray+BlocksKit.h */ = {isa = PBXFileReference; fileEncoding = 4; lastKnownFileType = sourcecode.c.h; path = "NSArray+BlocksKit.h"; sourceTree = "<group>"; };
		BC5877631CBD073A00466FB8 /* NSArray+BlocksKit.m */ = {isa = PBXFileReference; fileEncoding = 4; lastKnownFileType = sourcecode.c.objc; path = "NSArray+BlocksKit.m"; sourceTree = "<group>"; };
		BC5877641CBD073A00466FB8 /* NSDictionary+BlocksKit.h */ = {isa = PBXFileReference; fileEncoding = 4; lastKnownFileType = sourcecode.c.h; path = "NSDictionary+BlocksKit.h"; sourceTree = "<group>"; };
		BC5877651CBD073A00466FB8 /* NSDictionary+BlocksKit.m */ = {isa = PBXFileReference; fileEncoding = 4; lastKnownFileType = sourcecode.c.objc; path = "NSDictionary+BlocksKit.m"; sourceTree = "<group>"; };
		BC5877661CBD073A00466FB8 /* NSIndexSet+BlocksKit.h */ = {isa = PBXFileReference; fileEncoding = 4; lastKnownFileType = sourcecode.c.h; path = "NSIndexSet+BlocksKit.h"; sourceTree = "<group>"; };
		BC5877671CBD073A00466FB8 /* NSIndexSet+BlocksKit.m */ = {isa = PBXFileReference; fileEncoding = 4; lastKnownFileType = sourcecode.c.objc; path = "NSIndexSet+BlocksKit.m"; sourceTree = "<group>"; };
		BC5877681CBD073A00466FB8 /* NSInvocation+BlocksKit.h */ = {isa = PBXFileReference; fileEncoding = 4; lastKnownFileType = sourcecode.c.h; path = "NSInvocation+BlocksKit.h"; sourceTree = "<group>"; };
		BC5877691CBD073A00466FB8 /* NSInvocation+BlocksKit.m */ = {isa = PBXFileReference; fileEncoding = 4; lastKnownFileType = sourcecode.c.objc; path = "NSInvocation+BlocksKit.m"; sourceTree = "<group>"; };
		BC58776A1CBD073A00466FB8 /* NSMapTable+BlocksKit.h */ = {isa = PBXFileReference; fileEncoding = 4; lastKnownFileType = sourcecode.c.h; path = "NSMapTable+BlocksKit.h"; sourceTree = "<group>"; };
		BC58776B1CBD073A00466FB8 /* NSMapTable+BlocksKit.m */ = {isa = PBXFileReference; fileEncoding = 4; lastKnownFileType = sourcecode.c.objc; path = "NSMapTable+BlocksKit.m"; sourceTree = "<group>"; };
		BC58776C1CBD073A00466FB8 /* NSMutableArray+BlocksKit.h */ = {isa = PBXFileReference; fileEncoding = 4; lastKnownFileType = sourcecode.c.h; path = "NSMutableArray+BlocksKit.h"; sourceTree = "<group>"; };
		BC58776D1CBD073A00466FB8 /* NSMutableArray+BlocksKit.m */ = {isa = PBXFileReference; fileEncoding = 4; lastKnownFileType = sourcecode.c.objc; path = "NSMutableArray+BlocksKit.m"; sourceTree = "<group>"; };
		BC58776E1CBD073A00466FB8 /* NSMutableDictionary+BlocksKit.h */ = {isa = PBXFileReference; fileEncoding = 4; lastKnownFileType = sourcecode.c.h; path = "NSMutableDictionary+BlocksKit.h"; sourceTree = "<group>"; };
		BC58776F1CBD073A00466FB8 /* NSMutableDictionary+BlocksKit.m */ = {isa = PBXFileReference; fileEncoding = 4; lastKnownFileType = sourcecode.c.objc; path = "NSMutableDictionary+BlocksKit.m"; sourceTree = "<group>"; };
		BC5877701CBD073A00466FB8 /* NSMutableIndexSet+BlocksKit.h */ = {isa = PBXFileReference; fileEncoding = 4; lastKnownFileType = sourcecode.c.h; path = "NSMutableIndexSet+BlocksKit.h"; sourceTree = "<group>"; };
		BC5877711CBD073A00466FB8 /* NSMutableIndexSet+BlocksKit.m */ = {isa = PBXFileReference; fileEncoding = 4; lastKnownFileType = sourcecode.c.objc; path = "NSMutableIndexSet+BlocksKit.m"; sourceTree = "<group>"; };
		BC5877721CBD073A00466FB8 /* NSMutableOrderedSet+BlocksKit.h */ = {isa = PBXFileReference; fileEncoding = 4; lastKnownFileType = sourcecode.c.h; path = "NSMutableOrderedSet+BlocksKit.h"; sourceTree = "<group>"; };
		BC5877731CBD073A00466FB8 /* NSMutableOrderedSet+BlocksKit.m */ = {isa = PBXFileReference; fileEncoding = 4; lastKnownFileType = sourcecode.c.objc; path = "NSMutableOrderedSet+BlocksKit.m"; sourceTree = "<group>"; };
		BC5877741CBD073A00466FB8 /* NSMutableSet+BlocksKit.h */ = {isa = PBXFileReference; fileEncoding = 4; lastKnownFileType = sourcecode.c.h; path = "NSMutableSet+BlocksKit.h"; sourceTree = "<group>"; };
		BC5877751CBD073A00466FB8 /* NSMutableSet+BlocksKit.m */ = {isa = PBXFileReference; fileEncoding = 4; lastKnownFileType = sourcecode.c.objc; path = "NSMutableSet+BlocksKit.m"; sourceTree = "<group>"; };
		BC5877761CBD073A00466FB8 /* NSNumber+BlocksKit.h */ = {isa = PBXFileReference; fileEncoding = 4; lastKnownFileType = sourcecode.c.h; path = "NSNumber+BlocksKit.h"; sourceTree = "<group>"; };
		BC5877771CBD073A00466FB8 /* NSNumber+BlocksKit.m */ = {isa = PBXFileReference; fileEncoding = 4; lastKnownFileType = sourcecode.c.objc; path = "NSNumber+BlocksKit.m"; sourceTree = "<group>"; };
		BC5877781CBD073A00466FB8 /* NSObject+BKAssociatedObjects.h */ = {isa = PBXFileReference; fileEncoding = 4; lastKnownFileType = sourcecode.c.h; path = "NSObject+BKAssociatedObjects.h"; sourceTree = "<group>"; };
		BC5877791CBD073A00466FB8 /* NSObject+BKAssociatedObjects.m */ = {isa = PBXFileReference; fileEncoding = 4; lastKnownFileType = sourcecode.c.objc; path = "NSObject+BKAssociatedObjects.m"; sourceTree = "<group>"; };
		BC58777A1CBD073A00466FB8 /* NSObject+BKBlockExecution.h */ = {isa = PBXFileReference; fileEncoding = 4; lastKnownFileType = sourcecode.c.h; path = "NSObject+BKBlockExecution.h"; sourceTree = "<group>"; };
		BC58777B1CBD073A00466FB8 /* NSObject+BKBlockExecution.m */ = {isa = PBXFileReference; fileEncoding = 4; lastKnownFileType = sourcecode.c.objc; path = "NSObject+BKBlockExecution.m"; sourceTree = "<group>"; };
		BC58777C1CBD073A00466FB8 /* NSObject+BKBlockObservation.h */ = {isa = PBXFileReference; fileEncoding = 4; lastKnownFileType = sourcecode.c.h; path = "NSObject+BKBlockObservation.h"; sourceTree = "<group>"; };
		BC58777D1CBD073A00466FB8 /* NSObject+BKBlockObservation.m */ = {isa = PBXFileReference; fileEncoding = 4; lastKnownFileType = sourcecode.c.objc; path = "NSObject+BKBlockObservation.m"; sourceTree = "<group>"; };
		BC58777E1CBD073A00466FB8 /* NSOrderedSet+BlocksKit.h */ = {isa = PBXFileReference; fileEncoding = 4; lastKnownFileType = sourcecode.c.h; path = "NSOrderedSet+BlocksKit.h"; sourceTree = "<group>"; };
		BC58777F1CBD073A00466FB8 /* NSOrderedSet+BlocksKit.m */ = {isa = PBXFileReference; fileEncoding = 4; lastKnownFileType = sourcecode.c.objc; path = "NSOrderedSet+BlocksKit.m"; sourceTree = "<group>"; };
		BC5877801CBD073A00466FB8 /* NSSet+BlocksKit.h */ = {isa = PBXFileReference; fileEncoding = 4; lastKnownFileType = sourcecode.c.h; path = "NSSet+BlocksKit.h"; sourceTree = "<group>"; };
		BC5877811CBD073A00466FB8 /* NSSet+BlocksKit.m */ = {isa = PBXFileReference; fileEncoding = 4; lastKnownFileType = sourcecode.c.objc; path = "NSSet+BlocksKit.m"; sourceTree = "<group>"; };
		BC5877821CBD073A00466FB8 /* NSTimer+BlocksKit.h */ = {isa = PBXFileReference; fileEncoding = 4; lastKnownFileType = sourcecode.c.h; path = "NSTimer+BlocksKit.h"; sourceTree = "<group>"; };
		BC5877831CBD073A00466FB8 /* NSTimer+BlocksKit.m */ = {isa = PBXFileReference; fileEncoding = 4; lastKnownFileType = sourcecode.c.objc; path = "NSTimer+BlocksKit.m"; sourceTree = "<group>"; };
		BC5877841CBD073A00466FB8 /* UIControl+BlocksKit.h */ = {isa = PBXFileReference; fileEncoding = 4; lastKnownFileType = sourcecode.c.h; path = "UIControl+BlocksKit.h"; sourceTree = "<group>"; };
		BC5877851CBD073A00466FB8 /* UIControl+BlocksKit.m */ = {isa = PBXFileReference; fileEncoding = 4; lastKnownFileType = sourcecode.c.objc; path = "UIControl+BlocksKit.m"; sourceTree = "<group>"; };
		BC5877861CBD073A00466FB8 /* UIGestureRecognizer+BlocksKit.h */ = {isa = PBXFileReference; fileEncoding = 4; lastKnownFileType = sourcecode.c.h; path = "UIGestureRecognizer+BlocksKit.h"; sourceTree = "<group>"; };
		BC5877871CBD073A00466FB8 /* UIGestureRecognizer+BlocksKit.m */ = {isa = PBXFileReference; fileEncoding = 4; lastKnownFileType = sourcecode.c.objc; path = "UIGestureRecognizer+BlocksKit.m"; sourceTree = "<group>"; };
		BC58779B1CBD078A00466FB8 /* BKDefines.h */ = {isa = PBXFileReference; fileEncoding = 4; lastKnownFileType = sourcecode.c.h; path = BKDefines.h; sourceTree = "<group>"; };
		BC5A64191D6AF9EC004D8E3E /* uncrustify.cfg */ = {isa = PBXFileReference; fileEncoding = 4; lastKnownFileType = text; path = uncrustify.cfg; sourceTree = "<group>"; };
		BCA675A41D7ED4C2009A3B49 /* ZDEdgeLabel.h */ = {isa = PBXFileReference; fileEncoding = 4; lastKnownFileType = sourcecode.c.h; path = ZDEdgeLabel.h; sourceTree = "<group>"; };
		BCA675A51D7ED4C2009A3B49 /* ZDEdgeLabel.m */ = {isa = PBXFileReference; fileEncoding = 4; lastKnownFileType = sourcecode.c.objc; path = ZDEdgeLabel.m; sourceTree = "<group>"; };
		BCB0AB3F1CEDC50B00268D2A /* ZDActionLabel.h */ = {isa = PBXFileReference; fileEncoding = 4; lastKnownFileType = sourcecode.c.h; path = ZDActionLabel.h; sourceTree = "<group>"; };
		BCB0AB401CEDC50B00268D2A /* ZDActionLabel.m */ = {isa = PBXFileReference; fileEncoding = 4; lastKnownFileType = sourcecode.c.objc; path = ZDActionLabel.m; sourceTree = "<group>"; };
		BCC003A81D6D4AD4008971F6 /* WKWebView+ZDExtend.h */ = {isa = PBXFileReference; fileEncoding = 4; lastKnownFileType = sourcecode.c.h; path = "WKWebView+ZDExtend.h"; sourceTree = "<group>"; };
		BCC003A91D6D4AD4008971F6 /* WKWebView+ZDExtend.m */ = {isa = PBXFileReference; fileEncoding = 4; lastKnownFileType = sourcecode.c.objc; path = "WKWebView+ZDExtend.m"; sourceTree = "<group>"; };
		BCCE43B41D13B36600EAE5E3 /* ZDTextView.h */ = {isa = PBXFileReference; fileEncoding = 4; lastKnownFileType = sourcecode.c.h; path = ZDTextView.h; sourceTree = "<group>"; };
		BCCE43B51D13B36600EAE5E3 /* ZDTextView.m */ = {isa = PBXFileReference; fileEncoding = 4; lastKnownFileType = sourcecode.c.objc; path = ZDTextView.m; sourceTree = "<group>"; };
		BCE9474D1CA2A3E9006A4AAE /* NSObject+ZDUtility.h */ = {isa = PBXFileReference; fileEncoding = 4; lastKnownFileType = sourcecode.c.h; path = "NSObject+ZDUtility.h"; sourceTree = "<group>"; };
		BCE9474E1CA2A3E9006A4AAE /* NSObject+ZDUtility.m */ = {isa = PBXFileReference; fileEncoding = 4; lastKnownFileType = sourcecode.c.objc; path = "NSObject+ZDUtility.m"; sourceTree = "<group>"; };
		BCFAB7AD1C9CFDE800E453DC /* UILabel+ZDUtility.h */ = {isa = PBXFileReference; fileEncoding = 4; lastKnownFileType = sourcecode.c.h; path = "UILabel+ZDUtility.h"; sourceTree = "<group>"; };
		BCFAB7AE1C9CFDE800E453DC /* UILabel+ZDUtility.m */ = {isa = PBXFileReference; fileEncoding = 4; lastKnownFileType = sourcecode.c.objc; path = "UILabel+ZDUtility.m"; sourceTree = "<group>"; };
		BCFAB7B01C9D129500E453DC /* NSObject+ZDRuntime.h */ = {isa = PBXFileReference; fileEncoding = 4; lastKnownFileType = sourcecode.c.h; path = "NSObject+ZDRuntime.h"; sourceTree = "<group>"; };
		BCFAB7B11C9D129500E453DC /* NSObject+ZDRuntime.m */ = {isa = PBXFileReference; fileEncoding = 4; lastKnownFileType = sourcecode.c.objc; path = "NSObject+ZDRuntime.m"; sourceTree = "<group>"; };
		C6DA40A502271BE759216C8F /* Pods.debug.xcconfig */ = {isa = PBXFileReference; includeInIndex = 1; lastKnownFileType = text.xcconfig; name = Pods.debug.xcconfig; path = "Pods/Target Support Files/Pods/Pods.debug.xcconfig"; sourceTree = "<group>"; };
		EA6C3C8909FFEC439DF6DC53 /* libPods.a */ = {isa = PBXFileReference; explicitFileType = archive.ar; includeInIndex = 0; path = libPods.a; sourceTree = BUILT_PRODUCTS_DIR; };
/* End PBXFileReference section */

/* Begin PBXFrameworksBuildPhase section */
		05EC9C631C53CDC300BACFE9 /* Frameworks */ = {
			isa = PBXFrameworksBuildPhase;
			buildActionMask = 2147483647;
			files = (
				CF1AB9A7B60713D931FE3A7D /* libPods.a in Frameworks */,
			);
			runOnlyForDeploymentPostprocessing = 0;
		};
		05EC9C7C1C53CDC300BACFE9 /* Frameworks */ = {
			isa = PBXFrameworksBuildPhase;
			buildActionMask = 2147483647;
			files = (
			);
			runOnlyForDeploymentPostprocessing = 0;
		};
		05EC9C871C53CDC300BACFE9 /* Frameworks */ = {
			isa = PBXFrameworksBuildPhase;
			buildActionMask = 2147483647;
			files = (
			);
			runOnlyForDeploymentPostprocessing = 0;
		};
/* End PBXFrameworksBuildPhase section */

/* Begin PBXGroup section */
		05EC9C5D1C53CDC300BACFE9 = {
			isa = PBXGroup;
			children = (
				BC1349261C60E26000BEB91D /* ZDToolKit */,
				05EC9C681C53CDC300BACFE9 /* ZDToolKitDemo */,
				05EC9C821C53CDC300BACFE9 /* ZDToolKitDemoTests */,
				05EC9C8D1C53CDC300BACFE9 /* ZDToolKitDemoUITests */,
				05EC9C671C53CDC300BACFE9 /* Products */,
				2124215CD451B69C8063423D /* Pods */,
				48C3F25088DCB0E8D5D0E1DC /* Frameworks */,
			);
			sourceTree = "<group>";
		};
		05EC9C671C53CDC300BACFE9 /* Products */ = {
			isa = PBXGroup;
			children = (
				05EC9C661C53CDC300BACFE9 /* ZDToolKitDemo.app */,
				05EC9C7F1C53CDC300BACFE9 /* ZDToolKitDemoTests.xctest */,
				05EC9C8A1C53CDC300BACFE9 /* ZDToolKitDemoUITests.xctest */,
			);
			name = Products;
			sourceTree = "<group>";
		};
		05EC9C681C53CDC300BACFE9 /* ZDToolKitDemo */ = {
			isa = PBXGroup;
			children = (
				05EC9C6C1C53CDC300BACFE9 /* AppDelegate.h */,
				05EC9C6D1C53CDC300BACFE9 /* AppDelegate.m */,
				05EC9C6F1C53CDC300BACFE9 /* ViewController.h */,
				05EC9C701C53CDC300BACFE9 /* ViewController.m */,
				05B5D1B11CEE1153000CC089 /* TwoViewController.h */,
				05B5D1B21CEE1153000CC089 /* TwoViewController.m */,
				05EC9C721C53CDC300BACFE9 /* Main.storyboard */,
				05EC9C751C53CDC300BACFE9 /* Assets.xcassets */,
				05EC9C771C53CDC300BACFE9 /* LaunchScreen.storyboard */,
				05EC9C7A1C53CDC300BACFE9 /* Info.plist */,
				05EC9C691C53CDC300BACFE9 /* Supporting Files */,
			);
			path = ZDToolKitDemo;
			sourceTree = "<group>";
		};
		05EC9C691C53CDC300BACFE9 /* Supporting Files */ = {
			isa = PBXGroup;
			children = (
				05EC9C6A1C53CDC300BACFE9 /* main.m */,
			);
			name = "Supporting Files";
			sourceTree = "<group>";
		};
		05EC9C821C53CDC300BACFE9 /* ZDToolKitDemoTests */ = {
			isa = PBXGroup;
			children = (
				05EC9C831C53CDC300BACFE9 /* ZDToolKitDemoTests.m */,
				05EC9C851C53CDC300BACFE9 /* Info.plist */,
			);
			path = ZDToolKitDemoTests;
			sourceTree = "<group>";
		};
		05EC9C8D1C53CDC300BACFE9 /* ZDToolKitDemoUITests */ = {
			isa = PBXGroup;
			children = (
				05EC9C8E1C53CDC300BACFE9 /* ZDToolKitDemoUITests.m */,
				05EC9C901C53CDC300BACFE9 /* Info.plist */,
			);
			path = ZDToolKitDemoUITests;
			sourceTree = "<group>";
		};
		2124215CD451B69C8063423D /* Pods */ = {
			isa = PBXGroup;
			children = (
				C6DA40A502271BE759216C8F /* Pods.debug.xcconfig */,
				0BB03F39B2E15BAA99ED0C8B /* Pods.release.xcconfig */,
			);
			name = Pods;
			sourceTree = "<group>";
		};
		48C3F25088DCB0E8D5D0E1DC /* Frameworks */ = {
			isa = PBXGroup;
			children = (
				EA6C3C8909FFEC439DF6DC53 /* libPods.a */,
			);
			name = Frameworks;
			sourceTree = "<group>";
		};
		BC1349261C60E26000BEB91D /* ZDToolKit */ = {
			isa = PBXGroup;
			children = (
				BC1349271C60E26000BEB91D /* ZDAutoLayout */,
				BC1349301C60E26000BEB91D /* ZDBlock */,
				BC1349521C60E26000BEB91D /* ZDCategory */,
				BC1349711C60E26000BEB91D /* ZDMacros */,
				BC1349751C60E26000BEB91D /* ZDRuntime */,
				BC13497C1C60E26000BEB91D /* ZDTools */,
			);
			name = ZDToolKit;
			path = ../ZDToolKit;
			sourceTree = "<group>";
		};
		BC1349271C60E26000BEB91D /* ZDAutoLayout */ = {
			isa = PBXGroup;
			children = (
				BC1349281C60E26000BEB91D /* UIView+AutoFlowLayout.h */,
				BC1349291C60E26000BEB91D /* UIView+AutoFlowLayout.m */,
				BC13492A1C60E26000BEB91D /* UIView+AutoLayout.h */,
				BC13492B1C60E26000BEB91D /* UIView+AutoLayout.m */,
				BC13492C1C60E26000BEB91D /* UIView+FDCollapsibleConstraints.h */,
				BC13492D1C60E26000BEB91D /* UIView+FDCollapsibleConstraints.m */,
				BC13492E1C60E26000BEB91D /* UIView+RZAutoLayoutHelpers.h */,
				BC13492F1C60E26000BEB91D /* UIView+RZAutoLayoutHelpers.m */,
			);
			path = ZDAutoLayout;
			sourceTree = "<group>";
		};
		BC1349301C60E26000BEB91D /* ZDBlock */ = {
			isa = PBXGroup;
			children = (
				BC5877611CBD073A00466FB8 /* BKMacros.h */,
				BC58779B1CBD078A00466FB8 /* BKDefines.h */,
				BC5877621CBD073A00466FB8 /* NSArray+BlocksKit.h */,
				BC5877631CBD073A00466FB8 /* NSArray+BlocksKit.m */,
				BC5877641CBD073A00466FB8 /* NSDictionary+BlocksKit.h */,
				BC5877651CBD073A00466FB8 /* NSDictionary+BlocksKit.m */,
				BC5877661CBD073A00466FB8 /* NSIndexSet+BlocksKit.h */,
				BC5877671CBD073A00466FB8 /* NSIndexSet+BlocksKit.m */,
				BC5877681CBD073A00466FB8 /* NSInvocation+BlocksKit.h */,
				BC5877691CBD073A00466FB8 /* NSInvocation+BlocksKit.m */,
				BC58776A1CBD073A00466FB8 /* NSMapTable+BlocksKit.h */,
				BC58776B1CBD073A00466FB8 /* NSMapTable+BlocksKit.m */,
				BC58776C1CBD073A00466FB8 /* NSMutableArray+BlocksKit.h */,
				BC58776D1CBD073A00466FB8 /* NSMutableArray+BlocksKit.m */,
				BC58776E1CBD073A00466FB8 /* NSMutableDictionary+BlocksKit.h */,
				BC58776F1CBD073A00466FB8 /* NSMutableDictionary+BlocksKit.m */,
				BC5877701CBD073A00466FB8 /* NSMutableIndexSet+BlocksKit.h */,
				BC5877711CBD073A00466FB8 /* NSMutableIndexSet+BlocksKit.m */,
				BC5877721CBD073A00466FB8 /* NSMutableOrderedSet+BlocksKit.h */,
				BC5877731CBD073A00466FB8 /* NSMutableOrderedSet+BlocksKit.m */,
				BC5877741CBD073A00466FB8 /* NSMutableSet+BlocksKit.h */,
				BC5877751CBD073A00466FB8 /* NSMutableSet+BlocksKit.m */,
				BC5877761CBD073A00466FB8 /* NSNumber+BlocksKit.h */,
				BC5877771CBD073A00466FB8 /* NSNumber+BlocksKit.m */,
				BC5877781CBD073A00466FB8 /* NSObject+BKAssociatedObjects.h */,
				BC5877791CBD073A00466FB8 /* NSObject+BKAssociatedObjects.m */,
				BC58777A1CBD073A00466FB8 /* NSObject+BKBlockExecution.h */,
				BC58777B1CBD073A00466FB8 /* NSObject+BKBlockExecution.m */,
				BC58777C1CBD073A00466FB8 /* NSObject+BKBlockObservation.h */,
				BC58777D1CBD073A00466FB8 /* NSObject+BKBlockObservation.m */,
				BC58777E1CBD073A00466FB8 /* NSOrderedSet+BlocksKit.h */,
				BC58777F1CBD073A00466FB8 /* NSOrderedSet+BlocksKit.m */,
				BC5877801CBD073A00466FB8 /* NSSet+BlocksKit.h */,
				BC5877811CBD073A00466FB8 /* NSSet+BlocksKit.m */,
				BC5877821CBD073A00466FB8 /* NSTimer+BlocksKit.h */,
				BC5877831CBD073A00466FB8 /* NSTimer+BlocksKit.m */,
				BC5877841CBD073A00466FB8 /* UIControl+BlocksKit.h */,
				BC5877851CBD073A00466FB8 /* UIControl+BlocksKit.m */,
				BC5877861CBD073A00466FB8 /* UIGestureRecognizer+BlocksKit.h */,
				BC5877871CBD073A00466FB8 /* UIGestureRecognizer+BlocksKit.m */,
			);
			path = ZDBlock;
			sourceTree = "<group>";
		};
		BC1349521C60E26000BEB91D /* ZDCategory */ = {
			isa = PBXGroup;
			children = (
				BC1349531C60E26000BEB91D /* Foundation */,
				BC13495E1C60E26000BEB91D /* UIKit */,
			);
			path = ZDCategory;
			sourceTree = "<group>";
		};
		BC1349531C60E26000BEB91D /* Foundation */ = {
			isa = PBXGroup;
			children = (
				BCFAB7B01C9D129500E453DC /* NSObject+ZDRuntime.h */,
				BCFAB7B11C9D129500E453DC /* NSObject+ZDRuntime.m */,
				BC1349581C60E26000BEB91D /* NSObject+RZBlockKVO.h */,
				BC1349591C60E26000BEB91D /* NSObject+RZBlockKVO.m */,
				BC1349561C60E26000BEB91D /* NSObject+DLIntrospection.h */,
				BC1349571C60E26000BEB91D /* NSObject+DLIntrospection.m */,
				BCE9474D1CA2A3E9006A4AAE /* NSObject+ZDUtility.h */,
				BCE9474E1CA2A3E9006A4AAE /* NSObject+ZDUtility.m */,
				BC002CF51CFE842900292CCC /* NSObject+JKAutoCoding.h */,
				BC002CF61CFE842900292CCC /* NSObject+JKAutoCoding.m */,
				BC13495C1C60E26000BEB91D /* NSString+ZDUtility.h */,
				BC13495D1C60E26000BEB91D /* NSString+ZDUtility.m */,
				BC1349541C60E26000BEB91D /* NSArray+ZDExtend.h */,
				BC1349551C60E26000BEB91D /* NSArray+ZDExtend.m */,
				BC3A9A901D544D5800F446EE /* NSInvocation+Block.h */,
				BC3A9A911D544D5800F446EE /* NSInvocation+Block.m */,
			);
			path = Foundation;
			sourceTree = "<group>";
		};
		BC13495E1C60E26000BEB91D /* UIKit */ = {
			isa = PBXGroup;
			children = (
				BC13496B1C60E26000BEB91D /* UIView+ZDUtility.h */,
				BC13496C1C60E26000BEB91D /* UIView+ZDUtility.m */,
				BC1349691C60E26000BEB91D /* UIView+RZBorders.h */,
				BC13496A1C60E26000BEB91D /* UIView+RZBorders.m */,
				055A578C1D430A1F00E52C7C /* UIView+draggable.h */,
				055A578D1D430A1F00E52C7C /* UIView+draggable.m */,
				05B5D1AE1CECC9F7000CC089 /* UIControl+ZDUtility.h */,
				05B5D1AF1CECC9F7000CC089 /* UIControl+ZDUtility.m */,
				BC13495F1C60E26000BEB91D /* UIButton+ZDUtility.h */,
				BC1349601C60E26000BEB91D /* UIButton+ZDUtility.m */,
				BCFAB7AD1C9CFDE800E453DC /* UILabel+ZDUtility.h */,
				BCFAB7AE1C9CFDE800E453DC /* UILabel+ZDUtility.m */,
				05DA93911CDCF62600DEE384 /* UITextView+ZDUtility.h */,
				05DA93921CDCF62600DEE384 /* UITextView+ZDUtility.m */,
				BC1349611C60E26000BEB91D /* UIColor+ZDUtility.h */,
				BC1349621C60E26000BEB91D /* UIColor+ZDUtility.m */,
				BC1349651C60E26000BEB91D /* UIImageView+FaceAwareFill.h */,
				BC1349661C60E26000BEB91D /* UIImageView+FaceAwareFill.m */,
				BC1349671C60E26000BEB91D /* UIImageView+ZDUtility.h */,
				BC1349681C60E26000BEB91D /* UIImageView+ZDUtility.m */,
				BC1349631C60E26000BEB91D /* UIImage+ZDUtility.h */,
				BC1349641C60E26000BEB91D /* UIImage+ZDUtility.m */,
				BC13496D1C60E26000BEB91D /* UIViewController+ZDUtility.h */,
				BC13496E1C60E26000BEB91D /* UIViewController+ZDUtility.m */,
				BC13496F1C60E26000BEB91D /* UIWebView+ZDExtend.h */,
				BC1349701C60E26000BEB91D /* UIWebView+ZDExtend.m */,
				BCC003A81D6D4AD4008971F6 /* WKWebView+ZDExtend.h */,
				BCC003A91D6D4AD4008971F6 /* WKWebView+ZDExtend.m */,
			);
			path = UIKit;
			sourceTree = "<group>";
		};
		BC1349711C60E26000BEB91D /* ZDMacros */ = {
			isa = PBXGroup;
			children = (
				BC1349721C60E26000BEB91D /* EXTScope.h */,
				BC1349731C60E26000BEB91D /* metamacros.h */,
				BC1349741C60E26000BEB91D /* ZDDefine.h */,
			);
			path = ZDMacros;
			sourceTree = "<group>";
		};
		BC1349751C60E26000BEB91D /* ZDRuntime */ = {
			isa = PBXGroup;
			children = (
				BC1349761C60E26000BEB91D /* JRSwizzle.h */,
				BC1349771C60E26000BEB91D /* JRSwizzle.m */,
				BC1349781C60E26000BEB91D /* NOBRuntime.h */,
				BC1349791C60E26000BEB91D /* NOBRuntime.m */,
			);
			path = ZDRuntime;
			sourceTree = "<group>";
		};
		BC13497C1C60E26000BEB91D /* ZDTools */ = {
			isa = PBXGroup;
			children = (
				BC13497F1C60E26000BEB91D /* NavigationBarTool */,
				BC1349901C60E26000BEB91D /* RZCollectionTableView */,
				BC13497D1C60E26000BEB91D /* MAKVONotificationCenter.h */,
				BC13497E1C60E26000BEB91D /* MAKVONotificationCenter.m */,
				BC13498C1C60E26000BEB91D /* OnePasswordExtension.h */,
				BC13498D1C60E26000BEB91D /* OnePasswordExtension.m */,
				BC13498E1C60E26000BEB91D /* RZAutolayoutLabel.h */,
				BC13498F1C60E26000BEB91D /* RZAutolayoutLabel.m */,
				BC1349961C60E26000BEB91D /* ZDFileManager.h */,
				BC1349971C60E26000BEB91D /* ZDFileManager.m */,
				BC13499E1C60E26000BEB91D /* ZDProxy.h */,
				BC13499F1C60E26000BEB91D /* ZDProxy.m */,
				BC1349981C60E26000BEB91D /* ZDFunction.h */,
				BC1349991C60E26000BEB91D /* ZDFunction.m */,
				BC13499A1C60E26000BEB91D /* ZDSafe.h */,
				BC13499B1C60E26000BEB91D /* ZDSafe.m */,
				BC13499C1C60E26000BEB91D /* ZDTools.h */,
				BC13499D1C60E26000BEB91D /* ZDTools.m */,
				BCCE43B41D13B36600EAE5E3 /* ZDTextView.h */,
				BCCE43B51D13B36600EAE5E3 /* ZDTextView.m */,
				BCB0AB3F1CEDC50B00268D2A /* ZDActionLabel.h */,
				BCB0AB401CEDC50B00268D2A /* ZDActionLabel.m */,
				BCA675A41D7ED4C2009A3B49 /* ZDEdgeLabel.h */,
				BCA675A51D7ED4C2009A3B49 /* ZDEdgeLabel.m */,
				BC5A64191D6AF9EC004D8E3E /* uncrustify.cfg */,
			);
			path = ZDTools;
			sourceTree = "<group>";
		};
		BC13497F1C60E26000BEB91D /* NavigationBarTool */ = {
			isa = PBXGroup;
			children = (
				BC1349801C60E26000BEB91D /* BackButtonHandle */,
				BC1349871C60E26000BEB91D /* KMNavigationBarTransition */,
				BC10BEC71C8EA127006D4C17 /* ZDNavigationController.h */,
				BC10BEC81C8EA127006D4C17 /* ZDNavigationController.m */,
			);
			path = NavigationBarTool;
			sourceTree = "<group>";
		};
		BC1349801C60E26000BEB91D /* BackButtonHandle */ = {
			isa = PBXGroup;
			children = (
				BC1349811C60E26000BEB91D /* UINavigationController+ZDPop.h */,
				BC1349821C60E26000BEB91D /* UINavigationController+ZDPop.m */,
				BC1349831C60E26000BEB91D /* UIViewController+ZDBackButtonHandler.h */,
				BC1349841C60E26000BEB91D /* UIViewController+ZDBackButtonHandler.m */,
				BC1349851C60E26000BEB91D /* UIViewController+ZDPop.h */,
				BC1349861C60E26000BEB91D /* UIViewController+ZDPop.m */,
			);
			path = BackButtonHandle;
			sourceTree = "<group>";
		};
		BC1349871C60E26000BEB91D /* KMNavigationBarTransition */ = {
			isa = PBXGroup;
			children = (
				BC1349881C60E26000BEB91D /* UINavigationController+KMNavigationBarTransition.h */,
				BC1349891C60E26000BEB91D /* UINavigationController+KMNavigationBarTransition.m */,
				BC13498A1C60E26000BEB91D /* UIViewController+KMNavigationBarTransition.h */,
				BC13498B1C60E26000BEB91D /* UIViewController+KMNavigationBarTransition.m */,
			);
			path = KMNavigationBarTransition;
			sourceTree = "<group>";
		};
		BC1349901C60E26000BEB91D /* RZCollectionTableView */ = {
			isa = PBXGroup;
			children = (
				BC1349911C60E26000BEB91D /* RZCollectionTableView.h */,
				BC1349921C60E26000BEB91D /* RZCollectionTableView.m */,
				BC1349931C60E26000BEB91D /* RZCollectionTableView_Private.h */,
				BC1349941C60E26000BEB91D /* RZCollectionTableViewCell.h */,
				BC1349951C60E26000BEB91D /* RZCollectionTableViewCell.m */,
			);
			path = RZCollectionTableView;
			sourceTree = "<group>";
		};
/* End PBXGroup section */

/* Begin PBXNativeTarget section */
		05EC9C651C53CDC300BACFE9 /* ZDToolKitDemo */ = {
			isa = PBXNativeTarget;
			buildConfigurationList = 05EC9C931C53CDC300BACFE9 /* Build configuration list for PBXNativeTarget "ZDToolKitDemo" */;
			buildPhases = (
				5CBD86C18571BD66DB4D2A97 /* Check Pods Manifest.lock */,
				05EC9C621C53CDC300BACFE9 /* Sources */,
				05EC9C631C53CDC300BACFE9 /* Frameworks */,
				05EC9C641C53CDC300BACFE9 /* Resources */,
				A8439A1C6BCB6C9230D89C6B /* Copy Pods Resources */,
				EE567816CE99B5578D8E5A06 /* Embed Pods Frameworks */,
			);
			buildRules = (
			);
			dependencies = (
			);
			name = ZDToolKitDemo;
			productName = ZDToolKitDemo;
			productReference = 05EC9C661C53CDC300BACFE9 /* ZDToolKitDemo.app */;
			productType = "com.apple.product-type.application";
		};
		05EC9C7E1C53CDC300BACFE9 /* ZDToolKitDemoTests */ = {
			isa = PBXNativeTarget;
			buildConfigurationList = 05EC9C961C53CDC300BACFE9 /* Build configuration list for PBXNativeTarget "ZDToolKitDemoTests" */;
			buildPhases = (
				05EC9C7B1C53CDC300BACFE9 /* Sources */,
				05EC9C7C1C53CDC300BACFE9 /* Frameworks */,
				05EC9C7D1C53CDC300BACFE9 /* Resources */,
			);
			buildRules = (
			);
			dependencies = (
				05EC9C811C53CDC300BACFE9 /* PBXTargetDependency */,
			);
			name = ZDToolKitDemoTests;
			productName = ZDToolKitDemoTests;
			productReference = 05EC9C7F1C53CDC300BACFE9 /* ZDToolKitDemoTests.xctest */;
			productType = "com.apple.product-type.bundle.unit-test";
		};
		05EC9C891C53CDC300BACFE9 /* ZDToolKitDemoUITests */ = {
			isa = PBXNativeTarget;
			buildConfigurationList = 05EC9C991C53CDC300BACFE9 /* Build configuration list for PBXNativeTarget "ZDToolKitDemoUITests" */;
			buildPhases = (
				05EC9C861C53CDC300BACFE9 /* Sources */,
				05EC9C871C53CDC300BACFE9 /* Frameworks */,
				05EC9C881C53CDC300BACFE9 /* Resources */,
			);
			buildRules = (
			);
			dependencies = (
				05EC9C8C1C53CDC300BACFE9 /* PBXTargetDependency */,
			);
			name = ZDToolKitDemoUITests;
			productName = ZDToolKitDemoUITests;
			productReference = 05EC9C8A1C53CDC300BACFE9 /* ZDToolKitDemoUITests.xctest */;
			productType = "com.apple.product-type.bundle.ui-testing";
		};
/* End PBXNativeTarget section */

/* Begin PBXProject section */
		05EC9C5E1C53CDC300BACFE9 /* Project object */ = {
			isa = PBXProject;
			attributes = {
				CLASSPREFIX = "";
				LastUpgradeCheck = 0720;
				ORGANIZATIONNAME = Zero.D.Saber;
				TargetAttributes = {
					05EC9C651C53CDC300BACFE9 = {
						CreatedOnToolsVersion = 7.2;
						DevelopmentTeam = 9RX2YUH426;
					};
					05EC9C7E1C53CDC300BACFE9 = {
						CreatedOnToolsVersion = 7.2;
						TestTargetID = 05EC9C651C53CDC300BACFE9;
					};
					05EC9C891C53CDC300BACFE9 = {
						CreatedOnToolsVersion = 7.2;
						TestTargetID = 05EC9C651C53CDC300BACFE9;
					};
				};
			};
			buildConfigurationList = 05EC9C611C53CDC300BACFE9 /* Build configuration list for PBXProject "ZDToolKitDemo" */;
			compatibilityVersion = "Xcode 3.2";
			developmentRegion = English;
			hasScannedForEncodings = 0;
			knownRegions = (
				en,
				Base,
			);
			mainGroup = 05EC9C5D1C53CDC300BACFE9;
			productRefGroup = 05EC9C671C53CDC300BACFE9 /* Products */;
			projectDirPath = "";
			projectRoot = "";
			targets = (
				05EC9C651C53CDC300BACFE9 /* ZDToolKitDemo */,
				05EC9C7E1C53CDC300BACFE9 /* ZDToolKitDemoTests */,
				05EC9C891C53CDC300BACFE9 /* ZDToolKitDemoUITests */,
			);
		};
/* End PBXProject section */

/* Begin PBXResourcesBuildPhase section */
		05EC9C641C53CDC300BACFE9 /* Resources */ = {
			isa = PBXResourcesBuildPhase;
			buildActionMask = 2147483647;
			files = (
				BC5A641A1D6AF9EC004D8E3E /* uncrustify.cfg in Resources */,
				05EC9C791C53CDC300BACFE9 /* LaunchScreen.storyboard in Resources */,
				05EC9C761C53CDC300BACFE9 /* Assets.xcassets in Resources */,
				05EC9C741C53CDC300BACFE9 /* Main.storyboard in Resources */,
			);
			runOnlyForDeploymentPostprocessing = 0;
		};
		05EC9C7D1C53CDC300BACFE9 /* Resources */ = {
			isa = PBXResourcesBuildPhase;
			buildActionMask = 2147483647;
			files = (
			);
			runOnlyForDeploymentPostprocessing = 0;
		};
		05EC9C881C53CDC300BACFE9 /* Resources */ = {
			isa = PBXResourcesBuildPhase;
			buildActionMask = 2147483647;
			files = (
			);
			runOnlyForDeploymentPostprocessing = 0;
		};
/* End PBXResourcesBuildPhase section */

/* Begin PBXShellScriptBuildPhase section */
		5CBD86C18571BD66DB4D2A97 /* Check Pods Manifest.lock */ = {
			isa = PBXShellScriptBuildPhase;
			buildActionMask = 2147483647;
			files = (
			);
			inputPaths = (
			);
			name = "Check Pods Manifest.lock";
			outputPaths = (
			);
			runOnlyForDeploymentPostprocessing = 0;
			shellPath = /bin/sh;
			shellScript = "diff \"${PODS_ROOT}/../Podfile.lock\" \"${PODS_ROOT}/Manifest.lock\" > /dev/null\nif [[ $? != 0 ]] ; then\n    cat << EOM\nerror: The sandbox is not in sync with the Podfile.lock. Run 'pod install' or update your CocoaPods installation.\nEOM\n    exit 1\nfi\n";
			showEnvVarsInLog = 0;
		};
		A8439A1C6BCB6C9230D89C6B /* Copy Pods Resources */ = {
			isa = PBXShellScriptBuildPhase;
			buildActionMask = 2147483647;
			files = (
			);
			inputPaths = (
			);
			name = "Copy Pods Resources";
			outputPaths = (
			);
			runOnlyForDeploymentPostprocessing = 0;
			shellPath = /bin/sh;
			shellScript = "\"${SRCROOT}/Pods/Target Support Files/Pods/Pods-resources.sh\"\n";
			showEnvVarsInLog = 0;
		};
		EE567816CE99B5578D8E5A06 /* Embed Pods Frameworks */ = {
			isa = PBXShellScriptBuildPhase;
			buildActionMask = 2147483647;
			files = (
			);
			inputPaths = (
			);
			name = "Embed Pods Frameworks";
			outputPaths = (
			);
			runOnlyForDeploymentPostprocessing = 0;
			shellPath = /bin/sh;
			shellScript = "\"${SRCROOT}/Pods/Target Support Files/Pods/Pods-frameworks.sh\"\n";
			showEnvVarsInLog = 0;
		};
/* End PBXShellScriptBuildPhase section */

/* Begin PBXSourcesBuildPhase section */
		05EC9C621C53CDC300BACFE9 /* Sources */ = {
			isa = PBXSourcesBuildPhase;
			buildActionMask = 2147483647;
			files = (
				BC1349BB1C60E26000BEB91D /* UIImage+ZDUtility.m in Sources */,
				BC1349C01C60E26000BEB91D /* UIViewController+ZDUtility.m in Sources */,
				BC58778F1CBD073A00466FB8 /* NSMutableIndexSet+BlocksKit.m in Sources */,
				BC58778E1CBD073A00466FB8 /* NSMutableDictionary+BlocksKit.m in Sources */,
				BC1349B81C60E26000BEB91D /* NSString+ZDUtility.m in Sources */,
				BC5877891CBD073A00466FB8 /* NSDictionary+BlocksKit.m in Sources */,
				BC1349B61C60E26000BEB91D /* NSObject+RZBlockKVO.m in Sources */,
				BC1349BC1C60E26000BEB91D /* UIImageView+FaceAwareFill.m in Sources */,
				BC58779A1CBD073A00466FB8 /* UIGestureRecognizer+BlocksKit.m in Sources */,
				BC5877971CBD073A00466FB8 /* NSSet+BlocksKit.m in Sources */,
				BC1349D31C60E26000BEB91D /* ZDProxy.m in Sources */,
				BC1349CE1C60E26000BEB91D /* RZCollectionTableViewCell.m in Sources */,
				BC1349A31C60E26000BEB91D /* UIView+RZAutoLayoutHelpers.m in Sources */,
				05B5D1B31CEE1153000CC089 /* TwoViewController.m in Sources */,
				BC5877991CBD073A00466FB8 /* UIControl+BlocksKit.m in Sources */,
				BC5877911CBD073A00466FB8 /* NSMutableSet+BlocksKit.m in Sources */,
				BC1349A11C60E26000BEB91D /* UIView+AutoLayout.m in Sources */,
				05B5D1B01CECC9F7000CC089 /* UIControl+ZDUtility.m in Sources */,
				BC1349B51C60E26000BEB91D /* NSObject+DLIntrospection.m in Sources */,
				055A578E1D430A1F00E52C7C /* UIView+draggable.m in Sources */,
				BC5877941CBD073A00466FB8 /* NSObject+BKBlockExecution.m in Sources */,
				05EC9C711C53CDC300BACFE9 /* ViewController.m in Sources */,
				BCCE43B61D13B36600EAE5E3 /* ZDTextView.m in Sources */,
				BC1349CD1C60E26000BEB91D /* RZCollectionTableView.m in Sources */,
				BC58778C1CBD073A00466FB8 /* NSMapTable+BlocksKit.m in Sources */,
				BC1349BD1C60E26000BEB91D /* UIImageView+ZDUtility.m in Sources */,
				BC1349C21C60E26000BEB91D /* JRSwizzle.m in Sources */,
				BC58778D1CBD073A00466FB8 /* NSMutableArray+BlocksKit.m in Sources */,
				BC1349A21C60E26000BEB91D /* UIView+FDCollapsibleConstraints.m in Sources */,
				BC1349CB1C60E26000BEB91D /* OnePasswordExtension.m in Sources */,
				BC1349CC1C60E26000BEB91D /* RZAutolayoutLabel.m in Sources */,
				BC1349A01C60E26000BEB91D /* UIView+AutoFlowLayout.m in Sources */,
				BC1349BA1C60E26000BEB91D /* UIColor+ZDUtility.m in Sources */,
				BC5877921CBD073A00466FB8 /* NSNumber+BlocksKit.m in Sources */,
				BC1349C61C60E26000BEB91D /* UINavigationController+ZDPop.m in Sources */,
				BC1349BE1C60E26000BEB91D /* UIView+RZBorders.m in Sources */,
				BCB0AB411CEDC50B00268D2A /* ZDActionLabel.m in Sources */,
				BC5877881CBD073A00466FB8 /* NSArray+BlocksKit.m in Sources */,
				05EC9C6E1C53CDC300BACFE9 /* AppDelegate.m in Sources */,
				BCFAB7B21C9D129500E453DC /* NSObject+ZDRuntime.m in Sources */,
				BC1349C51C60E26000BEB91D /* MAKVONotificationCenter.m in Sources */,
				BC5877931CBD073A00466FB8 /* NSObject+BKAssociatedObjects.m in Sources */,
				BCFAB7AF1C9CFDE800E453DC /* UILabel+ZDUtility.m in Sources */,
				BC1349D11C60E26000BEB91D /* ZDSafe.m in Sources */,
				05DA93931CDCF62600DEE384 /* UITextView+ZDUtility.m in Sources */,
				BC1349C31C60E26000BEB91D /* NOBRuntime.m in Sources */,
				BC5877961CBD073A00466FB8 /* NSOrderedSet+BlocksKit.m in Sources */,
				BC1349CA1C60E26000BEB91D /* UIViewController+KMNavigationBarTransition.m in Sources */,
				BCC003AA1D6D4AD4008971F6 /* WKWebView+ZDExtend.m in Sources */,
				BCA675A61D7ED4C2009A3B49 /* ZDEdgeLabel.m in Sources */,
				BC5877951CBD073A00466FB8 /* NSObject+BKBlockObservation.m in Sources */,
				BC5877901CBD073A00466FB8 /* NSMutableOrderedSet+BlocksKit.m in Sources */,
				BC10BEC91C8EA127006D4C17 /* ZDNavigationController.m in Sources */,
				BC1349BF1C60E26000BEB91D /* UIView+ZDUtility.m in Sources */,
				BC3A9A921D544D5800F446EE /* NSInvocation+Block.m in Sources */,
				BC1349B91C60E26000BEB91D /* UIButton+ZDUtility.m in Sources */,
				BC1349D21C60E26000BEB91D /* ZDTools.m in Sources */,
				BC58778B1CBD073A00466FB8 /* NSInvocation+BlocksKit.m in Sources */,
				BC1349CF1C60E26000BEB91D /* ZDFileManager.m in Sources */,
				BC1349C71C60E26000BEB91D /* UIViewController+ZDBackButtonHandler.m in Sources */,
				05EC9C6B1C53CDC300BACFE9 /* main.m in Sources */,
				BC5877981CBD073A00466FB8 /* NSTimer+BlocksKit.m in Sources */,
				BC1349C81C60E26000BEB91D /* UIViewController+ZDPop.m in Sources */,
				BC1349C91C60E26000BEB91D /* UINavigationController+KMNavigationBarTransition.m in Sources */,
				BCE9474F1CA2A3E9006A4AAE /* NSObject+ZDUtility.m in Sources */,
				BC1349D01C60E26000BEB91D /* ZDFunction.m in Sources */,
				BC58778A1CBD073A00466FB8 /* NSIndexSet+BlocksKit.m in Sources */,
				BC1349C11C60E26000BEB91D /* UIWebView+ZDExtend.m in Sources */,
				BC1349B41C60E26000BEB91D /* NSArray+ZDExtend.m in Sources */,
				BC002CF71CFE842900292CCC /* NSObject+JKAutoCoding.m in Sources */,
			);
			runOnlyForDeploymentPostprocessing = 0;
		};
		05EC9C7B1C53CDC300BACFE9 /* Sources */ = {
			isa = PBXSourcesBuildPhase;
			buildActionMask = 2147483647;
			files = (
				05EC9C841C53CDC300BACFE9 /* ZDToolKitDemoTests.m in Sources */,
			);
			runOnlyForDeploymentPostprocessing = 0;
		};
		05EC9C861C53CDC300BACFE9 /* Sources */ = {
			isa = PBXSourcesBuildPhase;
			buildActionMask = 2147483647;
			files = (
				05EC9C8F1C53CDC300BACFE9 /* ZDToolKitDemoUITests.m in Sources */,
			);
			runOnlyForDeploymentPostprocessing = 0;
		};
/* End PBXSourcesBuildPhase section */

/* Begin PBXTargetDependency section */
		05EC9C811C53CDC300BACFE9 /* PBXTargetDependency */ = {
			isa = PBXTargetDependency;
			target = 05EC9C651C53CDC300BACFE9 /* ZDToolKitDemo */;
			targetProxy = 05EC9C801C53CDC300BACFE9 /* PBXContainerItemProxy */;
		};
		05EC9C8C1C53CDC300BACFE9 /* PBXTargetDependency */ = {
			isa = PBXTargetDependency;
			target = 05EC9C651C53CDC300BACFE9 /* ZDToolKitDemo */;
			targetProxy = 05EC9C8B1C53CDC300BACFE9 /* PBXContainerItemProxy */;
		};
/* End PBXTargetDependency section */

/* Begin PBXVariantGroup section */
		05EC9C721C53CDC300BACFE9 /* Main.storyboard */ = {
			isa = PBXVariantGroup;
			children = (
				05EC9C731C53CDC300BACFE9 /* Base */,
			);
			name = Main.storyboard;
			sourceTree = "<group>";
		};
		05EC9C771C53CDC300BACFE9 /* LaunchScreen.storyboard */ = {
			isa = PBXVariantGroup;
			children = (
				05EC9C781C53CDC300BACFE9 /* Base */,
			);
			name = LaunchScreen.storyboard;
			sourceTree = "<group>";
		};
/* End PBXVariantGroup section */

/* Begin XCBuildConfiguration section */
		05EC9C911C53CDC300BACFE9 /* Debug */ = {
			isa = XCBuildConfiguration;
			buildSettings = {
				ALWAYS_SEARCH_USER_PATHS = NO;
				CLANG_CXX_LANGUAGE_STANDARD = "gnu++0x";
				CLANG_CXX_LIBRARY = "libc++";
				CLANG_ENABLE_MODULES = YES;
				CLANG_ENABLE_OBJC_ARC = YES;
				CLANG_WARN_BOOL_CONVERSION = YES;
				CLANG_WARN_CONSTANT_CONVERSION = YES;
				CLANG_WARN_DIRECT_OBJC_ISA_USAGE = YES_ERROR;
				CLANG_WARN_EMPTY_BODY = YES;
				CLANG_WARN_ENUM_CONVERSION = YES;
				CLANG_WARN_INT_CONVERSION = YES;
				CLANG_WARN_OBJC_ROOT_CLASS = YES_ERROR;
				CLANG_WARN_UNREACHABLE_CODE = YES;
				CLANG_WARN__DUPLICATE_METHOD_MATCH = YES;
				"CODE_SIGN_IDENTITY[sdk=iphoneos*]" = "iPhone Developer";
				COPY_PHASE_STRIP = NO;
				DEBUG_INFORMATION_FORMAT = dwarf;
				ENABLE_STRICT_OBJC_MSGSEND = YES;
				ENABLE_TESTABILITY = YES;
				GCC_C_LANGUAGE_STANDARD = gnu99;
				GCC_DYNAMIC_NO_PIC = NO;
				GCC_NO_COMMON_BLOCKS = YES;
				GCC_OPTIMIZATION_LEVEL = 0;
				GCC_PREPROCESSOR_DEFINITIONS = (
					"DEBUG=1",
					"$(inherited)",
				);
				GCC_WARN_64_TO_32_BIT_CONVERSION = YES;
				GCC_WARN_ABOUT_RETURN_TYPE = YES_ERROR;
				GCC_WARN_UNDECLARED_SELECTOR = YES;
				GCC_WARN_UNINITIALIZED_AUTOS = YES_AGGRESSIVE;
				GCC_WARN_UNUSED_FUNCTION = YES;
				GCC_WARN_UNUSED_VARIABLE = YES;
				IPHONEOS_DEPLOYMENT_TARGET = 9.2;
				MTL_ENABLE_DEBUG_INFO = YES;
				ONLY_ACTIVE_ARCH = YES;
				SDKROOT = iphoneos;
				TARGETED_DEVICE_FAMILY = "1,2";
			};
			name = Debug;
		};
		05EC9C921C53CDC300BACFE9 /* Release */ = {
			isa = XCBuildConfiguration;
			buildSettings = {
				ALWAYS_SEARCH_USER_PATHS = NO;
				CLANG_CXX_LANGUAGE_STANDARD = "gnu++0x";
				CLANG_CXX_LIBRARY = "libc++";
				CLANG_ENABLE_MODULES = YES;
				CLANG_ENABLE_OBJC_ARC = YES;
				CLANG_WARN_BOOL_CONVERSION = YES;
				CLANG_WARN_CONSTANT_CONVERSION = YES;
				CLANG_WARN_DIRECT_OBJC_ISA_USAGE = YES_ERROR;
				CLANG_WARN_EMPTY_BODY = YES;
				CLANG_WARN_ENUM_CONVERSION = YES;
				CLANG_WARN_INT_CONVERSION = YES;
				CLANG_WARN_OBJC_ROOT_CLASS = YES_ERROR;
				CLANG_WARN_UNREACHABLE_CODE = YES;
				CLANG_WARN__DUPLICATE_METHOD_MATCH = YES;
				"CODE_SIGN_IDENTITY[sdk=iphoneos*]" = "iPhone Developer";
				COPY_PHASE_STRIP = NO;
				DEBUG_INFORMATION_FORMAT = "dwarf-with-dsym";
				ENABLE_NS_ASSERTIONS = NO;
				ENABLE_STRICT_OBJC_MSGSEND = YES;
				GCC_C_LANGUAGE_STANDARD = gnu99;
				GCC_NO_COMMON_BLOCKS = YES;
				GCC_WARN_64_TO_32_BIT_CONVERSION = YES;
				GCC_WARN_ABOUT_RETURN_TYPE = YES_ERROR;
				GCC_WARN_UNDECLARED_SELECTOR = YES;
				GCC_WARN_UNINITIALIZED_AUTOS = YES_AGGRESSIVE;
				GCC_WARN_UNUSED_FUNCTION = YES;
				GCC_WARN_UNUSED_VARIABLE = YES;
				IPHONEOS_DEPLOYMENT_TARGET = 9.2;
				MTL_ENABLE_DEBUG_INFO = NO;
				SDKROOT = iphoneos;
				TARGETED_DEVICE_FAMILY = "1,2";
				VALIDATE_PRODUCT = YES;
			};
			name = Release;
		};
		05EC9C941C53CDC300BACFE9 /* Debug */ = {
			isa = XCBuildConfiguration;
			baseConfigurationReference = C6DA40A502271BE759216C8F /* Pods.debug.xcconfig */;
			buildSettings = {
				ASSETCATALOG_COMPILER_APPICON_NAME = AppIcon;
				CODE_SIGN_IDENTITY = "iPhone Developer";
				DEVELOPMENT_TEAM = 9RX2YUH426;
				INFOPLIST_FILE = ZDToolKitDemo/Info.plist;
				IPHONEOS_DEPLOYMENT_TARGET = 8.0;
				LD_RUNPATH_SEARCH_PATHS = "$(inherited) @executable_path/Frameworks";
				PRODUCT_BUNDLE_IDENTIFIER = ZD.ZDToolKitDemo;
				PRODUCT_NAME = "$(TARGET_NAME)";
			};
			name = Debug;
		};
		05EC9C951C53CDC300BACFE9 /* Release */ = {
			isa = XCBuildConfiguration;
			baseConfigurationReference = 0BB03F39B2E15BAA99ED0C8B /* Pods.release.xcconfig */;
			buildSettings = {
				ASSETCATALOG_COMPILER_APPICON_NAME = AppIcon;
				CODE_SIGN_IDENTITY = "iPhone Developer";
				DEVELOPMENT_TEAM = 9RX2YUH426;
				INFOPLIST_FILE = ZDToolKitDemo/Info.plist;
				IPHONEOS_DEPLOYMENT_TARGET = 8.0;
				LD_RUNPATH_SEARCH_PATHS = "$(inherited) @executable_path/Frameworks";
				PRODUCT_BUNDLE_IDENTIFIER = ZD.ZDToolKitDemo;
				PRODUCT_NAME = "$(TARGET_NAME)";
			};
			name = Release;
		};
		05EC9C971C53CDC300BACFE9 /* Debug */ = {
			isa = XCBuildConfiguration;
			buildSettings = {
				BUNDLE_LOADER = "$(TEST_HOST)";
				INFOPLIST_FILE = ZDToolKitDemoTests/Info.plist;
				LD_RUNPATH_SEARCH_PATHS = "$(inherited) @executable_path/Frameworks @loader_path/Frameworks";
				PRODUCT_BUNDLE_IDENTIFIER = ZD.ZDToolKitDemoTests;
				PRODUCT_NAME = "$(TARGET_NAME)";
				TEST_HOST = "$(BUILT_PRODUCTS_DIR)/ZDToolKitDemo.app/ZDToolKitDemo";
			};
			name = Debug;
		};
		05EC9C981C53CDC300BACFE9 /* Release */ = {
			isa = XCBuildConfiguration;
			buildSettings = {
				BUNDLE_LOADER = "$(TEST_HOST)";
				INFOPLIST_FILE = ZDToolKitDemoTests/Info.plist;
				LD_RUNPATH_SEARCH_PATHS = "$(inherited) @executable_path/Frameworks @loader_path/Frameworks";
				PRODUCT_BUNDLE_IDENTIFIER = ZD.ZDToolKitDemoTests;
				PRODUCT_NAME = "$(TARGET_NAME)";
				TEST_HOST = "$(BUILT_PRODUCTS_DIR)/ZDToolKitDemo.app/ZDToolKitDemo";
			};
			name = Release;
		};
		05EC9C9A1C53CDC300BACFE9 /* Debug */ = {
			isa = XCBuildConfiguration;
			buildSettings = {
				INFOPLIST_FILE = ZDToolKitDemoUITests/Info.plist;
				LD_RUNPATH_SEARCH_PATHS = "$(inherited) @executable_path/Frameworks @loader_path/Frameworks";
				PRODUCT_BUNDLE_IDENTIFIER = ZD.ZDToolKitDemoUITests;
				PRODUCT_NAME = "$(TARGET_NAME)";
				TEST_TARGET_NAME = ZDToolKitDemo;
				USES_XCTRUNNER = YES;
			};
			name = Debug;
		};
		05EC9C9B1C53CDC300BACFE9 /* Release */ = {
			isa = XCBuildConfiguration;
			buildSettings = {
				INFOPLIST_FILE = ZDToolKitDemoUITests/Info.plist;
				LD_RUNPATH_SEARCH_PATHS = "$(inherited) @executable_path/Frameworks @loader_path/Frameworks";
				PRODUCT_BUNDLE_IDENTIFIER = ZD.ZDToolKitDemoUITests;
				PRODUCT_NAME = "$(TARGET_NAME)";
				TEST_TARGET_NAME = ZDToolKitDemo;
				USES_XCTRUNNER = YES;
			};
			name = Release;
		};
/* End XCBuildConfiguration section */

/* Begin XCConfigurationList section */
		05EC9C611C53CDC300BACFE9 /* Build configuration list for PBXProject "ZDToolKitDemo" */ = {
			isa = XCConfigurationList;
			buildConfigurations = (
				05EC9C911C53CDC300BACFE9 /* Debug */,
				05EC9C921C53CDC300BACFE9 /* Release */,
			);
			defaultConfigurationIsVisible = 0;
			defaultConfigurationName = Release;
		};
		05EC9C931C53CDC300BACFE9 /* Build configuration list for PBXNativeTarget "ZDToolKitDemo" */ = {
			isa = XCConfigurationList;
			buildConfigurations = (
				05EC9C941C53CDC300BACFE9 /* Debug */,
				05EC9C951C53CDC300BACFE9 /* Release */,
			);
			defaultConfigurationIsVisible = 0;
			defaultConfigurationName = Release;
		};
		05EC9C961C53CDC300BACFE9 /* Build configuration list for PBXNativeTarget "ZDToolKitDemoTests" */ = {
			isa = XCConfigurationList;
			buildConfigurations = (
				05EC9C971C53CDC300BACFE9 /* Debug */,
				05EC9C981C53CDC300BACFE9 /* Release */,
			);
			defaultConfigurationIsVisible = 0;
			defaultConfigurationName = Release;
		};
		05EC9C991C53CDC300BACFE9 /* Build configuration list for PBXNativeTarget "ZDToolKitDemoUITests" */ = {
			isa = XCConfigurationList;
			buildConfigurations = (
				05EC9C9A1C53CDC300BACFE9 /* Debug */,
				05EC9C9B1C53CDC300BACFE9 /* Release */,
			);
			defaultConfigurationIsVisible = 0;
			defaultConfigurationName = Release;
		};
/* End XCConfigurationList section */
	};
	rootObject = 05EC9C5E1C53CDC300BACFE9 /* Project object */;
}
