PODS:
  - SDWebImage (5.15.8):
    - SDWebImage/Core (= 5.15.8)
  - SDWebImage/Core (5.15.8)
  - ZDToolKit (0.0.5):
    - ZDToolKit/ZDAutoLayout (= 0.0.5)
    - ZDToolKit/ZDCategory (= 0.0.5)
    - ZDToolKit/ZDDebug (= 0.0.5)
    - ZDToolKit/ZDMacros (= 0.0.5)
    - ZDToolKit/ZDMRC (= 0.0.5)
    - ZDToolKit/ZDRuntime (= 0.0.5)
    - ZDToolKit/ZDSubclass (= 0.0.5)
    - ZDToolKit/ZDTools (= 0.0.5)
  - ZDToolKit/ZDAutoLayout (0.0.5)
  - ZDToolKit/ZDCategory (0.0.5):
    - ZDToolKit/ZDCategory/Foundation (= 0.0.5)
    - ZDToolKit/ZDCategory/UIKit (= 0.0.5)
    - ZDToolKit/ZDMacros
  - ZDToolKit/ZDCategory/Foundation (0.0.5):
    - ZDToolKit/ZDMacros
  - ZDToolKit/ZDCategory/UIKit (0.0.5):
    - ZDToolKit/ZDMacros
    - ZDToolKit/ZDTools/ZDProxy
  - ZDToolKit/ZDDebug (0.0.5)
  - ZDToolKit/ZDMacros (0.0.5)
  - ZDToolKit/ZDMRC (0.0.5)
  - ZDToolKit/ZDRuntime (0.0.5)
  - ZDToolKit/ZDSubclass (0.0.5):
    - ZDToolKit/ZDTools/ZDProxy
  - ZDToolKit/ZDTools (0.0.5):
    - ZDToolKit/ZDTools/ProtocolKit (= 0.0.5)
    - ZDToolKit/ZDTools/ZDPromise (= 0.0.5)
    - ZDToolKit/ZDTools/ZDProxy (= 0.0.5)
  - ZDToolKit/ZDTools/ProtocolKit (0.0.5)
  - ZDToolKit/ZDTools/ZDPromise (0.0.5)
  - ZDToolKit/ZDTools/ZDProxy (0.0.5)

DEPENDENCIES:
  - SDWebImage
  - ZDToolKit (from `../`)

SPEC REPOS:
  trunk:
    - SDWebImage

EXTERNAL SOURCES:
  ZDToolKit:
    :path: "../"

SPEC CHECKSUMS:
  SDWebImage: cb032eba469c54e0000e78bcb0a13cdde0a52798
  ZDToolKit: b05a3511d2f346b194dc9ef5b86b9d8736fcd200

PODFILE CHECKSUM: b3af353a37d92ddc62c2c535a15f0b9cfbcfa50f

COCOAPODS: 1.12.1
